{
  "version": 4,
  "terraform_version": "1.5.7",
  "serial": 63,
  "lineage": "c14d0330-2957-e577-7f0b-579e61ad5f91",
  "outputs": {},
  "resources": [
    {
      "module": "module.eks_project",
      "mode": "data",
      "type": "aws_caller_identity",
      "name": "current",
      "provider": "module.eks_project.provider[\"registry.terraform.io/hashicorp/aws\"]",
      "instances": [
        {
          "schema_version": 0,
          "attributes": {
            "account_id": "058264138725",
            "arn": "arn:aws:iam::058264138725:user/devops",
            "id": "058264138725",
            "user_id": "AIDAQ3EGQGPS6BTLYHNA6"
          },
          "sensitive_attributes": []
        }
      ]
    },
    {
      "module": "module.eks_project",
      "mode": "data",
      "type": "aws_iam_policy_document",
      "name": "vpc_cni_ipv6",
      "provider": "module.eks_project.provider[\"registry.terraform.io/hashicorp/aws\"]",
      "instances": [
        {
          "index_key": 0,
          "schema_version": 0,
          "attributes": {
            "id": "141523611",
            "json": "{\n  \"Version\": \"2012-10-17\",\n  \"Statement\": [\n    {\n      \"Effect\": \"Allow\",\n      \"Action\": [\n        \"ec2:DescribeTags\",\n        \"ec2:DescribeNetworkInterfaces\",\n        \"ec2:DescribeInstances\",\n        \"ec2:DescribeInstanceTypes\",\n        \"ec2:AssignIpv6Addresses\"\n      ],\n      \"Resource\": \"*\"\n    },\n    {\n      \"Effect\": \"Allow\",\n      \"Action\": \"ec2:CreateTags\",\n      \"Resource\": \"arn:aws:ec2:*:*:network-interface/*\"\n    }\n  ]\n}",
            "minified_json": "{\"Version\":\"2012-10-17\",\"Statement\":[{\"Effect\":\"Allow\",\"Action\":[\"ec2:DescribeTags\",\"ec2:DescribeNetworkInterfaces\",\"ec2:DescribeInstances\",\"ec2:DescribeInstanceTypes\",\"ec2:AssignIpv6Addresses\"],\"Resource\":\"*\"},{\"Effect\":\"Allow\",\"Action\":\"ec2:CreateTags\",\"Resource\":\"arn:aws:ec2:*:*:network-interface/*\"}]}",
            "override_json": null,
            "override_policy_documents": null,
            "policy_id": null,
            "source_json": null,
            "source_policy_documents": null,
            "statement": [
              {
                "actions": [
                  "ec2:AssignIpv6Addresses",
                  "ec2:DescribeInstanceTypes",
                  "ec2:DescribeInstances",
                  "ec2:DescribeNetworkInterfaces",
                  "ec2:DescribeTags"
                ],
                "condition": [],
                "effect": "Allow",
                "not_actions": [],
                "not_principals": [],
                "not_resources": [],
                "principals": [],
                "resources": [
                  "*"
                ],
                "sid": ""
              },
              {
                "actions": [
                  "ec2:CreateTags"
                ],
                "condition": [],
                "effect": "Allow",
                "not_actions": [],
                "not_principals": [],
                "not_resources": [],
                "principals": [],
                "resources": [
                  "arn:aws:ec2:*:*:network-interface/*"
                ],
                "sid": ""
              }
            ],
            "version": "2012-10-17"
          },
          "sensitive_attributes": []
        }
      ]
    },
    {
      "module": "module.eks_project",
      "mode": "data",
      "type": "aws_iam_session_context",
      "name": "current",
      "provider": "module.eks_project.provider[\"registry.terraform.io/hashicorp/aws\"]",
      "instances": [
        {
          "schema_version": 0,
          "attributes": {
            "arn": "arn:aws:iam::058264138725:user/devops",
            "id": "arn:aws:iam::058264138725:user/devops",
            "issuer_arn": "arn:aws:iam::058264138725:user/devops",
            "issuer_id": "",
            "issuer_name": "",
            "session_name": ""
          },
          "sensitive_attributes": []
        }
      ]
    },
    {
      "module": "module.eks_project",
      "mode": "managed",
      "type": "aws_iam_role_policy_attachment",
      "name": "vpc_cni",
      "provider": "module.eks_project.provider[\"registry.terraform.io/hashicorp/aws\"]",
      "instances": [
        {
          "index_key": 0,
          "schema_version": 0,
          "attributes": {
            "id": "barkuni-dev-eks-aws-node@kube-system-20240729150135843800000004",
            "policy_arn": "arn:aws:iam::aws:policy/AmazonEKS_CNI_Policy",
            "role": "barkuni-dev-eks-aws-node@kube-system"
          },
          "sensitive_attributes": [],
          "private": "bnVsbA==",
          "dependencies": [
            "module.eks_project.module.eks_cluster.aws_cloudwatch_log_group.default",
            "module.eks_project.module.eks_cluster.aws_eks_cluster.default",
            "module.eks_project.module.eks_cluster.aws_iam_role.default",
            "module.eks_project.module.eks_cluster.aws_iam_role_policy_attachment.amazon_eks_cluster_policy",
            "module.eks_project.module.eks_cluster.aws_iam_role_policy_attachment.amazon_eks_service_policy",
            "module.eks_project.module.eks_cluster.aws_iam_role_policy_attachment.cluster_elb_service_role",
            "module.eks_project.module.eks_cluster.aws_kms_alias.cluster",
            "module.eks_project.module.eks_cluster.aws_kms_key.cluster",
            "module.eks_project.module.subnets.aws_eip.default",
            "module.eks_project.module.subnets.aws_eip_association.nat_instance",
            "module.eks_project.module.subnets.aws_instance.nat_instance",
            "module.eks_project.module.subnets.aws_nat_gateway.default",
            "module.eks_project.module.subnets.aws_network_acl.private",
            "module.eks_project.module.subnets.aws_network_acl.public",
            "module.eks_project.module.subnets.aws_network_acl_rule.private4_egress",
            "module.eks_project.module.subnets.aws_network_acl_rule.private4_ingress",
            "module.eks_project.module.subnets.aws_network_acl_rule.private6_egress",
            "module.eks_project.module.subnets.aws_network_acl_rule.private6_ingress",
            "module.eks_project.module.subnets.aws_network_acl_rule.public4_egress",
            "module.eks_project.module.subnets.aws_network_acl_rule.public4_ingress",
            "module.eks_project.module.subnets.aws_network_acl_rule.public6_egress",
            "module.eks_project.module.subnets.aws_network_acl_rule.public6_ingress",
            "module.eks_project.module.subnets.aws_route.nat4",
            "module.eks_project.module.subnets.aws_route.nat_instance",
            "module.eks_project.module.subnets.aws_route.private6",
            "module.eks_project.module.subnets.aws_route.private_nat64",
            "module.eks_project.module.subnets.aws_route.public",
            "module.eks_project.module.subnets.aws_route.public6",
            "module.eks_project.module.subnets.aws_route.public_nat64",
            "module.eks_project.module.subnets.aws_route_table.private",
            "module.eks_project.module.subnets.aws_route_table.public",
            "module.eks_project.module.subnets.aws_route_table_association.private",
            "module.eks_project.module.subnets.aws_route_table_association.public",
            "module.eks_project.module.subnets.aws_security_group.nat_instance",
            "module.eks_project.module.subnets.aws_security_group_rule.nat_instance_egress",
            "module.eks_project.module.subnets.aws_security_group_rule.nat_instance_ingress",
            "module.eks_project.module.subnets.aws_subnet.private",
            "module.eks_project.module.subnets.aws_subnet.public",
            "module.eks_project.module.subnets.data.aws_ami.nat_instance",
            "module.eks_project.module.subnets.data.aws_availability_zones.default",
            "module.eks_project.module.subnets.data.aws_eip.nat",
            "module.eks_project.module.subnets.data.aws_vpc.default",
            "module.eks_project.module.subnets.module.utils.data.aws_iam_policy_document.by_account",
            "module.eks_project.module.subnets.module.utils.data.aws_iam_policy_document.by_region",
            "module.eks_project.module.subnets.module.utils.data.aws_regions.complete",
            "module.eks_project.module.subnets.module.utils.data.aws_regions.default",
            "module.eks_project.module.subnets.module.utils.data.aws_regions.not_opted_in",
            "module.eks_project.module.subnets.module.utils.data.aws_regions.opted_in",
            "module.eks_project.module.vpc.aws_internet_gateway.default",
            "module.eks_project.module.vpc.aws_vpc.default",
            "module.eks_project.module.vpc_cni_eks_iam_role.aws_iam_role.service_account",
            "module.eks_project.module.vpc_cni_eks_iam_role.data.aws_caller_identity.current",
            "module.eks_project.module.vpc_cni_eks_iam_role.data.aws_iam_policy_document.service_account_assume_role"
          ]
        }
      ]
    },
    {
      "module": "module.eks_project.module.eks_cluster",
      "mode": "data",
      "type": "aws_iam_policy_document",
      "name": "assume_role",
      "provider": "module.eks_project.provider[\"registry.terraform.io/hashicorp/aws\"]",
      "instances": [
        {
          "index_key": 0,
          "schema_version": 0,
          "attributes": {
            "id": "3552664922",
            "json": "{\n  \"Version\": \"2012-10-17\",\n  \"Statement\": [\n    {\n      \"Effect\": \"Allow\",\n      \"Action\": \"sts:AssumeRole\",\n      \"Principal\": {\n        \"Service\": \"eks.amazonaws.com\"\n      }\n    }\n  ]\n}",
            "minified_json": "{\"Version\":\"2012-10-17\",\"Statement\":[{\"Effect\":\"Allow\",\"Action\":\"sts:AssumeRole\",\"Principal\":{\"Service\":\"eks.amazonaws.com\"}}]}",
            "override_json": null,
            "override_policy_documents": null,
            "policy_id": null,
            "source_json": null,
            "source_policy_documents": null,
            "statement": [
              {
                "actions": [
                  "sts:AssumeRole"
                ],
                "condition": [],
                "effect": "Allow",
                "not_actions": [],
                "not_principals": [],
                "not_resources": [],
                "principals": [
                  {
                    "identifiers": [
                      "eks.amazonaws.com"
                    ],
                    "type": "Service"
                  }
                ],
                "resources": [],
                "sid": ""
              }
            ],
            "version": "2012-10-17"
          },
          "sensitive_attributes": []
        }
      ]
    },
    {
      "module": "module.eks_project.module.eks_cluster",
      "mode": "data",
      "type": "aws_iam_policy_document",
      "name": "cluster_elb_service_role",
      "provider": "module.eks_project.provider[\"registry.terraform.io/hashicorp/aws\"]",
      "instances": [
        {
          "index_key": 0,
          "schema_version": 0,
          "attributes": {
            "id": "3773311921",
            "json": "{\n  \"Version\": \"2012-10-17\",\n  \"Statement\": [\n    {\n      \"Sid\": \"AllowElasticLoadBalancer\",\n      \"Effect\": \"Allow\",\n      \"Action\": [\n        \"elasticloadbalancing:SetSubnets\",\n        \"elasticloadbalancing:SetIpAddressType\",\n        \"ec2:DescribeInternetGateways\",\n        \"ec2:DescribeAddresses\",\n        \"ec2:DescribeAccountAttributes\"\n      ],\n      \"Resource\": \"*\"\n    },\n    {\n      \"Sid\": \"DenyCreateLogGroup\",\n      \"Effect\": \"Deny\",\n      \"Action\": \"logs:CreateLogGroup\",\n      \"Resource\": \"*\"\n    }\n  ]\n}",
            "minified_json": "{\"Version\":\"2012-10-17\",\"Statement\":[{\"Sid\":\"AllowElasticLoadBalancer\",\"Effect\":\"Allow\",\"Action\":[\"elasticloadbalancing:SetSubnets\",\"elasticloadbalancing:SetIpAddressType\",\"ec2:DescribeInternetGateways\",\"ec2:DescribeAddresses\",\"ec2:DescribeAccountAttributes\"],\"Resource\":\"*\"},{\"Sid\":\"DenyCreateLogGroup\",\"Effect\":\"Deny\",\"Action\":\"logs:CreateLogGroup\",\"Resource\":\"*\"}]}",
            "override_json": null,
            "override_policy_documents": null,
            "policy_id": null,
            "source_json": null,
            "source_policy_documents": null,
            "statement": [
              {
                "actions": [
                  "ec2:DescribeAccountAttributes",
                  "ec2:DescribeAddresses",
                  "ec2:DescribeInternetGateways",
                  "elasticloadbalancing:SetIpAddressType",
                  "elasticloadbalancing:SetSubnets"
                ],
                "condition": [],
                "effect": "Allow",
                "not_actions": [],
                "not_principals": [],
                "not_resources": [],
                "principals": [],
                "resources": [
                  "*"
                ],
                "sid": "AllowElasticLoadBalancer"
              },
              {
                "actions": [
                  "logs:CreateLogGroup"
                ],
                "condition": [],
                "effect": "Deny",
                "not_actions": [],
                "not_principals": [],
                "not_resources": [],
                "principals": [],
                "resources": [
                  "*"
                ],
                "sid": "DenyCreateLogGroup"
              }
            ],
            "version": "2012-10-17"
          },
          "sensitive_attributes": []
        }
      ]
    },
    {
      "module": "module.eks_project.module.eks_cluster",
      "mode": "data",
      "type": "aws_partition",
      "name": "current",
      "provider": "module.eks_project.provider[\"registry.terraform.io/hashicorp/aws\"]",
      "instances": [
        {
          "index_key": 0,
          "schema_version": 0,
          "attributes": {
            "dns_suffix": "amazonaws.com",
            "id": "aws",
            "partition": "aws",
            "reverse_dns_prefix": "com.amazonaws"
          },
          "sensitive_attributes": []
        }
      ]
    },
    {
      "module": "module.eks_project.module.eks_cluster",
      "mode": "data",
      "type": "tls_certificate",
      "name": "cluster",
      "provider": "provider[\"registry.terraform.io/hashicorp/tls\"]",
      "instances": [
        {
          "index_key": 0,
          "schema_version": 0,
          "attributes": {
            "certificates": [
              {
                "cert_pem": "-----BEGIN CERTIFICATE-----\nMIIEdTCCA12gAwIBAgIJAKcOSkw0grd/MA0GCSqGSIb3DQEBCwUAMGgxCzAJBgNV\nBAYTAlVTMSUwIwYDVQQKExxTdGFyZmllbGQgVGVjaG5vbG9naWVzLCBJbmMuMTIw\nMAYDVQQLEylTdGFyZmllbGQgQ2xhc3MgMiBDZXJ0aWZpY2F0aW9uIEF1dGhvcml0\neTAeFw0wOTA5MDIwMDAwMDBaFw0zNDA2MjgxNzM5MTZaMIGYMQswCQYDVQQGEwJV\nUzEQMA4GA1UECBMHQXJpem9uYTETMBEGA1UEBxMKU2NvdHRzZGFsZTElMCMGA1UE\nChMcU3RhcmZpZWxkIFRlY2hub2xvZ2llcywgSW5jLjE7MDkGA1UEAxMyU3RhcmZp\nZWxkIFNlcnZpY2VzIFJvb3QgQ2VydGlmaWNhdGUgQXV0aG9yaXR5IC0gRzIwggEi\nMA0GCSqGSIb3DQEBAQUAA4IBDwAwggEKAoIBAQDVDDrEKvlO4vW+GZdfjohTsR8/\ny8+fIBNtKTrID30892t2OGPZNmCom15cAICyL1l/9of5JUOG52kbUpqQ4XHj2C0N\nTm/2yEnZtvMaVq4rtnQU68/7JuMauh2WLmo7WJSJR1b/JaCTcFOD2oR0FMNnngRo\nOt+OQFodSk7PQ5E751bWAHDLUu57fa4657wx+UX2wmDPE1kCK4DMNEffud6QZW0C\nzyyRpqbn3oUYSXxmTqM6bam17jQuug0DuDPfR+uxa40l2ZvOgdFFRjKWcIfeAg5J\nQ4W2bHO7ZOphQazJ1FTfhy/HIrImzJ9ZVGif/L4qL8RVHHVAYBeFAlU5i38FAgMB\nAAGjgfAwge0wDwYDVR0TAQH/BAUwAwEB/zAOBgNVHQ8BAf8EBAMCAYYwHQYDVR0O\nBBYEFJxfAN+qAdcwKziIorhtSpzyEZGDMB8GA1UdIwQYMBaAFL9ft9HO3R+G9FtV\nrNzXEMIOqYjnME8GCCsGAQUFBwEBBEMwQTAcBggrBgEFBQcwAYYQaHR0cDovL28u\nc3MyLnVzLzAhBggrBgEFBQcwAoYVaHR0cDovL3guc3MyLnVzL3guY2VyMCYGA1Ud\nHwQfMB0wG6AZoBeGFWh0dHA6Ly9zLnNzMi51cy9yLmNybDARBgNVHSAECjAIMAYG\nBFUdIAAwDQYJKoZIhvcNAQELBQADggEBACMd44pXyn3pF3lM8R5V/cxTbj5HD9/G\nVfKyBDbtgB9TxF00KGu+x1X8Z+rLP3+QsjPNG1gQggL4+C/1E2DUBc7xgQjB3ad1\nl08YuW3e95ORCLp+QCztweq7dp4zBncdDQh/U90bZKuCJ/Fp1U1ervShw3WnWEQt\n8jxwmKy6abaVd38PMV4s/KCHOkdp8Hlf9BRUpJVeEXgSYCfOn8J3/yNTd126/+pZ\n59vPr5KW7ySaNRB6nJHGDn2Z9j8Z3/VyVOEVqQdZe4O/Ui5GjLIAZHYcSNPYeehu\nVsyuLAOQ1xk4meTKCRlb/weWsKh/NEnfVqn3sF/tM+2MR7cwA130A4w=\n-----END CERTIFICATE-----\n",
                "is_ca": true,
                "issuer": "OU=Starfield Class 2 Certification Authority,O=Starfield Technologies\\, Inc.,C=US",
                "not_after": "2034-06-28T17:39:16Z",
                "not_before": "2009-09-02T00:00:00Z",
                "public_key_algorithm": "RSA",
                "serial_number": "12037640545166866303",
                "sha1_fingerprint": "9e99a48a9960b14926bb7f3b02e22da2b0ab7280",
                "signature_algorithm": "SHA256-RSA",
                "subject": "CN=Starfield Services Root Certificate Authority - G2,O=Starfield Technologies\\, Inc.,L=Scottsdale,ST=Arizona,C=US",
                "version": 3
              },
              {
                "cert_pem": "-----BEGIN CERTIFICATE-----\nMIIEkjCCA3qgAwIBAgITBn+USionzfP6wq4rAfkI7rnExjANBgkqhkiG9w0BAQsF\nADCBmDELMAkGA1UEBhMCVVMxEDAOBgNVBAgTB0FyaXpvbmExEzARBgNVBAcTClNj\nb3R0c2RhbGUxJTAjBgNVBAoTHFN0YXJmaWVsZCBUZWNobm9sb2dpZXMsIEluYy4x\nOzA5BgNVBAMTMlN0YXJmaWVsZCBTZXJ2aWNlcyBSb290IENlcnRpZmljYXRlIEF1\ndGhvcml0eSAtIEcyMB4XDTE1MDUyNTEyMDAwMFoXDTM3MTIzMTAxMDAwMFowOTEL\nMAkGA1UEBhMCVVMxDzANBgNVBAoTBkFtYXpvbjEZMBcGA1UEAxMQQW1hem9uIFJv\nb3QgQ0EgMTCCASIwDQYJKoZIhvcNAQEBBQADggEPADCCAQoCggEBALJ4gHHKeNXj\nca9HgFB0fW7Y14h29Jlo91ghYPl0hAEvrAIthtOgQ3pOsqTQNroBvo3bSMgHFzZM\n9O6II8c+6zf1tRn4SWiw3te5djgdYZ6k/oI2peVKVuRF4fn9tBb6dNqcmzU5L/qw\nIFAGbHrQgLKm+a/sRxmPUDgH3KKHOVj4utWp+UhnMJbulHheb4mjUcAwhmahRWa6\nVOujw5H5SNz/0egwLX0tdHA114gk957EWW67c4cX8jJGKLhD+rcdqsq08p8kDi1L\n93FcXmn/6pUCyziKrlA4b9v7LWIbxcceVOF34GfID5yHI9Y/QCB/IIDEgEw+OyQm\njgSubJrIqg0CAwEAAaOCATEwggEtMA8GA1UdEwEB/wQFMAMBAf8wDgYDVR0PAQH/\nBAQDAgGGMB0GA1UdDgQWBBSEGMyFNOy8DJSULghZnMeyEE4KCDAfBgNVHSMEGDAW\ngBScXwDfqgHXMCs4iKK4bUqc8hGRgzB4BggrBgEFBQcBAQRsMGowLgYIKwYBBQUH\nMAGGImh0dHA6Ly9vY3NwLnJvb3RnMi5hbWF6b250cnVzdC5jb20wOAYIKwYBBQUH\nMAKGLGh0dHA6Ly9jcnQucm9vdGcyLmFtYXpvbnRydXN0LmNvbS9yb290ZzIuY2Vy\nMD0GA1UdHwQ2MDQwMqAwoC6GLGh0dHA6Ly9jcmwucm9vdGcyLmFtYXpvbnRydXN0\nLmNvbS9yb290ZzIuY3JsMBEGA1UdIAQKMAgwBgYEVR0gADANBgkqhkiG9w0BAQsF\nAAOCAQEAYjdCXLwQtT6LLOkMm2xF4gcAevnFWAu5CIw+7bMlPLVvUOTNNWqnkzSW\nMiGpSESrnO09tKpzbeR/FoCJbM8oAxiDR3mjEH4wW6w7sGDgd9QIpuEdfF7Au/ma\neyKdpwAJfqxGF4PcnCZXmTA5YpaP7dreqsXMGz7KQ2hsVxa81Q4gLv7/wmpdLqBK\nbRRYh5TmOTFffHPLkIhqhBGWJ6bt2YFGpn6jcgAKUj6DiAdjd4lpFw85hdKrCEVN\n0FE6/V1dN2RMfjCyVSRCnTawXZwXgWHxyvkQAiSr6w10kY17RSlQOYiypok1JR4U\nakcjMS9cmvqtmg5iUaQqqcT5NJ0hGA==\n-----END CERTIFICATE-----\n",
                "is_ca": true,
                "issuer": "CN=Starfield Services Root Certificate Authority - G2,O=Starfield Technologies\\, Inc.,L=Scottsdale,ST=Arizona,C=US",
                "not_after": "2037-12-31T01:00:00Z",
                "not_before": "2015-05-25T12:00:00Z",
                "public_key_algorithm": "RSA",
                "serial_number": "144918191876577076464031512351042010504348870",
                "sha1_fingerprint": "06b25927c42a721631c1efd9431e648fa62e1e39",
                "signature_algorithm": "SHA256-RSA",
                "subject": "CN=Amazon Root CA 1,O=Amazon,C=US",
                "version": 3
              },
              {
                "cert_pem": "-----BEGIN CERTIFICATE-----\nMIIEXjCCA0agAwIBAgITB3MSSkvL1E7HtTvq8ZSELToPoTANBgkqhkiG9w0BAQsF\nADA5MQswCQYDVQQGEwJVUzEPMA0GA1UEChMGQW1hem9uMRkwFwYDVQQDExBBbWF6\nb24gUm9vdCBDQSAxMB4XDTIyMDgyMzIyMjUzMFoXDTMwMDgyMzIyMjUzMFowPDEL\nMAkGA1UEBhMCVVMxDzANBgNVBAoTBkFtYXpvbjEcMBoGA1UEAxMTQW1hem9uIFJT\nQSAyMDQ4IE0wMjCCASIwDQYJKoZIhvcNAQEBBQADggEPADCCAQoCggEBALtDGMZa\nqHneKei1by6+pUPPLljTB143Si6VpEWPc6mSkFhZb/6qrkZyoHlQLbDYnI2D7hD0\nsdzEqfnuAjIsuXQLG3A8TvX6V3oFNBFVe8NlLJHvBseKY88saLwufxkZVwk74g4n\nWlNMXzla9Y5F3wwRHwMVH443xGz6UtGSZSqQ94eFx5X7Tlqt8whi8qCaKdZ5rNak\n+r9nUThOeClqFd4oXych//Rc7Y0eX1KNWHYSI1Nk31mYgiK3JvH063g+K9tHA63Z\neTgKgndlh+WI+zv7i44HepRZjA1FYwYZ9Vv/9UkC5Yz8/yU65fgjaE+wVHM4e/Yy\nC2osrPWE7gJ+dXMCAwEAAaOCAVowggFWMBIGA1UdEwEB/wQIMAYBAf8CAQAwDgYD\nVR0PAQH/BAQDAgGGMB0GA1UdJQQWMBQGCCsGAQUFBwMBBggrBgEFBQcDAjAdBgNV\nHQ4EFgQUwDFSzVpQw4J8dHHOy+mc+XrrguIwHwYDVR0jBBgwFoAUhBjMhTTsvAyU\nlC4IWZzHshBOCggwewYIKwYBBQUHAQEEbzBtMC8GCCsGAQUFBzABhiNodHRwOi8v\nb2NzcC5yb290Y2ExLmFtYXpvbnRydXN0LmNvbTA6BggrBgEFBQcwAoYuaHR0cDov\nL2NydC5yb290Y2ExLmFtYXpvbnRydXN0LmNvbS9yb290Y2ExLmNlcjA/BgNVHR8E\nODA2MDSgMqAwhi5odHRwOi8vY3JsLnJvb3RjYTEuYW1hem9udHJ1c3QuY29tL3Jv\nb3RjYTEuY3JsMBMGA1UdIAQMMAowCAYGZ4EMAQIBMA0GCSqGSIb3DQEBCwUAA4IB\nAQAtTi6Fs0Azfi+iwm7jrz+CSxHH+uHl7Law3MQSXVtR8RV53PtR6r/6gNpqlzdo\nZq4FKbADi1v9Bun8RY8D51uedRfjsbeodizeBB8nXmeyD33Ep7VATj4ozcd31YFV\nfgRhvTSxNrrTlNpWkUk0m3BMPv8sg381HhA6uEYokE5q9uws/3YkKqRiEz3TsaWm\nJqIRZhMbgAfp7O7FUwFIb7UIspogZSKxPIWJpxiPo3TcBambbVtQOcNRWz5qCQdD\nslI2yayq0n2TXoHyNCLEH8rpsJRVILFsg0jc7BaFrMnF462+ajSehgj12IidNeRN\n4zl+EoNaWdpnWndvSpAEkq2P\n-----END CERTIFICATE-----\n",
                "is_ca": true,
                "issuer": "CN=Amazon Root CA 1,O=Amazon,C=US",
                "not_after": "2030-08-23T22:25:30Z",
                "not_before": "2022-08-23T22:25:30Z",
                "public_key_algorithm": "RSA",
                "serial_number": "166129353110899469622597955040406457904926625",
                "sha1_fingerprint": "414a2060b738c635cc7fc243e052615592830c53",
                "signature_algorithm": "SHA256-RSA",
                "subject": "CN=Amazon RSA 2048 M02,O=Amazon,C=US",
                "version": 3
              },
              {
                "cert_pem": "-----BEGIN CERTIFICATE-----\nMIIF5TCCBM2gAwIBAgIQCJL9XGbawpZ6IsGGvDqdyDANBgkqhkiG9w0BAQsFADA8\nMQswCQYDVQQGEwJVUzEPMA0GA1UEChMGQW1hem9uMRwwGgYDVQQDExNBbWF6b24g\nUlNBIDIwNDggTTAyMB4XDTI0MDMyODAwMDAwMFoXDTI1MDQyNjIzNTk1OVowKDEm\nMCQGA1UEAwwdKi5la3MudXMtZWFzdC0xLmFtYXpvbmF3cy5jb20wggEiMA0GCSqG\nSIb3DQEBAQUAA4IBDwAwggEKAoIBAQC4iVpgxjgOmMKdC2tYTHa9yzuuLdYCjpC6\nxN1VgI71uTiSxUGf6R3N/Rdk5vjz2COu3fsVgMh6cCpqrPlxU/5uP0/DFfQGdVxB\nbZ4vYRC9jIbgyKmwqOEJMD/9B3iGHz3KpBpnXDcuulqWsCtuuqxjnMLL4h1UdOeA\nPNwhOyQxKMHl+LfrCZeCuehKch+XM/8lhdKgYyLp8o1Nm7IsNG1aN6iNoZ6rxEyU\nVw6fV+pZDaIrxkYf7unQrAfUWR122pXGzWRtv5VGZLjrci8ev4ZpgGViIzb2LOqT\nFm8gde6aURlAm4uMDFzmZ/iOqEV+52vO9Z0E6Yo5M3dJZqQo7uUpAgMBAAGjggL1\nMIIC8TAfBgNVHSMEGDAWgBTAMVLNWlDDgnx0cc7L6Zz5euuC4jAdBgNVHQ4EFgQU\nhG1ZDKa76htLZVXP+E3P3GnYHjEwKAYDVR0RBCEwH4IdKi5la3MudXMtZWFzdC0x\nLmFtYXpvbmF3cy5jb20wEwYDVR0gBAwwCjAIBgZngQwBAgEwDgYDVR0PAQH/BAQD\nAgWgMB0GA1UdJQQWMBQGCCsGAQUFBwMBBggrBgEFBQcDAjA7BgNVHR8ENDAyMDCg\nLqAshipodHRwOi8vY3JsLnIybTAyLmFtYXpvbnRydXN0LmNvbS9yMm0wMi5jcmww\ndQYIKwYBBQUHAQEEaTBnMC0GCCsGAQUFBzABhiFodHRwOi8vb2NzcC5yMm0wMi5h\nbWF6b250cnVzdC5jb20wNgYIKwYBBQUHMAKGKmh0dHA6Ly9jcnQucjJtMDIuYW1h\nem9udHJ1c3QuY29tL3IybTAyLmNlcjAMBgNVHRMBAf8EAjAAMIIBfQYKKwYBBAHW\neQIEAgSCAW0EggFpAWcAdgDPEVbu1S58r/OHW9lpLpvpGnFnSrAX7KwB0lt3zsw7\nCAAAAY6HAoTcAAAEAwBHMEUCIHI392+k5Ds777nM4CwNr+xjjCr49CQ/vHIJDZJX\nokM7AiEA++VPDyyMLijPy0GR8ZBIvAcrYbjfJXTF3GkizeJLVJIAdgB9WR4S4Xgq\nexxhZ3xe/fjQh1wUoE6VnrkDL9kOjC55uAAAAY6HAoTeAAAEAwBHMEUCICBkhMaf\n9gdR3bCbLxXFbHNEXUh7t3P/SxaUKDcE6UmIAiEA25zZ9aBt/mrhDcMc155V8qnw\nadTEqttLdP4XMEmMsPAAdQDm0jFjQHeMwRBBBtdxuc7B0kD2loSG+7qHMh39HjeO\nUAAAAY6HAoTxAAAEAwBGMEQCIFFF4kpqcNgHFzRi2cnL4HbNApZlnlc+Re9IyYXi\nCldqAiBkZUgs12iu2uWGU97VUAICt2+zZkhjUV3i+O3kYh1yrTANBgkqhkiG9w0B\nAQsFAAOCAQEAWY5OxR7rWtYFS09xAYYIHlBF7wdUxQH60zi/IqAHZIRCFI1xHdsJ\n0BUv30lLyiGtVr4DheBo81/IErBRpXmSkdoDJA+5d/Jz3EFtbrVogjESALAgBfSG\nuJX0QLshjyTl9O2r00qkxIhbKmSPSl9JQVxqt2jTaB6pD3SjWX6U+l397Ns1L6pI\nb1418oVo7LeHwEeEx6APMIyjzlfcXdCHA6lVKeiNF8SH+QW+h6ZOpGXJIU6llBjg\nWAhscqrGRj1APpuKWGVkVCweAjIOcEuWV8Fqmfp1h9jmeUkG6SoBifrl41PvhK0o\nqQ3LlAF6Op6n7JLa2rlXkf6LienZDVlSuQ==\n-----END CERTIFICATE-----\n",
                "is_ca": false,
                "issuer": "CN=Amazon RSA 2048 M02,O=Amazon,C=US",
                "not_after": "2025-04-26T23:59:59Z",
                "not_before": "2024-03-28T00:00:00Z",
                "public_key_algorithm": "RSA",
                "serial_number": "11397038078078022747295509550808604104",
                "sha1_fingerprint": "9451ad2b53c7f41fab22886cc07d482085336561",
                "signature_algorithm": "SHA256-RSA",
                "subject": "CN=*.eks.us-east-1.amazonaws.com",
                "version": 3
              }
            ],
            "content": null,
            "id": "99d41e43229a4cdaf4141f3e8310e6d95c31dab9",
            "url": "https://oidc.eks.us-east-1.amazonaws.com/id/F657A1D9C6EA2F658C1BED01A5E81B49",
            "verify_chain": true
          },
          "sensitive_attributes": []
        }
      ]
    },
    {
      "module": "module.eks_project.module.eks_cluster",
      "mode": "managed",
      "type": "aws_cloudwatch_log_group",
      "name": "default",
      "provider": "module.eks_project.provider[\"registry.terraform.io/hashicorp/aws\"]",
      "instances": [
        {
          "index_key": 0,
          "schema_version": 0,
          "attributes": {
            "arn": "arn:aws:logs:us-east-1:058264138725:log-group:/aws/eks/barkuni-dev-eks-cluster/cluster",
            "id": "/aws/eks/barkuni-dev-eks-cluster/cluster",
            "kms_key_id": "",
            "log_group_class": "STANDARD",
            "name": "/aws/eks/barkuni-dev-eks-cluster/cluster",
            "name_prefix": "",
            "retention_in_days": 7,
            "skip_destroy": false,
            "tags": {
              "Attributes": "cluster",
              "Name": "barkuni-dev-eks-cluster",
              "Namespace": "barkuni",
              "Stage": "dev"
            },
            "tags_all": {
              "Attributes": "cluster",
              "Name": "barkuni-dev-eks-cluster",
              "Namespace": "barkuni",
              "Stage": "dev"
            }
          },
          "sensitive_attributes": [],
          "private": "bnVsbA==",
          "create_before_destroy": true
        }
      ]
    },
    {
      "module": "module.eks_project.module.eks_cluster",
      "mode": "managed",
      "type": "aws_eks_access_entry",
      "name": "map",
      "provider": "module.eks_project.provider[\"registry.terraform.io/hashicorp/aws\"]",
      "instances": [
        {
          "index_key": "arn:aws:iam::058264138725:user/devops",
          "schema_version": 0,
          "attributes": {
            "access_entry_arn": "arn:aws:eks:us-east-1:058264138725:access-entry/barkuni-dev-eks-cluster/user/058264138725/devops/9ac87f81-6af1-dcc1-205c-58e397ef099f",
            "cluster_name": "barkuni-dev-eks-cluster",
            "created_at": "2024-07-29T15:01:34Z",
            "id": "barkuni-dev-eks-cluster:arn:aws:iam::058264138725:user/devops",
            "kubernetes_groups": [],
            "modified_at": "2024-07-29T15:01:34Z",
            "principal_arn": "arn:aws:iam::058264138725:user/devops",
            "tags": {
              "Name": "barkuni-dev-eks",
              "Namespace": "barkuni",
              "Stage": "dev"
            },
            "tags_all": {
              "Name": "barkuni-dev-eks",
              "Namespace": "barkuni",
              "Stage": "dev"
            },
            "timeouts": null,
            "type": "STANDARD",
            "user_name": "arn:aws:iam::058264138725:user/devops"
          },
          "sensitive_attributes": [],
          "private": "eyJlMmJmYjczMC1lY2FhLTExZTYtOGY4OC0zNDM2M2JjN2M0YzAiOnsiY3JlYXRlIjo2MDAwMDAwMDAwMDAsImRlbGV0ZSI6NjAwMDAwMDAwMDAwfX0=",
          "dependencies": [
            "module.eks_project.data.aws_iam_session_context.current",
            "module.eks_project.module.eks_cluster.aws_cloudwatch_log_group.default",
            "module.eks_project.module.eks_cluster.aws_eks_cluster.default",
            "module.eks_project.module.eks_cluster.aws_iam_role.default",
            "module.eks_project.module.eks_cluster.aws_iam_role_policy_attachment.amazon_eks_cluster_policy",
            "module.eks_project.module.eks_cluster.aws_iam_role_policy_attachment.amazon_eks_service_policy",
            "module.eks_project.module.eks_cluster.aws_iam_role_policy_attachment.cluster_elb_service_role",
            "module.eks_project.module.eks_cluster.aws_kms_alias.cluster",
            "module.eks_project.module.eks_cluster.aws_kms_key.cluster",
            "module.eks_project.module.subnets.aws_eip.default",
            "module.eks_project.module.subnets.aws_eip_association.nat_instance",
            "module.eks_project.module.subnets.aws_instance.nat_instance",
            "module.eks_project.module.subnets.aws_nat_gateway.default",
            "module.eks_project.module.subnets.aws_network_acl.private",
            "module.eks_project.module.subnets.aws_network_acl.public",
            "module.eks_project.module.subnets.aws_network_acl_rule.private4_egress",
            "module.eks_project.module.subnets.aws_network_acl_rule.private4_ingress",
            "module.eks_project.module.subnets.aws_network_acl_rule.private6_egress",
            "module.eks_project.module.subnets.aws_network_acl_rule.private6_ingress",
            "module.eks_project.module.subnets.aws_network_acl_rule.public4_egress",
            "module.eks_project.module.subnets.aws_network_acl_rule.public4_ingress",
            "module.eks_project.module.subnets.aws_network_acl_rule.public6_egress",
            "module.eks_project.module.subnets.aws_network_acl_rule.public6_ingress",
            "module.eks_project.module.subnets.aws_route.nat4",
            "module.eks_project.module.subnets.aws_route.nat_instance",
            "module.eks_project.module.subnets.aws_route.private6",
            "module.eks_project.module.subnets.aws_route.private_nat64",
            "module.eks_project.module.subnets.aws_route.public",
            "module.eks_project.module.subnets.aws_route.public6",
            "module.eks_project.module.subnets.aws_route.public_nat64",
            "module.eks_project.module.subnets.aws_route_table.private",
            "module.eks_project.module.subnets.aws_route_table.public",
            "module.eks_project.module.subnets.aws_route_table_association.private",
            "module.eks_project.module.subnets.aws_route_table_association.public",
            "module.eks_project.module.subnets.aws_security_group.nat_instance",
            "module.eks_project.module.subnets.aws_security_group_rule.nat_instance_egress",
            "module.eks_project.module.subnets.aws_security_group_rule.nat_instance_ingress",
            "module.eks_project.module.subnets.aws_subnet.private",
            "module.eks_project.module.subnets.aws_subnet.public",
            "module.eks_project.module.subnets.data.aws_ami.nat_instance",
            "module.eks_project.module.subnets.data.aws_availability_zones.default",
            "module.eks_project.module.subnets.data.aws_eip.nat",
            "module.eks_project.module.subnets.data.aws_vpc.default",
            "module.eks_project.module.subnets.module.utils.data.aws_iam_policy_document.by_account",
            "module.eks_project.module.subnets.module.utils.data.aws_iam_policy_document.by_region",
            "module.eks_project.module.subnets.module.utils.data.aws_regions.complete",
            "module.eks_project.module.subnets.module.utils.data.aws_regions.default",
            "module.eks_project.module.subnets.module.utils.data.aws_regions.not_opted_in",
            "module.eks_project.module.subnets.module.utils.data.aws_regions.opted_in",
            "module.eks_project.module.vpc.aws_internet_gateway.default",
            "module.eks_project.module.vpc.aws_vpc.default"
          ]
        }
      ]
    },
    {
      "module": "module.eks_project.module.eks_cluster",
      "mode": "managed",
      "type": "aws_eks_access_policy_association",
      "name": "map",
      "provider": "module.eks_project.provider[\"registry.terraform.io/hashicorp/aws\"]",
      "instances": [
        {
          "index_key": "arn:aws:iam::058264138725:user/devops-arn:aws:eks::aws:cluster-access-policy/AmazonEKSClusterAdminPolicy",
          "schema_version": 0,
          "attributes": {
            "access_scope": [
              {
                "namespaces": null,
                "type": "cluster"
              }
            ],
            "associated_at": "2024-07-29 15:01:35.757 +0000 UTC",
            "cluster_name": "barkuni-dev-eks-cluster",
            "id": "barkuni-dev-eks-cluster#arn:aws:iam::058264138725:user/devops#arn:aws:eks::aws:cluster-access-policy/AmazonEKSClusterAdminPolicy",
            "modified_at": "2024-07-29 15:01:35.757 +0000 UTC",
            "policy_arn": "arn:aws:eks::aws:cluster-access-policy/AmazonEKSClusterAdminPolicy",
            "principal_arn": "arn:aws:iam::058264138725:user/devops",
            "timeouts": null
          },
          "sensitive_attributes": [],
          "private": "eyJlMmJmYjczMC1lY2FhLTExZTYtOGY4OC0zNDM2M2JjN2M0YzAiOnsiY3JlYXRlIjo2MDAwMDAwMDAwMDAsImRlbGV0ZSI6NjAwMDAwMDAwMDAwfX0=",
          "dependencies": [
            "module.eks_project.data.aws_iam_session_context.current",
            "module.eks_project.module.eks_cluster.aws_cloudwatch_log_group.default",
            "module.eks_project.module.eks_cluster.aws_eks_cluster.default",
            "module.eks_project.module.eks_cluster.aws_iam_role.default",
            "module.eks_project.module.eks_cluster.aws_iam_role_policy_attachment.amazon_eks_cluster_policy",
            "module.eks_project.module.eks_cluster.aws_iam_role_policy_attachment.amazon_eks_service_policy",
            "module.eks_project.module.eks_cluster.aws_iam_role_policy_attachment.cluster_elb_service_role",
            "module.eks_project.module.eks_cluster.aws_kms_alias.cluster",
            "module.eks_project.module.eks_cluster.aws_kms_key.cluster",
            "module.eks_project.module.subnets.aws_eip.default",
            "module.eks_project.module.subnets.aws_eip_association.nat_instance",
            "module.eks_project.module.subnets.aws_instance.nat_instance",
            "module.eks_project.module.subnets.aws_nat_gateway.default",
            "module.eks_project.module.subnets.aws_network_acl.private",
            "module.eks_project.module.subnets.aws_network_acl.public",
            "module.eks_project.module.subnets.aws_network_acl_rule.private4_egress",
            "module.eks_project.module.subnets.aws_network_acl_rule.private4_ingress",
            "module.eks_project.module.subnets.aws_network_acl_rule.private6_egress",
            "module.eks_project.module.subnets.aws_network_acl_rule.private6_ingress",
            "module.eks_project.module.subnets.aws_network_acl_rule.public4_egress",
            "module.eks_project.module.subnets.aws_network_acl_rule.public4_ingress",
            "module.eks_project.module.subnets.aws_network_acl_rule.public6_egress",
            "module.eks_project.module.subnets.aws_network_acl_rule.public6_ingress",
            "module.eks_project.module.subnets.aws_route.nat4",
            "module.eks_project.module.subnets.aws_route.nat_instance",
            "module.eks_project.module.subnets.aws_route.private6",
            "module.eks_project.module.subnets.aws_route.private_nat64",
            "module.eks_project.module.subnets.aws_route.public",
            "module.eks_project.module.subnets.aws_route.public6",
            "module.eks_project.module.subnets.aws_route.public_nat64",
            "module.eks_project.module.subnets.aws_route_table.private",
            "module.eks_project.module.subnets.aws_route_table.public",
            "module.eks_project.module.subnets.aws_route_table_association.private",
            "module.eks_project.module.subnets.aws_route_table_association.public",
            "module.eks_project.module.subnets.aws_security_group.nat_instance",
            "module.eks_project.module.subnets.aws_security_group_rule.nat_instance_egress",
            "module.eks_project.module.subnets.aws_security_group_rule.nat_instance_ingress",
            "module.eks_project.module.subnets.aws_subnet.private",
            "module.eks_project.module.subnets.aws_subnet.public",
            "module.eks_project.module.subnets.data.aws_ami.nat_instance",
            "module.eks_project.module.subnets.data.aws_availability_zones.default",
            "module.eks_project.module.subnets.data.aws_eip.nat",
            "module.eks_project.module.subnets.data.aws_vpc.default",
            "module.eks_project.module.subnets.module.utils.data.aws_iam_policy_document.by_account",
            "module.eks_project.module.subnets.module.utils.data.aws_iam_policy_document.by_region",
            "module.eks_project.module.subnets.module.utils.data.aws_regions.complete",
            "module.eks_project.module.subnets.module.utils.data.aws_regions.default",
            "module.eks_project.module.subnets.module.utils.data.aws_regions.not_opted_in",
            "module.eks_project.module.subnets.module.utils.data.aws_regions.opted_in",
            "module.eks_project.module.vpc.aws_internet_gateway.default",
            "module.eks_project.module.vpc.aws_vpc.default"
          ]
        }
      ]
    },
    {
      "module": "module.eks_project.module.eks_cluster",
      "mode": "managed",
      "type": "aws_eks_addon",
      "name": "cluster",
      "provider": "module.eks_project.provider[\"registry.terraform.io/hashicorp/aws\"]",
      "instances": [
        {
          "index_key": "coredns",
          "schema_version": 0,
          "attributes": {
            "addon_name": "coredns",
            "addon_version": "v1.11.1-eksbuild.4",
            "arn": "arn:aws:eks:us-east-1:058264138725:addon/barkuni-dev-eks-cluster/coredns/76c87f82-8048-2a68-5236-686b7198fcea",
            "cluster_name": "barkuni-dev-eks-cluster",
            "configuration_values": "",
            "created_at": "2024-07-29T15:03:56Z",
            "id": "barkuni-dev-eks-cluster:coredns",
            "modified_at": "2024-07-29T15:04:10Z",
            "preserve": null,
            "resolve_conflicts": null,
            "resolve_conflicts_on_create": null,
            "resolve_conflicts_on_update": null,
            "service_account_role_arn": "",
            "tags": {
              "Attributes": "cluster",
              "Name": "barkuni-dev-eks-cluster",
              "Namespace": "barkuni",
              "Stage": "dev"
            },
            "tags_all": {
              "Attributes": "cluster",
              "Name": "barkuni-dev-eks-cluster",
              "Namespace": "barkuni",
              "Stage": "dev"
            },
            "timeouts": {
              "create": null,
              "delete": null,
              "update": null
            }
          },
          "sensitive_attributes": [],
          "private": "eyJlMmJmYjczMC1lY2FhLTExZTYtOGY4OC0zNDM2M2JjN2M0YzAiOnsiY3JlYXRlIjoxMjAwMDAwMDAwMDAwLCJkZWxldGUiOjI0MDAwMDAwMDAwMDAsInVwZGF0ZSI6MTIwMDAwMDAwMDAwMH19",
          "dependencies": [
            "module.eks_project.data.aws_iam_policy_document.vpc_cni_ipv6",
            "module.eks_project.module.eks_cluster.aws_cloudwatch_log_group.default",
            "module.eks_project.module.eks_cluster.aws_eks_cluster.default",
            "module.eks_project.module.eks_cluster.aws_iam_openid_connect_provider.default",
            "module.eks_project.module.eks_cluster.aws_iam_role.default",
            "module.eks_project.module.eks_cluster.aws_iam_role_policy_attachment.amazon_eks_cluster_policy",
            "module.eks_project.module.eks_cluster.aws_iam_role_policy_attachment.amazon_eks_service_policy",
            "module.eks_project.module.eks_cluster.aws_iam_role_policy_attachment.cluster_elb_service_role",
            "module.eks_project.module.eks_cluster.aws_kms_alias.cluster",
            "module.eks_project.module.eks_cluster.aws_kms_key.cluster",
            "module.eks_project.module.eks_cluster.data.tls_certificate.cluster",
            "module.eks_project.module.eks_node_group.aws_eks_node_group.cbd",
            "module.eks_project.module.eks_node_group.aws_eks_node_group.default",
            "module.eks_project.module.eks_node_group.aws_iam_policy.ipv6_eks_cni_policy",
            "module.eks_project.module.eks_node_group.aws_iam_role.default",
            "module.eks_project.module.eks_node_group.aws_iam_role_policy_attachment.amazon_ec2_container_registry_read_only",
            "module.eks_project.module.eks_node_group.aws_iam_role_policy_attachment.amazon_eks_worker_node_policy",
            "module.eks_project.module.eks_node_group.aws_iam_role_policy_attachment.existing_policies_for_eks_workers_role",
            "module.eks_project.module.eks_node_group.aws_iam_role_policy_attachment.ipv6_eks_cni_policy",
            "module.eks_project.module.eks_node_group.aws_launch_template.default",
            "module.eks_project.module.eks_node_group.data.aws_ami.selected",
            "module.eks_project.module.eks_node_group.data.aws_eks_cluster.this",
            "module.eks_project.module.eks_node_group.data.aws_iam_policy_document.assume_role",
            "module.eks_project.module.eks_node_group.data.aws_iam_policy_document.ipv6_eks_cni_policy",
            "module.eks_project.module.eks_node_group.data.aws_launch_template.this",
            "module.eks_project.module.eks_node_group.data.aws_partition.current",
            "module.eks_project.module.eks_node_group.module.ssh_access.aws_security_group.cbd",
            "module.eks_project.module.eks_node_group.module.ssh_access.aws_security_group.default",
            "module.eks_project.module.eks_node_group.module.ssh_access.aws_security_group_rule.dbc",
            "module.eks_project.module.eks_node_group.module.ssh_access.aws_security_group_rule.keyed",
            "module.eks_project.module.eks_node_group.module.ssh_access.null_resource.sync_rules_and_sg_lifecycles",
            "module.eks_project.module.eks_node_group.module.ssh_access.random_id.rule_change_forces_new_security_group",
            "module.eks_project.module.eks_node_group.random_pet.cbd",
            "module.eks_project.module.subnets.aws_eip.default",
            "module.eks_project.module.subnets.aws_eip_association.nat_instance",
            "module.eks_project.module.subnets.aws_instance.nat_instance",
            "module.eks_project.module.subnets.aws_nat_gateway.default",
            "module.eks_project.module.subnets.aws_network_acl.private",
            "module.eks_project.module.subnets.aws_network_acl.public",
            "module.eks_project.module.subnets.aws_network_acl_rule.private4_egress",
            "module.eks_project.module.subnets.aws_network_acl_rule.private4_ingress",
            "module.eks_project.module.subnets.aws_network_acl_rule.private6_egress",
            "module.eks_project.module.subnets.aws_network_acl_rule.private6_ingress",
            "module.eks_project.module.subnets.aws_network_acl_rule.public4_egress",
            "module.eks_project.module.subnets.aws_network_acl_rule.public4_ingress",
            "module.eks_project.module.subnets.aws_network_acl_rule.public6_egress",
            "module.eks_project.module.subnets.aws_network_acl_rule.public6_ingress",
            "module.eks_project.module.subnets.aws_route.nat4",
            "module.eks_project.module.subnets.aws_route.nat_instance",
            "module.eks_project.module.subnets.aws_route.private6",
            "module.eks_project.module.subnets.aws_route.private_nat64",
            "module.eks_project.module.subnets.aws_route.public",
            "module.eks_project.module.subnets.aws_route.public6",
            "module.eks_project.module.subnets.aws_route.public_nat64",
            "module.eks_project.module.subnets.aws_route_table.private",
            "module.eks_project.module.subnets.aws_route_table.public",
            "module.eks_project.module.subnets.aws_route_table_association.private",
            "module.eks_project.module.subnets.aws_route_table_association.public",
            "module.eks_project.module.subnets.aws_security_group.nat_instance",
            "module.eks_project.module.subnets.aws_security_group_rule.nat_instance_egress",
            "module.eks_project.module.subnets.aws_security_group_rule.nat_instance_ingress",
            "module.eks_project.module.subnets.aws_subnet.private",
            "module.eks_project.module.subnets.aws_subnet.public",
            "module.eks_project.module.subnets.data.aws_ami.nat_instance",
            "module.eks_project.module.subnets.data.aws_availability_zones.default",
            "module.eks_project.module.subnets.data.aws_eip.nat",
            "module.eks_project.module.subnets.data.aws_vpc.default",
            "module.eks_project.module.subnets.module.utils.data.aws_iam_policy_document.by_account",
            "module.eks_project.module.subnets.module.utils.data.aws_iam_policy_document.by_region",
            "module.eks_project.module.subnets.module.utils.data.aws_regions.complete",
            "module.eks_project.module.subnets.module.utils.data.aws_regions.default",
            "module.eks_project.module.subnets.module.utils.data.aws_regions.not_opted_in",
            "module.eks_project.module.subnets.module.utils.data.aws_regions.opted_in",
            "module.eks_project.module.vpc.aws_internet_gateway.default",
            "module.eks_project.module.vpc.aws_vpc.default",
            "module.eks_project.module.vpc_cni_eks_iam_role.aws_iam_policy.service_account",
            "module.eks_project.module.vpc_cni_eks_iam_role.aws_iam_role.service_account",
            "module.eks_project.module.vpc_cni_eks_iam_role.aws_iam_role_policy_attachment.service_account",
            "module.eks_project.module.vpc_cni_eks_iam_role.data.aws_caller_identity.current",
            "module.eks_project.module.vpc_cni_eks_iam_role.data.aws_iam_policy_document.service_account_assume_role"
          ]
        },
        {
          "index_key": "kube-proxy",
          "schema_version": 0,
          "attributes": {
            "addon_name": "kube-proxy",
            "addon_version": "v1.29.0-eksbuild.1",
            "arn": "arn:aws:eks:us-east-1:058264138725:addon/barkuni-dev-eks-cluster/kube-proxy/f6c87f82-8047-aba7-f945-9aad3b1e6fad",
            "cluster_name": "barkuni-dev-eks-cluster",
            "configuration_values": "",
            "created_at": "2024-07-29T15:03:56Z",
            "id": "barkuni-dev-eks-cluster:kube-proxy",
            "modified_at": "2024-07-29T15:04:03Z",
            "preserve": null,
            "resolve_conflicts": null,
            "resolve_conflicts_on_create": "OVERWRITE",
            "resolve_conflicts_on_update": "PRESERVE",
            "service_account_role_arn": "",
            "tags": {
              "Attributes": "cluster",
              "Name": "barkuni-dev-eks-cluster",
              "Namespace": "barkuni",
              "Stage": "dev"
            },
            "tags_all": {
              "Attributes": "cluster",
              "Name": "barkuni-dev-eks-cluster",
              "Namespace": "barkuni",
              "Stage": "dev"
            },
            "timeouts": {
              "create": null,
              "delete": null,
              "update": null
            }
          },
          "sensitive_attributes": [],
          "private": "eyJlMmJmYjczMC1lY2FhLTExZTYtOGY4OC0zNDM2M2JjN2M0YzAiOnsiY3JlYXRlIjoxMjAwMDAwMDAwMDAwLCJkZWxldGUiOjI0MDAwMDAwMDAwMDAsInVwZGF0ZSI6MTIwMDAwMDAwMDAwMH19",
          "dependencies": [
            "module.eks_project.data.aws_iam_policy_document.vpc_cni_ipv6",
            "module.eks_project.module.eks_cluster.aws_cloudwatch_log_group.default",
            "module.eks_project.module.eks_cluster.aws_eks_cluster.default",
            "module.eks_project.module.eks_cluster.aws_iam_openid_connect_provider.default",
            "module.eks_project.module.eks_cluster.aws_iam_role.default",
            "module.eks_project.module.eks_cluster.aws_iam_role_policy_attachment.amazon_eks_cluster_policy",
            "module.eks_project.module.eks_cluster.aws_iam_role_policy_attachment.amazon_eks_service_policy",
            "module.eks_project.module.eks_cluster.aws_iam_role_policy_attachment.cluster_elb_service_role",
            "module.eks_project.module.eks_cluster.aws_kms_alias.cluster",
            "module.eks_project.module.eks_cluster.aws_kms_key.cluster",
            "module.eks_project.module.eks_cluster.data.tls_certificate.cluster",
            "module.eks_project.module.eks_node_group.aws_eks_node_group.cbd",
            "module.eks_project.module.eks_node_group.aws_eks_node_group.default",
            "module.eks_project.module.eks_node_group.aws_iam_policy.ipv6_eks_cni_policy",
            "module.eks_project.module.eks_node_group.aws_iam_role.default",
            "module.eks_project.module.eks_node_group.aws_iam_role_policy_attachment.amazon_ec2_container_registry_read_only",
            "module.eks_project.module.eks_node_group.aws_iam_role_policy_attachment.amazon_eks_worker_node_policy",
            "module.eks_project.module.eks_node_group.aws_iam_role_policy_attachment.existing_policies_for_eks_workers_role",
            "module.eks_project.module.eks_node_group.aws_iam_role_policy_attachment.ipv6_eks_cni_policy",
            "module.eks_project.module.eks_node_group.aws_launch_template.default",
            "module.eks_project.module.eks_node_group.data.aws_ami.selected",
            "module.eks_project.module.eks_node_group.data.aws_eks_cluster.this",
            "module.eks_project.module.eks_node_group.data.aws_iam_policy_document.assume_role",
            "module.eks_project.module.eks_node_group.data.aws_iam_policy_document.ipv6_eks_cni_policy",
            "module.eks_project.module.eks_node_group.data.aws_launch_template.this",
            "module.eks_project.module.eks_node_group.data.aws_partition.current",
            "module.eks_project.module.eks_node_group.module.ssh_access.aws_security_group.cbd",
            "module.eks_project.module.eks_node_group.module.ssh_access.aws_security_group.default",
            "module.eks_project.module.eks_node_group.module.ssh_access.aws_security_group_rule.dbc",
            "module.eks_project.module.eks_node_group.module.ssh_access.aws_security_group_rule.keyed",
            "module.eks_project.module.eks_node_group.module.ssh_access.null_resource.sync_rules_and_sg_lifecycles",
            "module.eks_project.module.eks_node_group.module.ssh_access.random_id.rule_change_forces_new_security_group",
            "module.eks_project.module.eks_node_group.random_pet.cbd",
            "module.eks_project.module.subnets.aws_eip.default",
            "module.eks_project.module.subnets.aws_eip_association.nat_instance",
            "module.eks_project.module.subnets.aws_instance.nat_instance",
            "module.eks_project.module.subnets.aws_nat_gateway.default",
            "module.eks_project.module.subnets.aws_network_acl.private",
            "module.eks_project.module.subnets.aws_network_acl.public",
            "module.eks_project.module.subnets.aws_network_acl_rule.private4_egress",
            "module.eks_project.module.subnets.aws_network_acl_rule.private4_ingress",
            "module.eks_project.module.subnets.aws_network_acl_rule.private6_egress",
            "module.eks_project.module.subnets.aws_network_acl_rule.private6_ingress",
            "module.eks_project.module.subnets.aws_network_acl_rule.public4_egress",
            "module.eks_project.module.subnets.aws_network_acl_rule.public4_ingress",
            "module.eks_project.module.subnets.aws_network_acl_rule.public6_egress",
            "module.eks_project.module.subnets.aws_network_acl_rule.public6_ingress",
            "module.eks_project.module.subnets.aws_route.nat4",
            "module.eks_project.module.subnets.aws_route.nat_instance",
            "module.eks_project.module.subnets.aws_route.private6",
            "module.eks_project.module.subnets.aws_route.private_nat64",
            "module.eks_project.module.subnets.aws_route.public",
            "module.eks_project.module.subnets.aws_route.public6",
            "module.eks_project.module.subnets.aws_route.public_nat64",
            "module.eks_project.module.subnets.aws_route_table.private",
            "module.eks_project.module.subnets.aws_route_table.public",
            "module.eks_project.module.subnets.aws_route_table_association.private",
            "module.eks_project.module.subnets.aws_route_table_association.public",
            "module.eks_project.module.subnets.aws_security_group.nat_instance",
            "module.eks_project.module.subnets.aws_security_group_rule.nat_instance_egress",
            "module.eks_project.module.subnets.aws_security_group_rule.nat_instance_ingress",
            "module.eks_project.module.subnets.aws_subnet.private",
            "module.eks_project.module.subnets.aws_subnet.public",
            "module.eks_project.module.subnets.data.aws_ami.nat_instance",
            "module.eks_project.module.subnets.data.aws_availability_zones.default",
            "module.eks_project.module.subnets.data.aws_eip.nat",
            "module.eks_project.module.subnets.data.aws_vpc.default",
            "module.eks_project.module.subnets.module.utils.data.aws_iam_policy_document.by_account",
            "module.eks_project.module.subnets.module.utils.data.aws_iam_policy_document.by_region",
            "module.eks_project.module.subnets.module.utils.data.aws_regions.complete",
            "module.eks_project.module.subnets.module.utils.data.aws_regions.default",
            "module.eks_project.module.subnets.module.utils.data.aws_regions.not_opted_in",
            "module.eks_project.module.subnets.module.utils.data.aws_regions.opted_in",
            "module.eks_project.module.vpc.aws_internet_gateway.default",
            "module.eks_project.module.vpc.aws_vpc.default",
            "module.eks_project.module.vpc_cni_eks_iam_role.aws_iam_policy.service_account",
            "module.eks_project.module.vpc_cni_eks_iam_role.aws_iam_role.service_account",
            "module.eks_project.module.vpc_cni_eks_iam_role.aws_iam_role_policy_attachment.service_account",
            "module.eks_project.module.vpc_cni_eks_iam_role.data.aws_caller_identity.current",
            "module.eks_project.module.vpc_cni_eks_iam_role.data.aws_iam_policy_document.service_account_assume_role"
          ]
        },
        {
          "index_key": "vpc-cni",
          "schema_version": 0,
          "attributes": {
            "addon_name": "vpc-cni",
            "addon_version": "v1.16.0-eksbuild.1",
            "arn": "arn:aws:eks:us-east-1:058264138725:addon/barkuni-dev-eks-cluster/vpc-cni/bec87f82-804a-e486-6166-1c86a75494bb",
            "cluster_name": "barkuni-dev-eks-cluster",
            "configuration_values": "",
            "created_at": "2024-07-29T15:03:56Z",
            "id": "barkuni-dev-eks-cluster:vpc-cni",
            "modified_at": "2024-07-29T15:04:36Z",
            "preserve": null,
            "resolve_conflicts": null,
            "resolve_conflicts_on_create": null,
            "resolve_conflicts_on_update": null,
            "service_account_role_arn": "arn:aws:iam::058264138725:role/barkuni-dev-eks-aws-node@kube-system",
            "tags": {
              "Attributes": "cluster",
              "Name": "barkuni-dev-eks-cluster",
              "Namespace": "barkuni",
              "Stage": "dev"
            },
            "tags_all": {
              "Attributes": "cluster",
              "Name": "barkuni-dev-eks-cluster",
              "Namespace": "barkuni",
              "Stage": "dev"
            },
            "timeouts": {
              "create": null,
              "delete": null,
              "update": null
            }
          },
          "sensitive_attributes": [],
          "private": "eyJlMmJmYjczMC1lY2FhLTExZTYtOGY4OC0zNDM2M2JjN2M0YzAiOnsiY3JlYXRlIjoxMjAwMDAwMDAwMDAwLCJkZWxldGUiOjI0MDAwMDAwMDAwMDAsInVwZGF0ZSI6MTIwMDAwMDAwMDAwMH19",
          "dependencies": [
            "module.eks_project.data.aws_iam_policy_document.vpc_cni_ipv6",
            "module.eks_project.module.eks_cluster.aws_cloudwatch_log_group.default",
            "module.eks_project.module.eks_cluster.aws_eks_cluster.default",
            "module.eks_project.module.eks_cluster.aws_iam_openid_connect_provider.default",
            "module.eks_project.module.eks_cluster.aws_iam_role.default",
            "module.eks_project.module.eks_cluster.aws_iam_role_policy_attachment.amazon_eks_cluster_policy",
            "module.eks_project.module.eks_cluster.aws_iam_role_policy_attachment.amazon_eks_service_policy",
            "module.eks_project.module.eks_cluster.aws_iam_role_policy_attachment.cluster_elb_service_role",
            "module.eks_project.module.eks_cluster.aws_kms_alias.cluster",
            "module.eks_project.module.eks_cluster.aws_kms_key.cluster",
            "module.eks_project.module.eks_cluster.data.tls_certificate.cluster",
            "module.eks_project.module.eks_node_group.aws_eks_node_group.cbd",
            "module.eks_project.module.eks_node_group.aws_eks_node_group.default",
            "module.eks_project.module.eks_node_group.aws_iam_policy.ipv6_eks_cni_policy",
            "module.eks_project.module.eks_node_group.aws_iam_role.default",
            "module.eks_project.module.eks_node_group.aws_iam_role_policy_attachment.amazon_ec2_container_registry_read_only",
            "module.eks_project.module.eks_node_group.aws_iam_role_policy_attachment.amazon_eks_worker_node_policy",
            "module.eks_project.module.eks_node_group.aws_iam_role_policy_attachment.existing_policies_for_eks_workers_role",
            "module.eks_project.module.eks_node_group.aws_iam_role_policy_attachment.ipv6_eks_cni_policy",
            "module.eks_project.module.eks_node_group.aws_launch_template.default",
            "module.eks_project.module.eks_node_group.data.aws_ami.selected",
            "module.eks_project.module.eks_node_group.data.aws_eks_cluster.this",
            "module.eks_project.module.eks_node_group.data.aws_iam_policy_document.assume_role",
            "module.eks_project.module.eks_node_group.data.aws_iam_policy_document.ipv6_eks_cni_policy",
            "module.eks_project.module.eks_node_group.data.aws_launch_template.this",
            "module.eks_project.module.eks_node_group.data.aws_partition.current",
            "module.eks_project.module.eks_node_group.module.ssh_access.aws_security_group.cbd",
            "module.eks_project.module.eks_node_group.module.ssh_access.aws_security_group.default",
            "module.eks_project.module.eks_node_group.module.ssh_access.aws_security_group_rule.dbc",
            "module.eks_project.module.eks_node_group.module.ssh_access.aws_security_group_rule.keyed",
            "module.eks_project.module.eks_node_group.module.ssh_access.null_resource.sync_rules_and_sg_lifecycles",
            "module.eks_project.module.eks_node_group.module.ssh_access.random_id.rule_change_forces_new_security_group",
            "module.eks_project.module.eks_node_group.random_pet.cbd",
            "module.eks_project.module.subnets.aws_eip.default",
            "module.eks_project.module.subnets.aws_eip_association.nat_instance",
            "module.eks_project.module.subnets.aws_instance.nat_instance",
            "module.eks_project.module.subnets.aws_nat_gateway.default",
            "module.eks_project.module.subnets.aws_network_acl.private",
            "module.eks_project.module.subnets.aws_network_acl.public",
            "module.eks_project.module.subnets.aws_network_acl_rule.private4_egress",
            "module.eks_project.module.subnets.aws_network_acl_rule.private4_ingress",
            "module.eks_project.module.subnets.aws_network_acl_rule.private6_egress",
            "module.eks_project.module.subnets.aws_network_acl_rule.private6_ingress",
            "module.eks_project.module.subnets.aws_network_acl_rule.public4_egress",
            "module.eks_project.module.subnets.aws_network_acl_rule.public4_ingress",
            "module.eks_project.module.subnets.aws_network_acl_rule.public6_egress",
            "module.eks_project.module.subnets.aws_network_acl_rule.public6_ingress",
            "module.eks_project.module.subnets.aws_route.nat4",
            "module.eks_project.module.subnets.aws_route.nat_instance",
            "module.eks_project.module.subnets.aws_route.private6",
            "module.eks_project.module.subnets.aws_route.private_nat64",
            "module.eks_project.module.subnets.aws_route.public",
            "module.eks_project.module.subnets.aws_route.public6",
            "module.eks_project.module.subnets.aws_route.public_nat64",
            "module.eks_project.module.subnets.aws_route_table.private",
            "module.eks_project.module.subnets.aws_route_table.public",
            "module.eks_project.module.subnets.aws_route_table_association.private",
            "module.eks_project.module.subnets.aws_route_table_association.public",
            "module.eks_project.module.subnets.aws_security_group.nat_instance",
            "module.eks_project.module.subnets.aws_security_group_rule.nat_instance_egress",
            "module.eks_project.module.subnets.aws_security_group_rule.nat_instance_ingress",
            "module.eks_project.module.subnets.aws_subnet.private",
            "module.eks_project.module.subnets.aws_subnet.public",
            "module.eks_project.module.subnets.data.aws_ami.nat_instance",
            "module.eks_project.module.subnets.data.aws_availability_zones.default",
            "module.eks_project.module.subnets.data.aws_eip.nat",
            "module.eks_project.module.subnets.data.aws_vpc.default",
            "module.eks_project.module.subnets.module.utils.data.aws_iam_policy_document.by_account",
            "module.eks_project.module.subnets.module.utils.data.aws_iam_policy_document.by_region",
            "module.eks_project.module.subnets.module.utils.data.aws_regions.complete",
            "module.eks_project.module.subnets.module.utils.data.aws_regions.default",
            "module.eks_project.module.subnets.module.utils.data.aws_regions.not_opted_in",
            "module.eks_project.module.subnets.module.utils.data.aws_regions.opted_in",
            "module.eks_project.module.vpc.aws_internet_gateway.default",
            "module.eks_project.module.vpc.aws_vpc.default",
            "module.eks_project.module.vpc_cni_eks_iam_role.aws_iam_policy.service_account",
            "module.eks_project.module.vpc_cni_eks_iam_role.aws_iam_role.service_account",
            "module.eks_project.module.vpc_cni_eks_iam_role.aws_iam_role_policy_attachment.service_account",
            "module.eks_project.module.vpc_cni_eks_iam_role.data.aws_caller_identity.current",
            "module.eks_project.module.vpc_cni_eks_iam_role.data.aws_iam_policy_document.service_account_assume_role"
          ]
        }
      ]
    },
    {
      "module": "module.eks_project.module.eks_cluster",
      "mode": "managed",
      "type": "aws_eks_cluster",
      "name": "default",
      "provider": "module.eks_project.provider[\"registry.terraform.io/hashicorp/aws\"]",
      "instances": [
        {
          "index_key": 0,
          "schema_version": 1,
          "attributes": {
            "access_config": [
              {
                "authentication_mode": "API",
                "bootstrap_cluster_creator_admin_permissions": false
              }
            ],
            "arn": "arn:aws:eks:us-east-1:058264138725:cluster/barkuni-dev-eks-cluster",
            "bootstrap_self_managed_addons": true,
            "certificate_authority": [
              {
                "data": "LS0tLS1CRUdJTiBDRVJUSUZJQ0FURS0tLS0tCk1JSURCVENDQWUyZ0F3SUJBZ0lJWmRya0YxK0I4akV3RFFZSktvWklodmNOQVFFTEJRQXdGVEVUTUJFR0ExVUUKQXhNS2EzVmlaWEp1WlhSbGN6QWVGdzB5TkRBM01qa3hORFV6TWpCYUZ3MHpOREEzTWpjeE5EVTRNakJhTUJVeApFekFSQmdOVkJBTVRDbXQxWW1WeWJtVjBaWE13Z2dFaU1BMEdDU3FHU0liM0RRRUJBUVVBQTRJQkR3QXdnZ0VLCkFvSUJBUUM1MlhCMjBFcWhPUUZnanlseG9iaDZpRXo5QVlZVVVhZDBBM05iMXE5T0R5b09sTisxZldlUUNKWnYKMXFNejl0UEZESWhpY0tiTlFsRUtTcE9yUXJERFVKQzNPRTQxaUlYcHcxUlBmc0F1UkVwVWFxWmYxV2ZiZjVhbwpsM0pKYUNacTRucnZuQ1Y5Q0taSjdDR2RiL3QyZTRlSjZKOWludkpnb3ZSSlZ6T2VUZUpvN0h3bjhLeEZiL3B0CkptcEhoOGlMa3N1cTNmODg3NlhjbzNGdXFzLzlGcURYWlFUQ01ieVBFM2NnZC93aFVuU3RnN1RvV3c3N0dhVjYKTW5DMWJ3bndROHN4ZHBxMzhCWFNWREFZWUx3Ull2UVdGbmNnNElsd2lVZG12RmRuZzdNSXhKUnRvelJIR1laeApyZkNkajJQMU9FOEdleUxUdWdEaE5KeDRYQWdEQWdNQkFBR2pXVEJYTUE0R0ExVWREd0VCL3dRRUF3SUNwREFQCkJnTlZIUk1CQWY4RUJUQURBUUgvTUIwR0ExVWREZ1FXQkJUbGwxYkxsQ0taSW5CUGU5cW41RFBnN3pObTZqQVYKQmdOVkhSRUVEakFNZ2dwcmRXSmxjbTVsZEdWek1BMEdDU3FHU0liM0RRRUJDd1VBQTRJQkFRQXZYVVBCVkgyaApZY3BLUm9HbTE1THNnK1FiRU1pZ2VCZjNQanJoY0F6VW15YUQzYis0WDRkL09jTVpyeFVyNWRZcTFneW8waVRxCkkvYjRQUkh4QW9jUVMxK2tqVDE1UTB3cDlDcHRGeXI5ckIyNmp5aWxQdHNHcFBpYUFGRjNGOUx0WUoxeENKUWoKRDl3T3J2L3gwZTh4QUtCV0lTblJRVW1XVE1Fc1FTclpHV0dxeTVVTlJLQTNCNHJEMDhYMUhEa1FlSnhBVS9yNwpaWWxtYzFaMGxBQ0pselc5U1piUTUvZHpCS1RGYnJFUitITGE4aE5GY3BTeG9wdVRhYy9nb1d2Y0xTRWJTNTRqCkd2VWFGY253bjQzdG1zOFNaT2JXY3NZd1FGMkhIekFZZE4wc1dlWHJGMDFaT1BPOXRLOTBZbERsOEIyNXd1OXMKSnJRT29zeE5ObnNxCi0tLS0tRU5EIENFUlRJRklDQVRFLS0tLS0K"
              }
            ],
            "cluster_id": null,
            "created_at": "2024-07-29 14:53:14.565 +0000 UTC",
            "enabled_cluster_log_types": [
              "audit"
            ],
            "encryption_config": [],
            "endpoint": "https://F657A1D9C6EA2F658C1BED01A5E81B49.gr7.us-east-1.eks.amazonaws.com",
            "id": "barkuni-dev-eks-cluster",
            "identity": [
              {
                "oidc": [
                  {
                    "issuer": "https://oidc.eks.us-east-1.amazonaws.com/id/F657A1D9C6EA2F658C1BED01A5E81B49"
                  }
                ]
              }
            ],
            "kubernetes_network_config": [
              {
                "ip_family": "ipv4",
                "service_ipv4_cidr": "10.100.0.0/16",
                "service_ipv6_cidr": ""
              }
            ],
            "name": "barkuni-dev-eks-cluster",
            "outpost_config": [],
            "platform_version": "eks.10",
            "role_arn": "arn:aws:iam::058264138725:role/barkuni-dev-eks-cluster",
            "status": "ACTIVE",
            "tags": {
              "Attributes": "cluster",
              "Name": "barkuni-dev-eks-cluster",
              "Namespace": "barkuni",
              "Stage": "dev"
            },
            "tags_all": {
              "Attributes": "cluster",
              "Name": "barkuni-dev-eks-cluster",
              "Namespace": "barkuni",
              "Stage": "dev"
            },
            "timeouts": null,
            "version": "1.29",
            "vpc_config": [
              {
                "cluster_security_group_id": "sg-00e2df73fc1068080",
                "endpoint_private_access": false,
                "endpoint_public_access": true,
                "public_access_cidrs": [
                  "0.0.0.0/0"
                ],
                "security_group_ids": null,
                "subnet_ids": [
                  "subnet-0460be9f9a6c47230",
                  "subnet-09ca129fa12441fd2",
                  "subnet-0be152efce8c8e65f",
                  "subnet-0e0464491777b3227"
                ],
                "vpc_id": "vpc-00f2c0838b611699e"
              }
            ]
          },
          "sensitive_attributes": [],
          "private": "eyJlMmJmYjczMC1lY2FhLTExZTYtOGY4OC0zNDM2M2JjN2M0YzAiOnsiY3JlYXRlIjoxODAwMDAwMDAwMDAwLCJkZWxldGUiOjkwMDAwMDAwMDAwMCwidXBkYXRlIjozNjAwMDAwMDAwMDAwfSwic2NoZW1hX3ZlcnNpb24iOiIxIn0=",
          "dependencies": [
            "module.eks_project.module.eks_cluster.aws_cloudwatch_log_group.default",
            "module.eks_project.module.eks_cluster.aws_iam_role.default",
            "module.eks_project.module.eks_cluster.aws_iam_role_policy_attachment.amazon_eks_cluster_policy",
            "module.eks_project.module.eks_cluster.aws_iam_role_policy_attachment.amazon_eks_service_policy",
            "module.eks_project.module.eks_cluster.aws_iam_role_policy_attachment.cluster_elb_service_role",
            "module.eks_project.module.eks_cluster.aws_kms_alias.cluster",
            "module.eks_project.module.eks_cluster.aws_kms_key.cluster",
            "module.eks_project.module.subnets.aws_eip.default",
            "module.eks_project.module.subnets.aws_eip_association.nat_instance",
            "module.eks_project.module.subnets.aws_instance.nat_instance",
            "module.eks_project.module.subnets.aws_nat_gateway.default",
            "module.eks_project.module.subnets.aws_network_acl.private",
            "module.eks_project.module.subnets.aws_network_acl.public",
            "module.eks_project.module.subnets.aws_network_acl_rule.private4_egress",
            "module.eks_project.module.subnets.aws_network_acl_rule.private4_ingress",
            "module.eks_project.module.subnets.aws_network_acl_rule.private6_egress",
            "module.eks_project.module.subnets.aws_network_acl_rule.private6_ingress",
            "module.eks_project.module.subnets.aws_network_acl_rule.public4_egress",
            "module.eks_project.module.subnets.aws_network_acl_rule.public4_ingress",
            "module.eks_project.module.subnets.aws_network_acl_rule.public6_egress",
            "module.eks_project.module.subnets.aws_network_acl_rule.public6_ingress",
            "module.eks_project.module.subnets.aws_route.nat4",
            "module.eks_project.module.subnets.aws_route.nat_instance",
            "module.eks_project.module.subnets.aws_route.private6",
            "module.eks_project.module.subnets.aws_route.private_nat64",
            "module.eks_project.module.subnets.aws_route.public",
            "module.eks_project.module.subnets.aws_route.public6",
            "module.eks_project.module.subnets.aws_route.public_nat64",
            "module.eks_project.module.subnets.aws_route_table.private",
            "module.eks_project.module.subnets.aws_route_table.public",
            "module.eks_project.module.subnets.aws_route_table_association.private",
            "module.eks_project.module.subnets.aws_route_table_association.public",
            "module.eks_project.module.subnets.aws_security_group.nat_instance",
            "module.eks_project.module.subnets.aws_security_group_rule.nat_instance_egress",
            "module.eks_project.module.subnets.aws_security_group_rule.nat_instance_ingress",
            "module.eks_project.module.subnets.aws_subnet.private",
            "module.eks_project.module.subnets.aws_subnet.public",
            "module.eks_project.module.subnets.data.aws_ami.nat_instance",
            "module.eks_project.module.subnets.data.aws_availability_zones.default",
            "module.eks_project.module.subnets.data.aws_eip.nat",
            "module.eks_project.module.subnets.data.aws_vpc.default",
            "module.eks_project.module.subnets.module.utils.data.aws_iam_policy_document.by_account",
            "module.eks_project.module.subnets.module.utils.data.aws_iam_policy_document.by_region",
            "module.eks_project.module.subnets.module.utils.data.aws_regions.complete",
            "module.eks_project.module.subnets.module.utils.data.aws_regions.default",
            "module.eks_project.module.subnets.module.utils.data.aws_regions.not_opted_in",
            "module.eks_project.module.subnets.module.utils.data.aws_regions.opted_in",
            "module.eks_project.module.vpc.aws_internet_gateway.default",
            "module.eks_project.module.vpc.aws_vpc.default"
          ]
        }
      ]
    },
    {
      "module": "module.eks_project.module.eks_cluster",
      "mode": "managed",
      "type": "aws_iam_openid_connect_provider",
      "name": "default",
      "provider": "module.eks_project.provider[\"registry.terraform.io/hashicorp/aws\"]",
      "instances": [
        {
          "index_key": 0,
          "schema_version": 0,
          "attributes": {
            "arn": "arn:aws:iam::058264138725:oidc-provider/oidc.eks.us-east-1.amazonaws.com/id/F657A1D9C6EA2F658C1BED01A5E81B49",
            "client_id_list": [
              "sts.amazonaws.com"
            ],
            "id": "arn:aws:iam::058264138725:oidc-provider/oidc.eks.us-east-1.amazonaws.com/id/F657A1D9C6EA2F658C1BED01A5E81B49",
            "tags": {
              "Attributes": "cluster",
              "Name": "barkuni-dev-eks-cluster",
              "Namespace": "barkuni",
              "Stage": "dev"
            },
            "tags_all": {
              "Attributes": "cluster",
              "Name": "barkuni-dev-eks-cluster",
              "Namespace": "barkuni",
              "Stage": "dev"
            },
            "thumbprint_list": [
              "9e99a48a9960b14926bb7f3b02e22da2b0ab7280"
            ],
            "url": "oidc.eks.us-east-1.amazonaws.com/id/F657A1D9C6EA2F658C1BED01A5E81B49"
          },
          "sensitive_attributes": [],
          "private": "bnVsbA==",
          "dependencies": [
            "module.eks_project.module.eks_cluster.aws_cloudwatch_log_group.default",
            "module.eks_project.module.eks_cluster.aws_eks_cluster.default",
            "module.eks_project.module.eks_cluster.aws_iam_role.default",
            "module.eks_project.module.eks_cluster.aws_iam_role_policy_attachment.amazon_eks_cluster_policy",
            "module.eks_project.module.eks_cluster.aws_iam_role_policy_attachment.amazon_eks_service_policy",
            "module.eks_project.module.eks_cluster.aws_iam_role_policy_attachment.cluster_elb_service_role",
            "module.eks_project.module.eks_cluster.aws_kms_alias.cluster",
            "module.eks_project.module.eks_cluster.aws_kms_key.cluster",
            "module.eks_project.module.eks_cluster.data.tls_certificate.cluster",
            "module.eks_project.module.subnets.aws_eip.default",
            "module.eks_project.module.subnets.aws_eip_association.nat_instance",
            "module.eks_project.module.subnets.aws_instance.nat_instance",
            "module.eks_project.module.subnets.aws_nat_gateway.default",
            "module.eks_project.module.subnets.aws_network_acl.private",
            "module.eks_project.module.subnets.aws_network_acl.public",
            "module.eks_project.module.subnets.aws_network_acl_rule.private4_egress",
            "module.eks_project.module.subnets.aws_network_acl_rule.private4_ingress",
            "module.eks_project.module.subnets.aws_network_acl_rule.private6_egress",
            "module.eks_project.module.subnets.aws_network_acl_rule.private6_ingress",
            "module.eks_project.module.subnets.aws_network_acl_rule.public4_egress",
            "module.eks_project.module.subnets.aws_network_acl_rule.public4_ingress",
            "module.eks_project.module.subnets.aws_network_acl_rule.public6_egress",
            "module.eks_project.module.subnets.aws_network_acl_rule.public6_ingress",
            "module.eks_project.module.subnets.aws_route.nat4",
            "module.eks_project.module.subnets.aws_route.nat_instance",
            "module.eks_project.module.subnets.aws_route.private6",
            "module.eks_project.module.subnets.aws_route.private_nat64",
            "module.eks_project.module.subnets.aws_route.public",
            "module.eks_project.module.subnets.aws_route.public6",
            "module.eks_project.module.subnets.aws_route.public_nat64",
            "module.eks_project.module.subnets.aws_route_table.private",
            "module.eks_project.module.subnets.aws_route_table.public",
            "module.eks_project.module.subnets.aws_route_table_association.private",
            "module.eks_project.module.subnets.aws_route_table_association.public",
            "module.eks_project.module.subnets.aws_security_group.nat_instance",
            "module.eks_project.module.subnets.aws_security_group_rule.nat_instance_egress",
            "module.eks_project.module.subnets.aws_security_group_rule.nat_instance_ingress",
            "module.eks_project.module.subnets.aws_subnet.private",
            "module.eks_project.module.subnets.aws_subnet.public",
            "module.eks_project.module.subnets.data.aws_ami.nat_instance",
            "module.eks_project.module.subnets.data.aws_availability_zones.default",
            "module.eks_project.module.subnets.data.aws_eip.nat",
            "module.eks_project.module.subnets.data.aws_vpc.default",
            "module.eks_project.module.subnets.module.utils.data.aws_iam_policy_document.by_account",
            "module.eks_project.module.subnets.module.utils.data.aws_iam_policy_document.by_region",
            "module.eks_project.module.subnets.module.utils.data.aws_regions.complete",
            "module.eks_project.module.subnets.module.utils.data.aws_regions.default",
            "module.eks_project.module.subnets.module.utils.data.aws_regions.not_opted_in",
            "module.eks_project.module.subnets.module.utils.data.aws_regions.opted_in",
            "module.eks_project.module.vpc.aws_internet_gateway.default",
            "module.eks_project.module.vpc.aws_vpc.default"
          ]
        }
      ]
    },
    {
      "module": "module.eks_project.module.eks_cluster",
      "mode": "managed",
      "type": "aws_iam_policy",
      "name": "cluster_elb_service_role",
      "provider": "module.eks_project.provider[\"registry.terraform.io/hashicorp/aws\"]",
      "instances": [
        {
          "index_key": 0,
          "schema_version": 0,
          "attributes": {
            "arn": "arn:aws:iam::058264138725:policy/barkuni-dev-eks-cluster-ServiceRole",
            "attachment_count": 1,
            "description": "",
            "id": "arn:aws:iam::058264138725:policy/barkuni-dev-eks-cluster-ServiceRole",
            "name": "barkuni-dev-eks-cluster-ServiceRole",
            "name_prefix": "",
            "path": "/",
            "policy": "{\"Statement\":[{\"Action\":[\"elasticloadbalancing:SetSubnets\",\"elasticloadbalancing:SetIpAddressType\",\"ec2:DescribeInternetGateways\",\"ec2:DescribeAddresses\",\"ec2:DescribeAccountAttributes\"],\"Effect\":\"Allow\",\"Resource\":\"*\",\"Sid\":\"AllowElasticLoadBalancer\"},{\"Action\":\"logs:CreateLogGroup\",\"Effect\":\"Deny\",\"Resource\":\"*\",\"Sid\":\"DenyCreateLogGroup\"}],\"Version\":\"2012-10-17\"}",
            "policy_id": "ANPAQ3EGQGPSWEA7332JH",
            "tags": {},
            "tags_all": {}
          },
          "sensitive_attributes": [],
          "private": "bnVsbA==",
          "dependencies": [
            "module.eks_project.module.eks_cluster.data.aws_iam_policy_document.cluster_elb_service_role"
          ],
          "create_before_destroy": true
        }
      ]
    },
    {
      "module": "module.eks_project.module.eks_cluster",
      "mode": "managed",
      "type": "aws_iam_role",
      "name": "default",
      "provider": "module.eks_project.provider[\"registry.terraform.io/hashicorp/aws\"]",
      "instances": [
        {
          "index_key": 0,
          "schema_version": 0,
          "attributes": {
            "arn": "arn:aws:iam::058264138725:role/barkuni-dev-eks-cluster",
            "assume_role_policy": "{\"Statement\":[{\"Action\":\"sts:AssumeRole\",\"Effect\":\"Allow\",\"Principal\":{\"Service\":\"eks.amazonaws.com\"}}],\"Version\":\"2012-10-17\"}",
            "create_date": "2024-07-29T14:48:51Z",
            "description": "",
            "force_detach_policies": false,
            "id": "barkuni-dev-eks-cluster",
            "inline_policy": [],
            "managed_policy_arns": [
              "arn:aws:iam::058264138725:policy/barkuni-dev-eks-cluster-ServiceRole",
              "arn:aws:iam::aws:policy/AmazonEKSClusterPolicy",
              "arn:aws:iam::aws:policy/AmazonEKSServicePolicy"
            ],
            "max_session_duration": 3600,
            "name": "barkuni-dev-eks-cluster",
            "name_prefix": "",
            "path": "/",
            "permissions_boundary": "",
            "tags": {
              "Attributes": "cluster",
              "Name": "barkuni-dev-eks-cluster",
              "Namespace": "barkuni",
              "Stage": "dev"
            },
            "tags_all": {
              "Attributes": "cluster",
              "Name": "barkuni-dev-eks-cluster",
              "Namespace": "barkuni",
              "Stage": "dev"
            },
            "unique_id": "AROAQ3EGQGPS4CJKTUDEW"
          },
          "sensitive_attributes": [],
          "private": "bnVsbA==",
          "dependencies": [
            "module.eks_project.module.eks_cluster.data.aws_iam_policy_document.assume_role"
          ],
          "create_before_destroy": true
        }
      ]
    },
    {
      "module": "module.eks_project.module.eks_cluster",
      "mode": "managed",
      "type": "aws_iam_role_policy_attachment",
      "name": "amazon_eks_cluster_policy",
      "provider": "module.eks_project.provider[\"registry.terraform.io/hashicorp/aws\"]",
      "instances": [
        {
          "index_key": 0,
          "schema_version": 0,
          "attributes": {
            "id": "barkuni-dev-eks-cluster-20240729144852319100000003",
            "policy_arn": "arn:aws:iam::aws:policy/AmazonEKSClusterPolicy",
            "role": "barkuni-dev-eks-cluster"
          },
          "sensitive_attributes": [],
          "private": "bnVsbA==",
          "dependencies": [
            "module.eks_project.module.eks_cluster.aws_iam_role.default",
            "module.eks_project.module.eks_cluster.data.aws_iam_policy_document.assume_role",
            "module.eks_project.module.eks_cluster.data.aws_partition.current"
          ],
          "create_before_destroy": true
        }
      ]
    },
    {
      "module": "module.eks_project.module.eks_cluster",
      "mode": "managed",
      "type": "aws_iam_role_policy_attachment",
      "name": "amazon_eks_service_policy",
      "provider": "module.eks_project.provider[\"registry.terraform.io/hashicorp/aws\"]",
      "instances": [
        {
          "index_key": 0,
          "schema_version": 0,
          "attributes": {
            "id": "barkuni-dev-eks-cluster-20240729144852341700000004",
            "policy_arn": "arn:aws:iam::aws:policy/AmazonEKSServicePolicy",
            "role": "barkuni-dev-eks-cluster"
          },
          "sensitive_attributes": [],
          "private": "bnVsbA==",
          "dependencies": [
            "module.eks_project.module.eks_cluster.aws_iam_role.default",
            "module.eks_project.module.eks_cluster.data.aws_iam_policy_document.assume_role",
            "module.eks_project.module.eks_cluster.data.aws_partition.current"
          ],
          "create_before_destroy": true
        }
      ]
    },
    {
      "module": "module.eks_project.module.eks_cluster",
      "mode": "managed",
      "type": "aws_iam_role_policy_attachment",
      "name": "cluster_elb_service_role",
      "provider": "module.eks_project.provider[\"registry.terraform.io/hashicorp/aws\"]",
      "instances": [
        {
          "index_key": 0,
          "schema_version": 0,
          "attributes": {
            "id": "barkuni-dev-eks-cluster-20240729144852465000000006",
            "policy_arn": "arn:aws:iam::058264138725:policy/barkuni-dev-eks-cluster-ServiceRole",
            "role": "barkuni-dev-eks-cluster"
          },
          "sensitive_attributes": [],
          "private": "bnVsbA==",
          "dependencies": [
            "module.eks_project.module.eks_cluster.aws_iam_policy.cluster_elb_service_role",
            "module.eks_project.module.eks_cluster.aws_iam_role.default",
            "module.eks_project.module.eks_cluster.data.aws_iam_policy_document.assume_role",
            "module.eks_project.module.eks_cluster.data.aws_iam_policy_document.cluster_elb_service_role"
          ],
          "create_before_destroy": true
        }
      ]
    },
    {
      "module": "module.eks_project.module.eks_cluster",
      "mode": "managed",
      "type": "aws_vpc_security_group_ingress_rule",
      "name": "managed_ingress_cidr_blocks",
      "provider": "module.eks_project.provider[\"registry.terraform.io/hashicorp/aws\"]",
      "instances": [
        {
          "index_key": 0,
          "schema_version": 0,
          "attributes": {
            "arn": "arn:aws:ec2:us-east-1:058264138725:security-group-rule/sgr-0021a310213df8630",
            "cidr_ipv4": "172.17.0.0/16",
            "cidr_ipv6": null,
            "description": "Allow inbound traffic from CIDR blocks",
            "from_port": null,
            "id": "sgr-0021a310213df8630",
            "ip_protocol": "-1",
            "prefix_list_id": null,
            "referenced_security_group_id": null,
            "security_group_id": "sg-00e2df73fc1068080",
            "security_group_rule_id": "sgr-0021a310213df8630",
            "tags": null,
            "tags_all": {},
            "to_port": null
          },
          "sensitive_attributes": [],
          "dependencies": [
            "module.eks_project.module.eks_cluster.aws_cloudwatch_log_group.default",
            "module.eks_project.module.eks_cluster.aws_eks_cluster.default",
            "module.eks_project.module.eks_cluster.aws_iam_role.default",
            "module.eks_project.module.eks_cluster.aws_iam_role_policy_attachment.amazon_eks_cluster_policy",
            "module.eks_project.module.eks_cluster.aws_iam_role_policy_attachment.amazon_eks_service_policy",
            "module.eks_project.module.eks_cluster.aws_iam_role_policy_attachment.cluster_elb_service_role",
            "module.eks_project.module.eks_cluster.aws_kms_alias.cluster",
            "module.eks_project.module.eks_cluster.aws_kms_key.cluster",
            "module.eks_project.module.subnets.aws_eip.default",
            "module.eks_project.module.subnets.aws_eip_association.nat_instance",
            "module.eks_project.module.subnets.aws_instance.nat_instance",
            "module.eks_project.module.subnets.aws_nat_gateway.default",
            "module.eks_project.module.subnets.aws_network_acl.private",
            "module.eks_project.module.subnets.aws_network_acl.public",
            "module.eks_project.module.subnets.aws_network_acl_rule.private4_egress",
            "module.eks_project.module.subnets.aws_network_acl_rule.private4_ingress",
            "module.eks_project.module.subnets.aws_network_acl_rule.private6_egress",
            "module.eks_project.module.subnets.aws_network_acl_rule.private6_ingress",
            "module.eks_project.module.subnets.aws_network_acl_rule.public4_egress",
            "module.eks_project.module.subnets.aws_network_acl_rule.public4_ingress",
            "module.eks_project.module.subnets.aws_network_acl_rule.public6_egress",
            "module.eks_project.module.subnets.aws_network_acl_rule.public6_ingress",
            "module.eks_project.module.subnets.aws_route.nat4",
            "module.eks_project.module.subnets.aws_route.nat_instance",
            "module.eks_project.module.subnets.aws_route.private6",
            "module.eks_project.module.subnets.aws_route.private_nat64",
            "module.eks_project.module.subnets.aws_route.public",
            "module.eks_project.module.subnets.aws_route.public6",
            "module.eks_project.module.subnets.aws_route.public_nat64",
            "module.eks_project.module.subnets.aws_route_table.private",
            "module.eks_project.module.subnets.aws_route_table.public",
            "module.eks_project.module.subnets.aws_route_table_association.private",
            "module.eks_project.module.subnets.aws_route_table_association.public",
            "module.eks_project.module.subnets.aws_security_group.nat_instance",
            "module.eks_project.module.subnets.aws_security_group_rule.nat_instance_egress",
            "module.eks_project.module.subnets.aws_security_group_rule.nat_instance_ingress",
            "module.eks_project.module.subnets.aws_subnet.private",
            "module.eks_project.module.subnets.aws_subnet.public",
            "module.eks_project.module.subnets.data.aws_ami.nat_instance",
            "module.eks_project.module.subnets.data.aws_availability_zones.default",
            "module.eks_project.module.subnets.data.aws_eip.nat",
            "module.eks_project.module.subnets.data.aws_vpc.default",
            "module.eks_project.module.subnets.module.utils.data.aws_iam_policy_document.by_account",
            "module.eks_project.module.subnets.module.utils.data.aws_iam_policy_document.by_region",
            "module.eks_project.module.subnets.module.utils.data.aws_regions.complete",
            "module.eks_project.module.subnets.module.utils.data.aws_regions.default",
            "module.eks_project.module.subnets.module.utils.data.aws_regions.not_opted_in",
            "module.eks_project.module.subnets.module.utils.data.aws_regions.opted_in",
            "module.eks_project.module.vpc.aws_internet_gateway.default",
            "module.eks_project.module.vpc.aws_vpc.default"
          ]
        }
      ]
    },
    {
      "module": "module.eks_project.module.eks_cluster",
      "mode": "managed",
      "type": "aws_vpc_security_group_ingress_rule",
      "name": "managed_ingress_security_groups",
      "provider": "module.eks_project.provider[\"registry.terraform.io/hashicorp/aws\"]",
      "instances": [
        {
          "index_key": 0,
          "schema_version": 0,
          "attributes": {
            "arn": "arn:aws:ec2:us-east-1:058264138725:security-group-rule/sgr-0305428af304ba0aa",
            "cidr_ipv4": null,
            "cidr_ipv6": null,
            "description": "Allow inbound traffic from existing Security Groups",
            "from_port": null,
            "id": "sgr-0305428af304ba0aa",
            "ip_protocol": "-1",
            "prefix_list_id": null,
            "referenced_security_group_id": "sg-0ff6a4846788e5b1b",
            "security_group_id": "sg-00e2df73fc1068080",
            "security_group_rule_id": "sgr-0305428af304ba0aa",
            "tags": null,
            "tags_all": {},
            "to_port": null
          },
          "sensitive_attributes": [],
          "dependencies": [
            "module.eks_project.module.eks_cluster.aws_cloudwatch_log_group.default",
            "module.eks_project.module.eks_cluster.aws_eks_cluster.default",
            "module.eks_project.module.eks_cluster.aws_iam_role.default",
            "module.eks_project.module.eks_cluster.aws_iam_role_policy_attachment.amazon_eks_cluster_policy",
            "module.eks_project.module.eks_cluster.aws_iam_role_policy_attachment.amazon_eks_service_policy",
            "module.eks_project.module.eks_cluster.aws_iam_role_policy_attachment.cluster_elb_service_role",
            "module.eks_project.module.eks_cluster.aws_kms_alias.cluster",
            "module.eks_project.module.eks_cluster.aws_kms_key.cluster",
            "module.eks_project.module.subnets.aws_eip.default",
            "module.eks_project.module.subnets.aws_eip_association.nat_instance",
            "module.eks_project.module.subnets.aws_instance.nat_instance",
            "module.eks_project.module.subnets.aws_nat_gateway.default",
            "module.eks_project.module.subnets.aws_network_acl.private",
            "module.eks_project.module.subnets.aws_network_acl.public",
            "module.eks_project.module.subnets.aws_network_acl_rule.private4_egress",
            "module.eks_project.module.subnets.aws_network_acl_rule.private4_ingress",
            "module.eks_project.module.subnets.aws_network_acl_rule.private6_egress",
            "module.eks_project.module.subnets.aws_network_acl_rule.private6_ingress",
            "module.eks_project.module.subnets.aws_network_acl_rule.public4_egress",
            "module.eks_project.module.subnets.aws_network_acl_rule.public4_ingress",
            "module.eks_project.module.subnets.aws_network_acl_rule.public6_egress",
            "module.eks_project.module.subnets.aws_network_acl_rule.public6_ingress",
            "module.eks_project.module.subnets.aws_route.nat4",
            "module.eks_project.module.subnets.aws_route.nat_instance",
            "module.eks_project.module.subnets.aws_route.private6",
            "module.eks_project.module.subnets.aws_route.private_nat64",
            "module.eks_project.module.subnets.aws_route.public",
            "module.eks_project.module.subnets.aws_route.public6",
            "module.eks_project.module.subnets.aws_route.public_nat64",
            "module.eks_project.module.subnets.aws_route_table.private",
            "module.eks_project.module.subnets.aws_route_table.public",
            "module.eks_project.module.subnets.aws_route_table_association.private",
            "module.eks_project.module.subnets.aws_route_table_association.public",
            "module.eks_project.module.subnets.aws_security_group.nat_instance",
            "module.eks_project.module.subnets.aws_security_group_rule.nat_instance_egress",
            "module.eks_project.module.subnets.aws_security_group_rule.nat_instance_ingress",
            "module.eks_project.module.subnets.aws_subnet.private",
            "module.eks_project.module.subnets.aws_subnet.public",
            "module.eks_project.module.subnets.data.aws_ami.nat_instance",
            "module.eks_project.module.subnets.data.aws_availability_zones.default",
            "module.eks_project.module.subnets.data.aws_eip.nat",
            "module.eks_project.module.subnets.data.aws_vpc.default",
            "module.eks_project.module.subnets.module.utils.data.aws_iam_policy_document.by_account",
            "module.eks_project.module.subnets.module.utils.data.aws_iam_policy_document.by_region",
            "module.eks_project.module.subnets.module.utils.data.aws_regions.complete",
            "module.eks_project.module.subnets.module.utils.data.aws_regions.default",
            "module.eks_project.module.subnets.module.utils.data.aws_regions.not_opted_in",
            "module.eks_project.module.subnets.module.utils.data.aws_regions.opted_in",
            "module.eks_project.module.vpc.aws_internet_gateway.default",
            "module.eks_project.module.vpc.aws_vpc.default"
          ]
        }
      ]
    },
    {
      "module": "module.eks_project.module.eks_node_group",
      "mode": "data",
      "type": "aws_iam_policy_document",
      "name": "assume_role",
      "provider": "module.eks_project.provider[\"registry.terraform.io/hashicorp/aws\"]",
      "instances": [
        {
          "index_key": 0,
          "schema_version": 0,
          "attributes": {
            "id": "2851119427",
            "json": "{\n  \"Version\": \"2012-10-17\",\n  \"Statement\": [\n    {\n      \"Effect\": \"Allow\",\n      \"Action\": \"sts:AssumeRole\",\n      \"Principal\": {\n        \"Service\": \"ec2.amazonaws.com\"\n      }\n    }\n  ]\n}",
            "minified_json": "{\"Version\":\"2012-10-17\",\"Statement\":[{\"Effect\":\"Allow\",\"Action\":\"sts:AssumeRole\",\"Principal\":{\"Service\":\"ec2.amazonaws.com\"}}]}",
            "override_json": null,
            "override_policy_documents": null,
            "policy_id": null,
            "source_json": null,
            "source_policy_documents": null,
            "statement": [
              {
                "actions": [
                  "sts:AssumeRole"
                ],
                "condition": [],
                "effect": "Allow",
                "not_actions": [],
                "not_principals": [],
                "not_resources": [],
                "principals": [
                  {
                    "identifiers": [
                      "ec2.amazonaws.com"
                    ],
                    "type": "Service"
                  }
                ],
                "resources": [],
                "sid": ""
              }
            ],
            "version": "2012-10-17"
          },
          "sensitive_attributes": []
        }
      ]
    },
    {
      "module": "module.eks_project.module.eks_node_group",
      "mode": "data",
      "type": "aws_iam_policy_document",
      "name": "ipv6_eks_cni_policy",
      "provider": "module.eks_project.provider[\"registry.terraform.io/hashicorp/aws\"]",
      "instances": [
        {
          "index_key": 0,
          "schema_version": 0,
          "attributes": {
            "id": "2157273041",
            "json": "{\n  \"Version\": \"2012-10-17\",\n  \"Statement\": [\n    {\n      \"Effect\": \"Allow\",\n      \"Action\": [\n        \"ec2:UnassignPrivateIpAddresses\",\n        \"ec2:ModifyNetworkInterfaceAttribute\",\n        \"ec2:DetachNetworkInterface\",\n        \"ec2:DescribeTags\",\n        \"ec2:DescribeNetworkInterfaces\",\n        \"ec2:DescribeInstances\",\n        \"ec2:DescribeInstanceTypes\",\n        \"ec2:DeleteNetworkInterface\",\n        \"ec2:CreateNetworkInterface\",\n        \"ec2:AttachNetworkInterface\",\n        \"ec2:AssignPrivateIpAddresses\",\n        \"ec2:AssignIpv6Addresses\"\n      ],\n      \"Resource\": \"*\"\n    },\n    {\n      \"Effect\": \"Allow\",\n      \"Action\": \"ec2:CreateTags\",\n      \"Resource\": \"arn:aws:ec2:*:*:network-interface/*\"\n    }\n  ]\n}",
            "minified_json": "{\"Version\":\"2012-10-17\",\"Statement\":[{\"Effect\":\"Allow\",\"Action\":[\"ec2:UnassignPrivateIpAddresses\",\"ec2:ModifyNetworkInterfaceAttribute\",\"ec2:DetachNetworkInterface\",\"ec2:DescribeTags\",\"ec2:DescribeNetworkInterfaces\",\"ec2:DescribeInstances\",\"ec2:DescribeInstanceTypes\",\"ec2:DeleteNetworkInterface\",\"ec2:CreateNetworkInterface\",\"ec2:AttachNetworkInterface\",\"ec2:AssignPrivateIpAddresses\",\"ec2:AssignIpv6Addresses\"],\"Resource\":\"*\"},{\"Effect\":\"Allow\",\"Action\":\"ec2:CreateTags\",\"Resource\":\"arn:aws:ec2:*:*:network-interface/*\"}]}",
            "override_json": null,
            "override_policy_documents": null,
            "policy_id": null,
            "source_json": null,
            "source_policy_documents": null,
            "statement": [
              {
                "actions": [
                  "ec2:AssignIpv6Addresses",
                  "ec2:AssignPrivateIpAddresses",
                  "ec2:AttachNetworkInterface",
                  "ec2:CreateNetworkInterface",
                  "ec2:DeleteNetworkInterface",
                  "ec2:DescribeInstanceTypes",
                  "ec2:DescribeInstances",
                  "ec2:DescribeNetworkInterfaces",
                  "ec2:DescribeTags",
                  "ec2:DetachNetworkInterface",
                  "ec2:ModifyNetworkInterfaceAttribute",
                  "ec2:UnassignPrivateIpAddresses"
                ],
                "condition": [],
                "effect": "Allow",
                "not_actions": [],
                "not_principals": [],
                "not_resources": [],
                "principals": [],
                "resources": [
                  "*"
                ],
                "sid": ""
              },
              {
                "actions": [
                  "ec2:CreateTags"
                ],
                "condition": [],
                "effect": "Allow",
                "not_actions": [],
                "not_principals": [],
                "not_resources": [],
                "principals": [],
                "resources": [
                  "arn:aws:ec2:*:*:network-interface/*"
                ],
                "sid": ""
              }
            ],
            "version": "2012-10-17"
          },
          "sensitive_attributes": []
        }
      ]
    },
    {
      "module": "module.eks_project.module.eks_node_group",
      "mode": "data",
      "type": "aws_partition",
      "name": "current",
      "provider": "module.eks_project.provider[\"registry.terraform.io/hashicorp/aws\"]",
      "instances": [
        {
          "index_key": 0,
          "schema_version": 0,
          "attributes": {
            "dns_suffix": "amazonaws.com",
            "id": "aws",
            "partition": "aws",
            "reverse_dns_prefix": "com.amazonaws"
          },
          "sensitive_attributes": []
        }
      ]
    },
    {
      "module": "module.eks_project.module.eks_node_group",
      "mode": "managed",
      "type": "aws_eks_node_group",
      "name": "default",
      "provider": "module.eks_project.provider[\"registry.terraform.io/hashicorp/aws\"]",
      "instances": [
        {
          "index_key": 0,
          "schema_version": 0,
          "attributes": {
            "ami_type": "AL2_x86_64",
            "arn": "arn:aws:eks:us-east-1:058264138725:nodegroup/barkuni-dev-eks-cluster/barkuni-dev-eks-workers/64c87f81-6d49-9f7c-7369-c2a9ee63d3eb",
            "capacity_type": "ON_DEMAND",
            "cluster_name": "barkuni-dev-eks-cluster",
            "disk_size": 0,
            "force_update_version": false,
            "id": "barkuni-dev-eks-cluster:barkuni-dev-eks-workers",
            "instance_types": [
              "t3.small"
            ],
            "labels": null,
            "launch_template": [
              {
                "id": "lt-05ea2dcb40244de12",
                "name": "barkuni-dev-eks-workers20240729150134152100000001",
                "version": "1"
              }
            ],
            "node_group_name": "barkuni-dev-eks-workers",
            "node_group_name_prefix": "",
            "node_role_arn": "arn:aws:iam::058264138725:role/barkuni-dev-eks-workers",
            "release_version": "1.29.3-20240703",
            "remote_access": [],
            "resources": [
              {
                "autoscaling_groups": [
                  {
                    "name": "eks-barkuni-dev-eks-workers-64c87f81-6d49-9f7c-7369-c2a9ee63d3eb"
                  }
                ],
                "remote_access_security_group_id": ""
              }
            ],
            "scaling_config": [
              {
                "desired_size": 2,
                "max_size": 3,
                "min_size": 2
              }
            ],
            "status": "ACTIVE",
            "subnet_ids": [
              "subnet-0be152efce8c8e65f",
              "subnet-0e0464491777b3227"
            ],
            "tags": {
              "Attributes": "workers",
              "Name": "barkuni-dev-eks-workers",
              "Namespace": "barkuni",
              "Stage": "dev",
              "kubernetes.io/cluster/barkuni-dev-eks-cluster": "owned"
            },
            "tags_all": {
              "Attributes": "workers",
              "Name": "barkuni-dev-eks-workers",
              "Namespace": "barkuni",
              "Stage": "dev",
              "kubernetes.io/cluster/barkuni-dev-eks-cluster": "owned"
            },
            "taint": [],
            "timeouts": null,
            "update_config": [
              {
                "max_unavailable": 1,
                "max_unavailable_percentage": 0
              }
            ],
            "version": "1.29"
          },
          "sensitive_attributes": [],
          "private": "eyJlMmJmYjczMC1lY2FhLTExZTYtOGY4OC0zNDM2M2JjN2M0YzAiOnsiY3JlYXRlIjozNjAwMDAwMDAwMDAwLCJkZWxldGUiOjM2MDAwMDAwMDAwMDAsInVwZGF0ZSI6MzYwMDAwMDAwMDAwMH19",
          "dependencies": [
            "module.eks_project.module.eks_cluster.aws_cloudwatch_log_group.default",
            "module.eks_project.module.eks_cluster.aws_eks_cluster.default",
            "module.eks_project.module.eks_cluster.aws_iam_role.default",
            "module.eks_project.module.eks_cluster.aws_iam_role_policy_attachment.amazon_eks_cluster_policy",
            "module.eks_project.module.eks_cluster.aws_iam_role_policy_attachment.amazon_eks_service_policy",
            "module.eks_project.module.eks_cluster.aws_iam_role_policy_attachment.cluster_elb_service_role",
            "module.eks_project.module.eks_cluster.aws_kms_alias.cluster",
            "module.eks_project.module.eks_cluster.aws_kms_key.cluster",
            "module.eks_project.module.eks_node_group.aws_iam_role.default",
            "module.eks_project.module.eks_node_group.aws_iam_role_policy_attachment.amazon_ec2_container_registry_read_only",
            "module.eks_project.module.eks_node_group.aws_iam_role_policy_attachment.amazon_eks_worker_node_policy",
            "module.eks_project.module.eks_node_group.aws_iam_role_policy_attachment.existing_policies_for_eks_workers_role",
            "module.eks_project.module.eks_node_group.aws_iam_role_policy_attachment.ipv6_eks_cni_policy",
            "module.eks_project.module.eks_node_group.aws_launch_template.default",
            "module.eks_project.module.eks_node_group.data.aws_ami.selected",
            "module.eks_project.module.eks_node_group.data.aws_eks_cluster.this",
            "module.eks_project.module.eks_node_group.data.aws_launch_template.this",
            "module.eks_project.module.eks_node_group.module.ssh_access.aws_security_group.cbd",
            "module.eks_project.module.eks_node_group.module.ssh_access.aws_security_group.default",
            "module.eks_project.module.eks_node_group.module.ssh_access.aws_security_group_rule.dbc",
            "module.eks_project.module.eks_node_group.module.ssh_access.aws_security_group_rule.keyed",
            "module.eks_project.module.eks_node_group.module.ssh_access.null_resource.sync_rules_and_sg_lifecycles",
            "module.eks_project.module.eks_node_group.module.ssh_access.random_id.rule_change_forces_new_security_group",
            "module.eks_project.module.subnets.aws_eip.default",
            "module.eks_project.module.subnets.aws_eip_association.nat_instance",
            "module.eks_project.module.subnets.aws_instance.nat_instance",
            "module.eks_project.module.subnets.aws_nat_gateway.default",
            "module.eks_project.module.subnets.aws_network_acl.private",
            "module.eks_project.module.subnets.aws_network_acl.public",
            "module.eks_project.module.subnets.aws_network_acl_rule.private4_egress",
            "module.eks_project.module.subnets.aws_network_acl_rule.private4_ingress",
            "module.eks_project.module.subnets.aws_network_acl_rule.private6_egress",
            "module.eks_project.module.subnets.aws_network_acl_rule.private6_ingress",
            "module.eks_project.module.subnets.aws_network_acl_rule.public4_egress",
            "module.eks_project.module.subnets.aws_network_acl_rule.public4_ingress",
            "module.eks_project.module.subnets.aws_network_acl_rule.public6_egress",
            "module.eks_project.module.subnets.aws_network_acl_rule.public6_ingress",
            "module.eks_project.module.subnets.aws_route.nat4",
            "module.eks_project.module.subnets.aws_route.nat_instance",
            "module.eks_project.module.subnets.aws_route.private6",
            "module.eks_project.module.subnets.aws_route.private_nat64",
            "module.eks_project.module.subnets.aws_route.public",
            "module.eks_project.module.subnets.aws_route.public6",
            "module.eks_project.module.subnets.aws_route.public_nat64",
            "module.eks_project.module.subnets.aws_route_table.private",
            "module.eks_project.module.subnets.aws_route_table.public",
            "module.eks_project.module.subnets.aws_route_table_association.private",
            "module.eks_project.module.subnets.aws_route_table_association.public",
            "module.eks_project.module.subnets.aws_security_group.nat_instance",
            "module.eks_project.module.subnets.aws_security_group_rule.nat_instance_egress",
            "module.eks_project.module.subnets.aws_security_group_rule.nat_instance_ingress",
            "module.eks_project.module.subnets.aws_subnet.private",
            "module.eks_project.module.subnets.aws_subnet.public",
            "module.eks_project.module.subnets.data.aws_ami.nat_instance",
            "module.eks_project.module.subnets.data.aws_availability_zones.default",
            "module.eks_project.module.subnets.data.aws_eip.nat",
            "module.eks_project.module.subnets.data.aws_vpc.default",
            "module.eks_project.module.subnets.module.utils.data.aws_iam_policy_document.by_account",
            "module.eks_project.module.subnets.module.utils.data.aws_iam_policy_document.by_region",
            "module.eks_project.module.subnets.module.utils.data.aws_regions.complete",
            "module.eks_project.module.subnets.module.utils.data.aws_regions.default",
            "module.eks_project.module.subnets.module.utils.data.aws_regions.not_opted_in",
            "module.eks_project.module.subnets.module.utils.data.aws_regions.opted_in",
            "module.eks_project.module.vpc.aws_internet_gateway.default",
            "module.eks_project.module.vpc.aws_vpc.default"
          ]
        }
      ]
    },
    {
      "module": "module.eks_project.module.eks_node_group",
      "mode": "managed",
      "type": "aws_iam_policy",
      "name": "ipv6_eks_cni_policy",
      "provider": "module.eks_project.provider[\"registry.terraform.io/hashicorp/aws\"]",
      "instances": [
        {
          "index_key": 0,
          "schema_version": 0,
          "attributes": {
            "arn": "arn:aws:iam::058264138725:policy/barkuni-dev-eks-CNI_Policy",
            "attachment_count": 1,
            "description": "",
            "id": "arn:aws:iam::058264138725:policy/barkuni-dev-eks-CNI_Policy",
            "name": "barkuni-dev-eks-CNI_Policy",
            "name_prefix": "",
            "path": "/",
            "policy": "{\"Statement\":[{\"Action\":[\"ec2:UnassignPrivateIpAddresses\",\"ec2:ModifyNetworkInterfaceAttribute\",\"ec2:DetachNetworkInterface\",\"ec2:DescribeTags\",\"ec2:DescribeNetworkInterfaces\",\"ec2:DescribeInstances\",\"ec2:DescribeInstanceTypes\",\"ec2:DeleteNetworkInterface\",\"ec2:CreateNetworkInterface\",\"ec2:AttachNetworkInterface\",\"ec2:AssignPrivateIpAddresses\",\"ec2:AssignIpv6Addresses\"],\"Effect\":\"Allow\",\"Resource\":\"*\"},{\"Action\":\"ec2:CreateTags\",\"Effect\":\"Allow\",\"Resource\":\"arn:aws:ec2:*:*:network-interface/*\"}],\"Version\":\"2012-10-17\"}",
            "policy_id": "ANPAQ3EGQGPSU2PWRAPKM",
            "tags": {},
            "tags_all": {}
          },
          "sensitive_attributes": [],
          "private": "bnVsbA==",
          "dependencies": [
            "module.eks_project.module.eks_node_group.data.aws_iam_policy_document.ipv6_eks_cni_policy",
            "module.eks_project.module.eks_node_group.data.aws_partition.current"
          ],
          "create_before_destroy": true
        }
      ]
    },
    {
      "module": "module.eks_project.module.eks_node_group",
      "mode": "managed",
      "type": "aws_iam_role",
      "name": "default",
      "provider": "module.eks_project.provider[\"registry.terraform.io/hashicorp/aws\"]",
      "instances": [
        {
          "index_key": 0,
          "schema_version": 0,
          "attributes": {
            "arn": "arn:aws:iam::058264138725:role/barkuni-dev-eks-workers",
            "assume_role_policy": "{\"Statement\":[{\"Action\":\"sts:AssumeRole\",\"Effect\":\"Allow\",\"Principal\":{\"Service\":\"ec2.amazonaws.com\"}}],\"Version\":\"2012-10-17\"}",
            "create_date": "2024-07-29T14:48:51Z",
            "description": "",
            "force_detach_policies": false,
            "id": "barkuni-dev-eks-workers",
            "inline_policy": [],
            "managed_policy_arns": [
              "arn:aws:iam::058264138725:policy/barkuni-dev-eks-CNI_Policy",
              "arn:aws:iam::aws:policy/AmazonEC2ContainerRegistryReadOnly",
              "arn:aws:iam::aws:policy/AmazonEKSWorkerNodePolicy"
            ],
            "max_session_duration": 3600,
            "name": "barkuni-dev-eks-workers",
            "name_prefix": "",
            "path": "/",
            "permissions_boundary": "",
            "tags": {
              "Attributes": "workers",
              "Name": "barkuni-dev-eks-workers",
              "Namespace": "barkuni",
              "Stage": "dev"
            },
            "tags_all": {
              "Attributes": "workers",
              "Name": "barkuni-dev-eks-workers",
              "Namespace": "barkuni",
              "Stage": "dev"
            },
            "unique_id": "AROAQ3EGQGPSUZ24B7I25"
          },
          "sensitive_attributes": [],
          "private": "bnVsbA==",
          "dependencies": [
            "module.eks_project.module.eks_node_group.data.aws_iam_policy_document.assume_role"
          ],
          "create_before_destroy": true
        }
      ]
    },
    {
      "module": "module.eks_project.module.eks_node_group",
      "mode": "managed",
      "type": "aws_iam_role_policy_attachment",
      "name": "amazon_ec2_container_registry_read_only",
      "provider": "module.eks_project.provider[\"registry.terraform.io/hashicorp/aws\"]",
      "instances": [
        {
          "index_key": 0,
          "schema_version": 0,
          "attributes": {
            "id": "barkuni-dev-eks-workers-20240729144852248700000001",
            "policy_arn": "arn:aws:iam::aws:policy/AmazonEC2ContainerRegistryReadOnly",
            "role": "barkuni-dev-eks-workers"
          },
          "sensitive_attributes": [],
          "private": "bnVsbA==",
          "dependencies": [
            "module.eks_project.module.eks_node_group.aws_iam_role.default",
            "module.eks_project.module.eks_node_group.data.aws_iam_policy_document.assume_role",
            "module.eks_project.module.eks_node_group.data.aws_partition.current"
          ],
          "create_before_destroy": true
        }
      ]
    },
    {
      "module": "module.eks_project.module.eks_node_group",
      "mode": "managed",
      "type": "aws_iam_role_policy_attachment",
      "name": "amazon_eks_worker_node_policy",
      "provider": "module.eks_project.provider[\"registry.terraform.io/hashicorp/aws\"]",
      "instances": [
        {
          "index_key": 0,
          "schema_version": 0,
          "attributes": {
            "id": "barkuni-dev-eks-workers-20240729144852294200000002",
            "policy_arn": "arn:aws:iam::aws:policy/AmazonEKSWorkerNodePolicy",
            "role": "barkuni-dev-eks-workers"
          },
          "sensitive_attributes": [],
          "private": "bnVsbA==",
          "dependencies": [
            "module.eks_project.module.eks_node_group.aws_iam_role.default",
            "module.eks_project.module.eks_node_group.data.aws_iam_policy_document.assume_role",
            "module.eks_project.module.eks_node_group.data.aws_partition.current"
          ],
          "create_before_destroy": true
        }
      ]
    },
    {
      "module": "module.eks_project.module.eks_node_group",
      "mode": "managed",
      "type": "aws_iam_role_policy_attachment",
      "name": "ipv6_eks_cni_policy",
      "provider": "module.eks_project.provider[\"registry.terraform.io/hashicorp/aws\"]",
      "instances": [
        {
          "index_key": 0,
          "schema_version": 0,
          "attributes": {
            "id": "barkuni-dev-eks-workers-20240729144852346200000005",
            "policy_arn": "arn:aws:iam::058264138725:policy/barkuni-dev-eks-CNI_Policy",
            "role": "barkuni-dev-eks-workers"
          },
          "sensitive_attributes": [],
          "private": "bnVsbA==",
          "dependencies": [
            "module.eks_project.module.eks_node_group.aws_iam_policy.ipv6_eks_cni_policy",
            "module.eks_project.module.eks_node_group.aws_iam_role.default",
            "module.eks_project.module.eks_node_group.data.aws_iam_policy_document.assume_role",
            "module.eks_project.module.eks_node_group.data.aws_iam_policy_document.ipv6_eks_cni_policy",
            "module.eks_project.module.eks_node_group.data.aws_partition.current"
          ],
          "create_before_destroy": true
        }
      ]
    },
    {
      "module": "module.eks_project.module.eks_node_group",
      "mode": "managed",
      "type": "aws_launch_template",
      "name": "default",
      "provider": "module.eks_project.provider[\"registry.terraform.io/hashicorp/aws\"]",
      "instances": [
        {
          "index_key": 0,
          "schema_version": 0,
          "attributes": {
            "arn": "arn:aws:ec2:us-east-1:058264138725:launch-template/lt-05ea2dcb40244de12",
            "block_device_mappings": [
              {
                "device_name": "/dev/xvda",
                "ebs": [
                  {
                    "delete_on_termination": "true",
                    "encrypted": "true",
                    "iops": 0,
                    "kms_key_id": "",
                    "snapshot_id": "",
                    "throughput": 0,
                    "volume_size": 20,
                    "volume_type": "gp3"
                  }
                ],
                "no_device": "",
                "virtual_name": ""
              }
            ],
            "capacity_reservation_specification": [],
            "cpu_options": [],
            "credit_specification": [],
            "default_version": 1,
            "description": "",
            "disable_api_stop": false,
            "disable_api_termination": false,
            "ebs_optimized": "true",
            "elastic_gpu_specifications": [],
            "elastic_inference_accelerator": [],
            "enclave_options": [],
            "hibernation_options": [],
            "iam_instance_profile": [],
            "id": "lt-05ea2dcb40244de12",
            "image_id": "",
            "instance_initiated_shutdown_behavior": "",
            "instance_market_options": [],
            "instance_requirements": [],
            "instance_type": "",
            "kernel_id": "",
            "key_name": "",
            "latest_version": 1,
            "license_specification": [],
            "maintenance_options": [],
            "metadata_options": [
              {
                "http_endpoint": "enabled",
                "http_protocol_ipv6": "",
                "http_put_response_hop_limit": 2,
                "http_tokens": "required",
                "instance_metadata_tags": ""
              }
            ],
            "monitoring": [
              {
                "enabled": false
              }
            ],
            "name": "barkuni-dev-eks-workers20240729150134152100000001",
            "name_prefix": "barkuni-dev-eks-workers",
            "network_interfaces": [],
            "placement": [],
            "private_dns_name_options": [],
            "ram_disk_id": "",
            "security_group_names": null,
            "tag_specifications": [
              {
                "resource_type": "instance",
                "tags": {
                  "Attributes": "workers",
                  "Name": "barkuni-dev-eks-workers",
                  "Namespace": "barkuni",
                  "Stage": "dev",
                  "kubernetes.io/cluster/barkuni-dev-eks-cluster": "owned"
                }
              },
              {
                "resource_type": "volume",
                "tags": {
                  "Attributes": "workers",
                  "Name": "barkuni-dev-eks-workers",
                  "Namespace": "barkuni",
                  "Stage": "dev",
                  "kubernetes.io/cluster/barkuni-dev-eks-cluster": "owned"
                }
              },
              {
                "resource_type": "network-interface",
                "tags": {
                  "Attributes": "workers",
                  "Name": "barkuni-dev-eks-workers",
                  "Namespace": "barkuni",
                  "Stage": "dev",
                  "kubernetes.io/cluster/barkuni-dev-eks-cluster": "owned"
                }
              }
            ],
            "tags": {
              "Attributes": "workers",
              "Name": "barkuni-dev-eks-workers",
              "Namespace": "barkuni",
              "Stage": "dev",
              "kubernetes.io/cluster/barkuni-dev-eks-cluster": "owned"
            },
            "tags_all": {
              "Attributes": "workers",
              "Name": "barkuni-dev-eks-workers",
              "Namespace": "barkuni",
              "Stage": "dev",
              "kubernetes.io/cluster/barkuni-dev-eks-cluster": "owned"
            },
            "update_default_version": true,
            "user_data": "",
            "vpc_security_group_ids": null
          },
          "sensitive_attributes": [],
          "private": "bnVsbA==",
          "dependencies": [
            "module.eks_project.module.eks_cluster.aws_cloudwatch_log_group.default",
            "module.eks_project.module.eks_cluster.aws_eks_cluster.default",
            "module.eks_project.module.eks_cluster.aws_iam_role.default",
            "module.eks_project.module.eks_cluster.aws_iam_role_policy_attachment.amazon_eks_cluster_policy",
            "module.eks_project.module.eks_cluster.aws_iam_role_policy_attachment.amazon_eks_service_policy",
            "module.eks_project.module.eks_cluster.aws_iam_role_policy_attachment.cluster_elb_service_role",
            "module.eks_project.module.eks_cluster.aws_kms_alias.cluster",
            "module.eks_project.module.eks_cluster.aws_kms_key.cluster",
            "module.eks_project.module.eks_node_group.data.aws_ami.selected",
            "module.eks_project.module.eks_node_group.data.aws_eks_cluster.this",
            "module.eks_project.module.eks_node_group.module.ssh_access.aws_security_group.cbd",
            "module.eks_project.module.eks_node_group.module.ssh_access.aws_security_group.default",
            "module.eks_project.module.eks_node_group.module.ssh_access.aws_security_group_rule.dbc",
            "module.eks_project.module.eks_node_group.module.ssh_access.aws_security_group_rule.keyed",
            "module.eks_project.module.eks_node_group.module.ssh_access.null_resource.sync_rules_and_sg_lifecycles",
            "module.eks_project.module.eks_node_group.module.ssh_access.random_id.rule_change_forces_new_security_group",
            "module.eks_project.module.subnets.aws_eip.default",
            "module.eks_project.module.subnets.aws_eip_association.nat_instance",
            "module.eks_project.module.subnets.aws_instance.nat_instance",
            "module.eks_project.module.subnets.aws_nat_gateway.default",
            "module.eks_project.module.subnets.aws_network_acl.private",
            "module.eks_project.module.subnets.aws_network_acl.public",
            "module.eks_project.module.subnets.aws_network_acl_rule.private4_egress",
            "module.eks_project.module.subnets.aws_network_acl_rule.private4_ingress",
            "module.eks_project.module.subnets.aws_network_acl_rule.private6_egress",
            "module.eks_project.module.subnets.aws_network_acl_rule.private6_ingress",
            "module.eks_project.module.subnets.aws_network_acl_rule.public4_egress",
            "module.eks_project.module.subnets.aws_network_acl_rule.public4_ingress",
            "module.eks_project.module.subnets.aws_network_acl_rule.public6_egress",
            "module.eks_project.module.subnets.aws_network_acl_rule.public6_ingress",
            "module.eks_project.module.subnets.aws_route.nat4",
            "module.eks_project.module.subnets.aws_route.nat_instance",
            "module.eks_project.module.subnets.aws_route.private6",
            "module.eks_project.module.subnets.aws_route.private_nat64",
            "module.eks_project.module.subnets.aws_route.public",
            "module.eks_project.module.subnets.aws_route.public6",
            "module.eks_project.module.subnets.aws_route.public_nat64",
            "module.eks_project.module.subnets.aws_route_table.private",
            "module.eks_project.module.subnets.aws_route_table.public",
            "module.eks_project.module.subnets.aws_route_table_association.private",
            "module.eks_project.module.subnets.aws_route_table_association.public",
            "module.eks_project.module.subnets.aws_security_group.nat_instance",
            "module.eks_project.module.subnets.aws_security_group_rule.nat_instance_egress",
            "module.eks_project.module.subnets.aws_security_group_rule.nat_instance_ingress",
            "module.eks_project.module.subnets.aws_subnet.private",
            "module.eks_project.module.subnets.aws_subnet.public",
            "module.eks_project.module.subnets.data.aws_ami.nat_instance",
            "module.eks_project.module.subnets.data.aws_availability_zones.default",
            "module.eks_project.module.subnets.data.aws_eip.nat",
            "module.eks_project.module.subnets.data.aws_vpc.default",
            "module.eks_project.module.subnets.module.utils.data.aws_iam_policy_document.by_account",
            "module.eks_project.module.subnets.module.utils.data.aws_iam_policy_document.by_region",
            "module.eks_project.module.subnets.module.utils.data.aws_regions.complete",
            "module.eks_project.module.subnets.module.utils.data.aws_regions.default",
            "module.eks_project.module.subnets.module.utils.data.aws_regions.not_opted_in",
            "module.eks_project.module.subnets.module.utils.data.aws_regions.opted_in",
            "module.eks_project.module.vpc.aws_internet_gateway.default",
            "module.eks_project.module.vpc.aws_vpc.default"
          ]
        }
      ]
    },
    {
      "module": "module.eks_project.module.subnets",
      "mode": "data",
      "type": "aws_availability_zones",
      "name": "default",
      "provider": "module.eks_project.provider[\"registry.terraform.io/hashicorp/aws\"]",
      "instances": [
        {
          "index_key": 0,
          "schema_version": 0,
          "attributes": {
            "all_availability_zones": null,
            "exclude_names": null,
            "exclude_zone_ids": null,
            "filter": [
              {
                "name": "opt-in-status",
                "values": [
                  "opt-in-not-required"
                ]
              }
            ],
            "group_names": [
              "us-east-1"
            ],
            "id": "us-east-1",
            "names": [
              "us-east-1a",
              "us-east-1b",
              "us-east-1c",
              "us-east-1d",
              "us-east-1e",
              "us-east-1f"
            ],
            "state": null,
            "timeouts": null,
            "zone_ids": [
              "use1-az2",
              "use1-az4",
              "use1-az6",
              "use1-az1",
              "use1-az3",
              "use1-az5"
            ]
          },
          "sensitive_attributes": []
        }
      ]
    },
    {
      "module": "module.eks_project.module.subnets",
      "mode": "managed",
      "type": "aws_eip",
      "name": "default",
      "provider": "module.eks_project.provider[\"registry.terraform.io/hashicorp/aws\"]",
      "instances": [
        {
          "index_key": 0,
          "schema_version": 0,
          "attributes": {
            "address": null,
            "allocation_id": "eipalloc-0e3c2630b68b84bfb",
            "arn": "arn:aws:ec2:us-east-1:058264138725:elastic-ip/eipalloc-0e3c2630b68b84bfb",
            "associate_with_private_ip": null,
            "association_id": "eipassoc-0b6243e316e622692",
            "carrier_ip": "",
            "customer_owned_ip": "",
            "customer_owned_ipv4_pool": "",
            "domain": "vpc",
            "id": "eipalloc-0e3c2630b68b84bfb",
            "instance": "",
            "network_border_group": "us-east-1",
            "network_interface": "eni-07955fb24137f89a5",
            "private_dns": "ip-172-17-98-12.ec2.internal",
            "private_ip": "172.17.98.12",
            "ptr_record": "",
            "public_dns": "ec2-23-23-130-12.compute-1.amazonaws.com",
            "public_ip": "23.23.130.12",
            "public_ipv4_pool": "amazon",
            "tags": {
              "Attributes": "nat",
              "Name": "barkuni-dev-eks-nat-use1a",
              "Namespace": "barkuni",
              "Stage": "dev",
              "kubernetes.io/cluster/barkuni-dev-eks-cluster": "shared"
            },
            "tags_all": {
              "Attributes": "nat",
              "Name": "barkuni-dev-eks-nat-use1a",
              "Namespace": "barkuni",
              "Stage": "dev",
              "kubernetes.io/cluster/barkuni-dev-eks-cluster": "shared"
            },
            "timeouts": null,
            "vpc": true
          },
          "sensitive_attributes": [],
          "private": "eyJlMmJmYjczMC1lY2FhLTExZTYtOGY4OC0zNDM2M2JjN2M0YzAiOnsiZGVsZXRlIjoxODAwMDAwMDAwMDAsInJlYWQiOjkwMDAwMDAwMDAwMCwidXBkYXRlIjozMDAwMDAwMDAwMDB9fQ==",
          "dependencies": [
            "module.eks_project.module.subnets.data.aws_availability_zones.default"
          ],
          "create_before_destroy": true
        }
      ]
    },
    {
      "module": "module.eks_project.module.subnets",
      "mode": "managed",
      "type": "aws_nat_gateway",
      "name": "default",
      "provider": "module.eks_project.provider[\"registry.terraform.io/hashicorp/aws\"]",
      "instances": [
        {
          "index_key": 0,
          "schema_version": 0,
          "attributes": {
            "allocation_id": "eipalloc-0e3c2630b68b84bfb",
            "association_id": "eipassoc-0b6243e316e622692",
            "connectivity_type": "public",
            "id": "nat-000b9ced6bb65c516",
            "network_interface_id": "eni-07955fb24137f89a5",
            "private_ip": "172.17.98.12",
            "public_ip": "23.23.130.12",
            "secondary_allocation_ids": [],
            "secondary_private_ip_address_count": 0,
            "secondary_private_ip_addresses": [],
            "subnet_id": "subnet-09ca129fa12441fd2",
            "tags": {
              "Attributes": "nat",
              "Name": "barkuni-dev-eks-nat-use1a",
              "Namespace": "barkuni",
              "Stage": "dev",
              "kubernetes.io/cluster/barkuni-dev-eks-cluster": "shared"
            },
            "tags_all": {
              "Attributes": "nat",
              "Name": "barkuni-dev-eks-nat-use1a",
              "Namespace": "barkuni",
              "Stage": "dev",
              "kubernetes.io/cluster/barkuni-dev-eks-cluster": "shared"
            },
            "timeouts": null
          },
          "sensitive_attributes": [],
          "private": "eyJlMmJmYjczMC1lY2FhLTExZTYtOGY4OC0zNDM2M2JjN2M0YzAiOnsiY3JlYXRlIjo2MDAwMDAwMDAwMDAsImRlbGV0ZSI6MTgwMDAwMDAwMDAwMCwidXBkYXRlIjo2MDAwMDAwMDAwMDB9fQ==",
          "dependencies": [
            "module.eks_project.module.subnets.aws_eip.default",
            "module.eks_project.module.subnets.aws_eip_association.nat_instance",
            "module.eks_project.module.subnets.aws_instance.nat_instance",
            "module.eks_project.module.subnets.aws_security_group.nat_instance",
            "module.eks_project.module.subnets.aws_subnet.public",
            "module.eks_project.module.subnets.data.aws_ami.nat_instance",
            "module.eks_project.module.subnets.data.aws_availability_zones.default",
            "module.eks_project.module.subnets.data.aws_eip.nat",
            "module.eks_project.module.subnets.data.aws_vpc.default",
            "module.eks_project.module.vpc.aws_vpc.default"
          ],
          "create_before_destroy": true
        }
      ]
    },
    {
      "module": "module.eks_project.module.subnets",
      "mode": "managed",
      "type": "aws_network_acl",
      "name": "private",
      "provider": "module.eks_project.provider[\"registry.terraform.io/hashicorp/aws\"]",
      "instances": [
        {
          "index_key": 0,
          "schema_version": 0,
          "attributes": {
            "arn": "arn:aws:ec2:us-east-1:058264138725:network-acl/acl-0eea87c7a8ee14bde",
            "egress": [
              {
                "action": "allow",
                "cidr_block": "",
                "from_port": 0,
                "icmp_code": 0,
                "icmp_type": 0,
                "ipv6_cidr_block": "::/0",
                "protocol": "-1",
                "rule_no": 111,
                "to_port": 0
              },
              {
                "action": "allow",
                "cidr_block": "0.0.0.0/0",
                "from_port": 0,
                "icmp_code": 0,
                "icmp_type": 0,
                "ipv6_cidr_block": "",
                "protocol": "-1",
                "rule_no": 100,
                "to_port": 0
              }
            ],
            "id": "acl-0eea87c7a8ee14bde",
            "ingress": [
              {
                "action": "allow",
                "cidr_block": "",
                "from_port": 0,
                "icmp_code": 0,
                "icmp_type": 0,
                "ipv6_cidr_block": "::/0",
                "protocol": "-1",
                "rule_no": 111,
                "to_port": 0
              },
              {
                "action": "allow",
                "cidr_block": "0.0.0.0/0",
                "from_port": 0,
                "icmp_code": 0,
                "icmp_type": 0,
                "ipv6_cidr_block": "",
                "protocol": "-1",
                "rule_no": 100,
                "to_port": 0
              }
            ],
            "owner_id": "058264138725",
            "subnet_ids": [
              "subnet-0be152efce8c8e65f",
              "subnet-0e0464491777b3227"
            ],
            "tags": {
              "Attributes": "private",
              "Name": "barkuni-dev-eks-private",
              "Namespace": "barkuni",
              "Stage": "dev",
              "kubernetes.io/cluster/barkuni-dev-eks-cluster": "shared",
              "kubernetes.io/role/internal-elb": "1"
            },
            "tags_all": {
              "Attributes": "private",
              "Name": "barkuni-dev-eks-private",
              "Namespace": "barkuni",
              "Stage": "dev",
              "kubernetes.io/cluster/barkuni-dev-eks-cluster": "shared",
              "kubernetes.io/role/internal-elb": "1"
            },
            "vpc_id": "vpc-00f2c0838b611699e"
          },
          "sensitive_attributes": [],
          "private": "bnVsbA==",
          "dependencies": [
            "module.eks_project.module.subnets.aws_subnet.private",
            "module.eks_project.module.subnets.data.aws_availability_zones.default",
            "module.eks_project.module.subnets.data.aws_vpc.default",
            "module.eks_project.module.vpc.aws_vpc.default"
          ],
          "create_before_destroy": true
        }
      ]
    },
    {
      "module": "module.eks_project.module.subnets",
      "mode": "managed",
      "type": "aws_network_acl",
      "name": "public",
      "provider": "module.eks_project.provider[\"registry.terraform.io/hashicorp/aws\"]",
      "instances": [
        {
          "index_key": 0,
          "schema_version": 0,
          "attributes": {
            "arn": "arn:aws:ec2:us-east-1:058264138725:network-acl/acl-05bca9f0f56a52033",
            "egress": [
              {
                "action": "allow",
                "cidr_block": "",
                "from_port": 0,
                "icmp_code": 0,
                "icmp_type": 0,
                "ipv6_cidr_block": "::/0",
                "protocol": "-1",
                "rule_no": 111,
                "to_port": 0
              },
              {
                "action": "allow",
                "cidr_block": "0.0.0.0/0",
                "from_port": 0,
                "icmp_code": 0,
                "icmp_type": 0,
                "ipv6_cidr_block": "",
                "protocol": "-1",
                "rule_no": 100,
                "to_port": 0
              }
            ],
            "id": "acl-05bca9f0f56a52033",
            "ingress": [
              {
                "action": "allow",
                "cidr_block": "",
                "from_port": 0,
                "icmp_code": 0,
                "icmp_type": 0,
                "ipv6_cidr_block": "::/0",
                "protocol": "-1",
                "rule_no": 111,
                "to_port": 0
              },
              {
                "action": "allow",
                "cidr_block": "0.0.0.0/0",
                "from_port": 0,
                "icmp_code": 0,
                "icmp_type": 0,
                "ipv6_cidr_block": "",
                "protocol": "-1",
                "rule_no": 100,
                "to_port": 0
              }
            ],
            "owner_id": "058264138725",
            "subnet_ids": [
              "subnet-0460be9f9a6c47230",
              "subnet-09ca129fa12441fd2"
            ],
            "tags": {
              "Attributes": "public",
              "Name": "barkuni-dev-eks-public",
              "Namespace": "barkuni",
              "Stage": "dev",
              "kubernetes.io/cluster/barkuni-dev-eks-cluster": "shared",
              "kubernetes.io/role/elb": "1"
            },
            "tags_all": {
              "Attributes": "public",
              "Name": "barkuni-dev-eks-public",
              "Namespace": "barkuni",
              "Stage": "dev",
              "kubernetes.io/cluster/barkuni-dev-eks-cluster": "shared",
              "kubernetes.io/role/elb": "1"
            },
            "vpc_id": "vpc-00f2c0838b611699e"
          },
          "sensitive_attributes": [],
          "private": "bnVsbA==",
          "dependencies": [
            "module.eks_project.module.subnets.aws_subnet.public",
            "module.eks_project.module.subnets.data.aws_availability_zones.default",
            "module.eks_project.module.subnets.data.aws_vpc.default",
            "module.eks_project.module.vpc.aws_vpc.default"
          ],
          "create_before_destroy": true
        }
      ]
    },
    {
      "module": "module.eks_project.module.subnets",
      "mode": "managed",
      "type": "aws_network_acl_rule",
      "name": "private4_egress",
      "provider": "module.eks_project.provider[\"registry.terraform.io/hashicorp/aws\"]",
      "instances": [
        {
          "index_key": 0,
          "schema_version": 0,
          "attributes": {
            "cidr_block": "0.0.0.0/0",
            "egress": true,
            "from_port": 0,
            "icmp_code": null,
            "icmp_type": null,
            "id": "nacl-3979865105",
            "ipv6_cidr_block": "",
            "network_acl_id": "acl-0eea87c7a8ee14bde",
            "protocol": "-1",
            "rule_action": "allow",
            "rule_number": 100,
            "to_port": 0
          },
          "sensitive_attributes": [],
          "private": "bnVsbA==",
          "dependencies": [
            "module.eks_project.module.subnets.aws_network_acl.private",
            "module.eks_project.module.subnets.aws_subnet.private",
            "module.eks_project.module.subnets.data.aws_availability_zones.default",
            "module.eks_project.module.subnets.data.aws_vpc.default",
            "module.eks_project.module.vpc.aws_vpc.default"
          ],
          "create_before_destroy": true
        }
      ]
    },
    {
      "module": "module.eks_project.module.subnets",
      "mode": "managed",
      "type": "aws_network_acl_rule",
      "name": "private4_ingress",
      "provider": "module.eks_project.provider[\"registry.terraform.io/hashicorp/aws\"]",
      "instances": [
        {
          "index_key": 0,
          "schema_version": 0,
          "attributes": {
            "cidr_block": "0.0.0.0/0",
            "egress": false,
            "from_port": 0,
            "icmp_code": null,
            "icmp_type": null,
            "id": "nacl-830723203",
            "ipv6_cidr_block": "",
            "network_acl_id": "acl-0eea87c7a8ee14bde",
            "protocol": "-1",
            "rule_action": "allow",
            "rule_number": 100,
            "to_port": 0
          },
          "sensitive_attributes": [],
          "private": "bnVsbA==",
          "dependencies": [
            "module.eks_project.module.subnets.aws_network_acl.private",
            "module.eks_project.module.subnets.aws_subnet.private",
            "module.eks_project.module.subnets.data.aws_availability_zones.default",
            "module.eks_project.module.subnets.data.aws_vpc.default",
            "module.eks_project.module.vpc.aws_vpc.default"
          ],
          "create_before_destroy": true
        }
      ]
    },
    {
      "module": "module.eks_project.module.subnets",
      "mode": "managed",
      "type": "aws_network_acl_rule",
      "name": "private6_egress",
      "provider": "module.eks_project.provider[\"registry.terraform.io/hashicorp/aws\"]",
      "instances": [
        {
          "index_key": 0,
          "schema_version": 0,
          "attributes": {
            "cidr_block": "",
            "egress": true,
            "from_port": 0,
            "icmp_code": null,
            "icmp_type": null,
            "id": "nacl-3279640815",
            "ipv6_cidr_block": "::/0",
            "network_acl_id": "acl-0eea87c7a8ee14bde",
            "protocol": "-1",
            "rule_action": "allow",
            "rule_number": 111,
            "to_port": 0
          },
          "sensitive_attributes": [],
          "private": "bnVsbA==",
          "dependencies": [
            "module.eks_project.module.subnets.aws_network_acl.private",
            "module.eks_project.module.subnets.aws_subnet.private",
            "module.eks_project.module.subnets.data.aws_availability_zones.default",
            "module.eks_project.module.subnets.data.aws_vpc.default",
            "module.eks_project.module.vpc.aws_vpc.default"
          ],
          "create_before_destroy": true
        }
      ]
    },
    {
      "module": "module.eks_project.module.subnets",
      "mode": "managed",
      "type": "aws_network_acl_rule",
      "name": "private6_ingress",
      "provider": "module.eks_project.provider[\"registry.terraform.io/hashicorp/aws\"]",
      "instances": [
        {
          "index_key": 0,
          "schema_version": 0,
          "attributes": {
            "cidr_block": "",
            "egress": false,
            "from_port": 0,
            "icmp_code": null,
            "icmp_type": null,
            "id": "nacl-1806190380",
            "ipv6_cidr_block": "::/0",
            "network_acl_id": "acl-0eea87c7a8ee14bde",
            "protocol": "-1",
            "rule_action": "allow",
            "rule_number": 111,
            "to_port": 0
          },
          "sensitive_attributes": [],
          "private": "bnVsbA==",
          "dependencies": [
            "module.eks_project.module.subnets.aws_network_acl.private",
            "module.eks_project.module.subnets.aws_subnet.private",
            "module.eks_project.module.subnets.data.aws_availability_zones.default",
            "module.eks_project.module.subnets.data.aws_vpc.default",
            "module.eks_project.module.vpc.aws_vpc.default"
          ],
          "create_before_destroy": true
        }
      ]
    },
    {
      "module": "module.eks_project.module.subnets",
      "mode": "managed",
      "type": "aws_network_acl_rule",
      "name": "public4_egress",
      "provider": "module.eks_project.provider[\"registry.terraform.io/hashicorp/aws\"]",
      "instances": [
        {
          "index_key": 0,
          "schema_version": 0,
          "attributes": {
            "cidr_block": "0.0.0.0/0",
            "egress": true,
            "from_port": 0,
            "icmp_code": null,
            "icmp_type": null,
            "id": "nacl-3060444327",
            "ipv6_cidr_block": "",
            "network_acl_id": "acl-05bca9f0f56a52033",
            "protocol": "-1",
            "rule_action": "allow",
            "rule_number": 100,
            "to_port": 0
          },
          "sensitive_attributes": [],
          "private": "bnVsbA==",
          "dependencies": [
            "module.eks_project.module.subnets.aws_network_acl.public",
            "module.eks_project.module.subnets.aws_subnet.public",
            "module.eks_project.module.subnets.data.aws_availability_zones.default",
            "module.eks_project.module.subnets.data.aws_vpc.default",
            "module.eks_project.module.vpc.aws_vpc.default"
          ],
          "create_before_destroy": true
        }
      ]
    },
    {
      "module": "module.eks_project.module.subnets",
      "mode": "managed",
      "type": "aws_network_acl_rule",
      "name": "public4_ingress",
      "provider": "module.eks_project.provider[\"registry.terraform.io/hashicorp/aws\"]",
      "instances": [
        {
          "index_key": 0,
          "schema_version": 0,
          "attributes": {
            "cidr_block": "0.0.0.0/0",
            "egress": false,
            "from_port": 0,
            "icmp_code": null,
            "icmp_type": null,
            "id": "nacl-333094778",
            "ipv6_cidr_block": "",
            "network_acl_id": "acl-05bca9f0f56a52033",
            "protocol": "-1",
            "rule_action": "allow",
            "rule_number": 100,
            "to_port": 0
          },
          "sensitive_attributes": [],
          "private": "bnVsbA==",
          "dependencies": [
            "module.eks_project.module.subnets.aws_network_acl.public",
            "module.eks_project.module.subnets.aws_subnet.public",
            "module.eks_project.module.subnets.data.aws_availability_zones.default",
            "module.eks_project.module.subnets.data.aws_vpc.default",
            "module.eks_project.module.vpc.aws_vpc.default"
          ],
          "create_before_destroy": true
        }
      ]
    },
    {
      "module": "module.eks_project.module.subnets",
      "mode": "managed",
      "type": "aws_network_acl_rule",
      "name": "public6_egress",
      "provider": "module.eks_project.provider[\"registry.terraform.io/hashicorp/aws\"]",
      "instances": [
        {
          "index_key": 0,
          "schema_version": 0,
          "attributes": {
            "cidr_block": "",
            "egress": true,
            "from_port": 0,
            "icmp_code": null,
            "icmp_type": null,
            "id": "nacl-2552633433",
            "ipv6_cidr_block": "::/0",
            "network_acl_id": "acl-05bca9f0f56a52033",
            "protocol": "-1",
            "rule_action": "allow",
            "rule_number": 111,
            "to_port": 0
          },
          "sensitive_attributes": [],
          "private": "bnVsbA==",
          "dependencies": [
            "module.eks_project.module.subnets.aws_network_acl.public",
            "module.eks_project.module.subnets.aws_subnet.public",
            "module.eks_project.module.subnets.data.aws_availability_zones.default",
            "module.eks_project.module.subnets.data.aws_vpc.default",
            "module.eks_project.module.vpc.aws_vpc.default"
          ],
          "create_before_destroy": true
        }
      ]
    },
    {
      "module": "module.eks_project.module.subnets",
      "mode": "managed",
      "type": "aws_network_acl_rule",
      "name": "public6_ingress",
      "provider": "module.eks_project.provider[\"registry.terraform.io/hashicorp/aws\"]",
      "instances": [
        {
          "index_key": 0,
          "schema_version": 0,
          "attributes": {
            "cidr_block": "",
            "egress": false,
            "from_port": 0,
            "icmp_code": null,
            "icmp_type": null,
            "id": "nacl-1240534229",
            "ipv6_cidr_block": "::/0",
            "network_acl_id": "acl-05bca9f0f56a52033",
            "protocol": "-1",
            "rule_action": "allow",
            "rule_number": 111,
            "to_port": 0
          },
          "sensitive_attributes": [],
          "private": "bnVsbA==",
          "dependencies": [
            "module.eks_project.module.subnets.aws_network_acl.public",
            "module.eks_project.module.subnets.aws_subnet.public",
            "module.eks_project.module.subnets.data.aws_availability_zones.default",
            "module.eks_project.module.subnets.data.aws_vpc.default",
            "module.eks_project.module.vpc.aws_vpc.default"
          ],
          "create_before_destroy": true
        }
      ]
    },
    {
      "module": "module.eks_project.module.subnets",
      "mode": "managed",
      "type": "aws_route",
      "name": "nat4",
      "provider": "module.eks_project.provider[\"registry.terraform.io/hashicorp/aws\"]",
      "instances": [
        {
          "index_key": 0,
          "schema_version": 0,
          "attributes": {
            "carrier_gateway_id": "",
            "core_network_arn": "",
            "destination_cidr_block": "0.0.0.0/0",
            "destination_ipv6_cidr_block": "",
            "destination_prefix_list_id": "",
            "egress_only_gateway_id": "",
            "gateway_id": "",
            "id": "r-rtb-06c0abb9c84fb57d41080289494",
            "instance_id": "",
            "instance_owner_id": "",
            "local_gateway_id": "",
            "nat_gateway_id": "nat-000b9ced6bb65c516",
            "network_interface_id": "",
            "origin": "CreateRoute",
            "route_table_id": "rtb-06c0abb9c84fb57d4",
            "state": "active",
            "timeouts": {
              "create": null,
              "delete": null,
              "update": null
            },
            "transit_gateway_id": "",
            "vpc_endpoint_id": "",
            "vpc_peering_connection_id": ""
          },
          "sensitive_attributes": [],
          "private": "eyJlMmJmYjczMC1lY2FhLTExZTYtOGY4OC0zNDM2M2JjN2M0YzAiOnsiY3JlYXRlIjozMDAwMDAwMDAwMDAsImRlbGV0ZSI6MzAwMDAwMDAwMDAwLCJ1cGRhdGUiOjEyMDAwMDAwMDAwMH19",
          "dependencies": [
            "module.eks_project.module.subnets.aws_eip.default",
            "module.eks_project.module.subnets.aws_eip_association.nat_instance",
            "module.eks_project.module.subnets.aws_instance.nat_instance",
            "module.eks_project.module.subnets.aws_nat_gateway.default",
            "module.eks_project.module.subnets.aws_route_table.private",
            "module.eks_project.module.subnets.aws_security_group.nat_instance",
            "module.eks_project.module.subnets.aws_subnet.public",
            "module.eks_project.module.subnets.data.aws_ami.nat_instance",
            "module.eks_project.module.subnets.data.aws_availability_zones.default",
            "module.eks_project.module.subnets.data.aws_eip.nat",
            "module.eks_project.module.subnets.data.aws_vpc.default",
            "module.eks_project.module.vpc.aws_vpc.default"
          ],
          "create_before_destroy": true
        },
        {
          "index_key": 1,
          "schema_version": 0,
          "attributes": {
            "carrier_gateway_id": "",
            "core_network_arn": "",
            "destination_cidr_block": "0.0.0.0/0",
            "destination_ipv6_cidr_block": "",
            "destination_prefix_list_id": "",
            "egress_only_gateway_id": "",
            "gateway_id": "",
            "id": "r-rtb-04d31dad9d48f11801080289494",
            "instance_id": "",
            "instance_owner_id": "",
            "local_gateway_id": "",
            "nat_gateway_id": "nat-000b9ced6bb65c516",
            "network_interface_id": "",
            "origin": "CreateRoute",
            "route_table_id": "rtb-04d31dad9d48f1180",
            "state": "active",
            "timeouts": {
              "create": null,
              "delete": null,
              "update": null
            },
            "transit_gateway_id": "",
            "vpc_endpoint_id": "",
            "vpc_peering_connection_id": ""
          },
          "sensitive_attributes": [],
          "private": "eyJlMmJmYjczMC1lY2FhLTExZTYtOGY4OC0zNDM2M2JjN2M0YzAiOnsiY3JlYXRlIjozMDAwMDAwMDAwMDAsImRlbGV0ZSI6MzAwMDAwMDAwMDAwLCJ1cGRhdGUiOjEyMDAwMDAwMDAwMH19",
          "dependencies": [
            "module.eks_project.module.subnets.aws_eip.default",
            "module.eks_project.module.subnets.aws_eip_association.nat_instance",
            "module.eks_project.module.subnets.aws_instance.nat_instance",
            "module.eks_project.module.subnets.aws_nat_gateway.default",
            "module.eks_project.module.subnets.aws_route_table.private",
            "module.eks_project.module.subnets.aws_security_group.nat_instance",
            "module.eks_project.module.subnets.aws_subnet.public",
            "module.eks_project.module.subnets.data.aws_ami.nat_instance",
            "module.eks_project.module.subnets.data.aws_availability_zones.default",
            "module.eks_project.module.subnets.data.aws_eip.nat",
            "module.eks_project.module.subnets.data.aws_vpc.default",
            "module.eks_project.module.vpc.aws_vpc.default"
          ],
          "create_before_destroy": true
        }
      ]
    },
    {
      "module": "module.eks_project.module.subnets",
      "mode": "managed",
      "type": "aws_route",
      "name": "private_nat64",
      "provider": "module.eks_project.provider[\"registry.terraform.io/hashicorp/aws\"]",
      "instances": [
        {
          "index_key": 0,
          "schema_version": 0,
          "attributes": {
            "carrier_gateway_id": "",
            "core_network_arn": "",
            "destination_cidr_block": "",
            "destination_ipv6_cidr_block": "64:ff9b::/96",
            "destination_prefix_list_id": "",
            "egress_only_gateway_id": "",
            "gateway_id": "",
            "id": "r-rtb-06c0abb9c84fb57d42696003898",
            "instance_id": "",
            "instance_owner_id": "",
            "local_gateway_id": "",
            "nat_gateway_id": "nat-000b9ced6bb65c516",
            "network_interface_id": "",
            "origin": "CreateRoute",
            "route_table_id": "rtb-06c0abb9c84fb57d4",
            "state": "active",
            "timeouts": {
              "create": null,
              "delete": null,
              "update": null
            },
            "transit_gateway_id": "",
            "vpc_endpoint_id": "",
            "vpc_peering_connection_id": ""
          },
          "sensitive_attributes": [],
          "private": "eyJlMmJmYjczMC1lY2FhLTExZTYtOGY4OC0zNDM2M2JjN2M0YzAiOnsiY3JlYXRlIjozMDAwMDAwMDAwMDAsImRlbGV0ZSI6MzAwMDAwMDAwMDAwLCJ1cGRhdGUiOjEyMDAwMDAwMDAwMH19",
          "dependencies": [
            "module.eks_project.module.subnets.aws_eip.default",
            "module.eks_project.module.subnets.aws_eip_association.nat_instance",
            "module.eks_project.module.subnets.aws_instance.nat_instance",
            "module.eks_project.module.subnets.aws_nat_gateway.default",
            "module.eks_project.module.subnets.aws_route_table.private",
            "module.eks_project.module.subnets.aws_security_group.nat_instance",
            "module.eks_project.module.subnets.aws_subnet.public",
            "module.eks_project.module.subnets.data.aws_ami.nat_instance",
            "module.eks_project.module.subnets.data.aws_availability_zones.default",
            "module.eks_project.module.subnets.data.aws_eip.nat",
            "module.eks_project.module.subnets.data.aws_vpc.default",
            "module.eks_project.module.vpc.aws_vpc.default"
          ],
          "create_before_destroy": true
        },
        {
          "index_key": 1,
          "schema_version": 0,
          "attributes": {
            "carrier_gateway_id": "",
            "core_network_arn": "",
            "destination_cidr_block": "",
            "destination_ipv6_cidr_block": "64:ff9b::/96",
            "destination_prefix_list_id": "",
            "egress_only_gateway_id": "",
            "gateway_id": "",
            "id": "r-rtb-04d31dad9d48f11802696003898",
            "instance_id": "",
            "instance_owner_id": "",
            "local_gateway_id": "",
            "nat_gateway_id": "nat-000b9ced6bb65c516",
            "network_interface_id": "",
            "origin": "CreateRoute",
            "route_table_id": "rtb-04d31dad9d48f1180",
            "state": "active",
            "timeouts": {
              "create": null,
              "delete": null,
              "update": null
            },
            "transit_gateway_id": "",
            "vpc_endpoint_id": "",
            "vpc_peering_connection_id": ""
          },
          "sensitive_attributes": [],
          "private": "eyJlMmJmYjczMC1lY2FhLTExZTYtOGY4OC0zNDM2M2JjN2M0YzAiOnsiY3JlYXRlIjozMDAwMDAwMDAwMDAsImRlbGV0ZSI6MzAwMDAwMDAwMDAwLCJ1cGRhdGUiOjEyMDAwMDAwMDAwMH19",
          "dependencies": [
            "module.eks_project.module.subnets.aws_eip.default",
            "module.eks_project.module.subnets.aws_eip_association.nat_instance",
            "module.eks_project.module.subnets.aws_instance.nat_instance",
            "module.eks_project.module.subnets.aws_nat_gateway.default",
            "module.eks_project.module.subnets.aws_route_table.private",
            "module.eks_project.module.subnets.aws_security_group.nat_instance",
            "module.eks_project.module.subnets.aws_subnet.public",
            "module.eks_project.module.subnets.data.aws_ami.nat_instance",
            "module.eks_project.module.subnets.data.aws_availability_zones.default",
            "module.eks_project.module.subnets.data.aws_eip.nat",
            "module.eks_project.module.subnets.data.aws_vpc.default",
            "module.eks_project.module.vpc.aws_vpc.default"
          ],
          "create_before_destroy": true
        }
      ]
    },
    {
      "module": "module.eks_project.module.subnets",
      "mode": "managed",
      "type": "aws_route",
      "name": "public",
      "provider": "module.eks_project.provider[\"registry.terraform.io/hashicorp/aws\"]",
      "instances": [
        {
          "index_key": 0,
          "schema_version": 0,
          "attributes": {
            "carrier_gateway_id": "",
            "core_network_arn": "",
            "destination_cidr_block": "0.0.0.0/0",
            "destination_ipv6_cidr_block": "",
            "destination_prefix_list_id": "",
            "egress_only_gateway_id": "",
            "gateway_id": "igw-0f5e43463104de236",
            "id": "r-rtb-0216eadf81079f6ab1080289494",
            "instance_id": "",
            "instance_owner_id": "",
            "local_gateway_id": "",
            "nat_gateway_id": "",
            "network_interface_id": "",
            "origin": "CreateRoute",
            "route_table_id": "rtb-0216eadf81079f6ab",
            "state": "active",
            "timeouts": {
              "create": null,
              "delete": null,
              "update": null
            },
            "transit_gateway_id": "",
            "vpc_endpoint_id": "",
            "vpc_peering_connection_id": ""
          },
          "sensitive_attributes": [],
          "private": "eyJlMmJmYjczMC1lY2FhLTExZTYtOGY4OC0zNDM2M2JjN2M0YzAiOnsiY3JlYXRlIjozMDAwMDAwMDAwMDAsImRlbGV0ZSI6MzAwMDAwMDAwMDAwLCJ1cGRhdGUiOjEyMDAwMDAwMDAwMH19",
          "dependencies": [
            "module.eks_project.module.subnets.aws_route_table.public",
            "module.eks_project.module.subnets.data.aws_availability_zones.default",
            "module.eks_project.module.vpc.aws_internet_gateway.default",
            "module.eks_project.module.vpc.aws_vpc.default"
          ],
          "create_before_destroy": true
        }
      ]
    },
    {
      "module": "module.eks_project.module.subnets",
      "mode": "managed",
      "type": "aws_route",
      "name": "public6",
      "provider": "module.eks_project.provider[\"registry.terraform.io/hashicorp/aws\"]",
      "instances": [
        {
          "index_key": 0,
          "schema_version": 0,
          "attributes": {
            "carrier_gateway_id": "",
            "core_network_arn": "",
            "destination_cidr_block": "",
            "destination_ipv6_cidr_block": "::/0",
            "destination_prefix_list_id": "",
            "egress_only_gateway_id": "",
            "gateway_id": "igw-0f5e43463104de236",
            "id": "r-rtb-0216eadf81079f6ab2750132062",
            "instance_id": "",
            "instance_owner_id": "",
            "local_gateway_id": "",
            "nat_gateway_id": "",
            "network_interface_id": "",
            "origin": "CreateRoute",
            "route_table_id": "rtb-0216eadf81079f6ab",
            "state": "active",
            "timeouts": {
              "create": null,
              "delete": null,
              "update": null
            },
            "transit_gateway_id": "",
            "vpc_endpoint_id": "",
            "vpc_peering_connection_id": ""
          },
          "sensitive_attributes": [],
          "private": "eyJlMmJmYjczMC1lY2FhLTExZTYtOGY4OC0zNDM2M2JjN2M0YzAiOnsiY3JlYXRlIjozMDAwMDAwMDAwMDAsImRlbGV0ZSI6MzAwMDAwMDAwMDAwLCJ1cGRhdGUiOjEyMDAwMDAwMDAwMH19",
          "dependencies": [
            "module.eks_project.module.subnets.aws_route_table.public",
            "module.eks_project.module.subnets.data.aws_availability_zones.default",
            "module.eks_project.module.vpc.aws_internet_gateway.default",
            "module.eks_project.module.vpc.aws_vpc.default"
          ],
          "create_before_destroy": true
        }
      ]
    },
    {
      "module": "module.eks_project.module.subnets",
      "mode": "managed",
      "type": "aws_route_table",
      "name": "private",
      "provider": "module.eks_project.provider[\"registry.terraform.io/hashicorp/aws\"]",
      "instances": [
        {
          "index_key": 0,
          "schema_version": 0,
          "attributes": {
            "arn": "arn:aws:ec2:us-east-1:058264138725:route-table/rtb-06c0abb9c84fb57d4",
            "id": "rtb-06c0abb9c84fb57d4",
            "owner_id": "058264138725",
            "propagating_vgws": [],
            "route": [
              {
                "carrier_gateway_id": "",
                "cidr_block": "",
                "core_network_arn": "",
                "destination_prefix_list_id": "",
                "egress_only_gateway_id": "",
                "gateway_id": "",
                "ipv6_cidr_block": "64:ff9b::/96",
                "local_gateway_id": "",
                "nat_gateway_id": "nat-000b9ced6bb65c516",
                "network_interface_id": "",
                "transit_gateway_id": "",
                "vpc_endpoint_id": "",
                "vpc_peering_connection_id": ""
              },
              {
                "carrier_gateway_id": "",
                "cidr_block": "0.0.0.0/0",
                "core_network_arn": "",
                "destination_prefix_list_id": "",
                "egress_only_gateway_id": "",
                "gateway_id": "",
                "ipv6_cidr_block": "",
                "local_gateway_id": "",
                "nat_gateway_id": "nat-000b9ced6bb65c516",
                "network_interface_id": "",
                "transit_gateway_id": "",
                "vpc_endpoint_id": "",
                "vpc_peering_connection_id": ""
              }
            ],
            "tags": {
              "Attributes": "private",
              "Name": "barkuni-dev-eks-private-use1a",
              "Namespace": "barkuni",
              "Stage": "dev",
              "kubernetes.io/cluster/barkuni-dev-eks-cluster": "shared",
              "kubernetes.io/role/internal-elb": "1"
            },
            "tags_all": {
              "Attributes": "private",
              "Name": "barkuni-dev-eks-private-use1a",
              "Namespace": "barkuni",
              "Stage": "dev",
              "kubernetes.io/cluster/barkuni-dev-eks-cluster": "shared",
              "kubernetes.io/role/internal-elb": "1"
            },
            "timeouts": null,
            "vpc_id": "vpc-00f2c0838b611699e"
          },
          "sensitive_attributes": [],
          "private": "eyJlMmJmYjczMC1lY2FhLTExZTYtOGY4OC0zNDM2M2JjN2M0YzAiOnsiY3JlYXRlIjozMDAwMDAwMDAwMDAsImRlbGV0ZSI6MzAwMDAwMDAwMDAwLCJ1cGRhdGUiOjEyMDAwMDAwMDAwMH19",
          "dependencies": [
            "module.eks_project.module.subnets.data.aws_availability_zones.default",
            "module.eks_project.module.vpc.aws_vpc.default"
          ],
          "create_before_destroy": true
        },
        {
          "index_key": 1,
          "schema_version": 0,
          "attributes": {
            "arn": "arn:aws:ec2:us-east-1:058264138725:route-table/rtb-04d31dad9d48f1180",
            "id": "rtb-04d31dad9d48f1180",
            "owner_id": "058264138725",
            "propagating_vgws": [],
            "route": [
              {
                "carrier_gateway_id": "",
                "cidr_block": "",
                "core_network_arn": "",
                "destination_prefix_list_id": "",
                "egress_only_gateway_id": "",
                "gateway_id": "",
                "ipv6_cidr_block": "64:ff9b::/96",
                "local_gateway_id": "",
                "nat_gateway_id": "nat-000b9ced6bb65c516",
                "network_interface_id": "",
                "transit_gateway_id": "",
                "vpc_endpoint_id": "",
                "vpc_peering_connection_id": ""
              },
              {
                "carrier_gateway_id": "",
                "cidr_block": "0.0.0.0/0",
                "core_network_arn": "",
                "destination_prefix_list_id": "",
                "egress_only_gateway_id": "",
                "gateway_id": "",
                "ipv6_cidr_block": "",
                "local_gateway_id": "",
                "nat_gateway_id": "nat-000b9ced6bb65c516",
                "network_interface_id": "",
                "transit_gateway_id": "",
                "vpc_endpoint_id": "",
                "vpc_peering_connection_id": ""
              }
            ],
            "tags": {
              "Attributes": "private",
              "Name": "barkuni-dev-eks-private-use1b",
              "Namespace": "barkuni",
              "Stage": "dev",
              "kubernetes.io/cluster/barkuni-dev-eks-cluster": "shared",
              "kubernetes.io/role/internal-elb": "1"
            },
            "tags_all": {
              "Attributes": "private",
              "Name": "barkuni-dev-eks-private-use1b",
              "Namespace": "barkuni",
              "Stage": "dev",
              "kubernetes.io/cluster/barkuni-dev-eks-cluster": "shared",
              "kubernetes.io/role/internal-elb": "1"
            },
            "timeouts": null,
            "vpc_id": "vpc-00f2c0838b611699e"
          },
          "sensitive_attributes": [],
          "private": "eyJlMmJmYjczMC1lY2FhLTExZTYtOGY4OC0zNDM2M2JjN2M0YzAiOnsiY3JlYXRlIjozMDAwMDAwMDAwMDAsImRlbGV0ZSI6MzAwMDAwMDAwMDAwLCJ1cGRhdGUiOjEyMDAwMDAwMDAwMH19",
          "dependencies": [
            "module.eks_project.module.subnets.data.aws_availability_zones.default",
            "module.eks_project.module.vpc.aws_vpc.default"
          ],
          "create_before_destroy": true
        }
      ]
    },
    {
      "module": "module.eks_project.module.subnets",
      "mode": "managed",
      "type": "aws_route_table",
      "name": "public",
      "provider": "module.eks_project.provider[\"registry.terraform.io/hashicorp/aws\"]",
      "instances": [
        {
          "index_key": 0,
          "schema_version": 0,
          "attributes": {
            "arn": "arn:aws:ec2:us-east-1:058264138725:route-table/rtb-0216eadf81079f6ab",
            "id": "rtb-0216eadf81079f6ab",
            "owner_id": "058264138725",
            "propagating_vgws": [],
            "route": [
              {
                "carrier_gateway_id": "",
                "cidr_block": "",
                "core_network_arn": "",
                "destination_prefix_list_id": "",
                "egress_only_gateway_id": "",
                "gateway_id": "igw-0f5e43463104de236",
                "ipv6_cidr_block": "::/0",
                "local_gateway_id": "",
                "nat_gateway_id": "",
                "network_interface_id": "",
                "transit_gateway_id": "",
                "vpc_endpoint_id": "",
                "vpc_peering_connection_id": ""
              },
              {
                "carrier_gateway_id": "",
                "cidr_block": "0.0.0.0/0",
                "core_network_arn": "",
                "destination_prefix_list_id": "",
                "egress_only_gateway_id": "",
                "gateway_id": "igw-0f5e43463104de236",
                "ipv6_cidr_block": "",
                "local_gateway_id": "",
                "nat_gateway_id": "",
                "network_interface_id": "",
                "transit_gateway_id": "",
                "vpc_endpoint_id": "",
                "vpc_peering_connection_id": ""
              }
            ],
            "tags": {
              "Attributes": "public",
              "Name": "barkuni-dev-eks-public",
              "Namespace": "barkuni",
              "Stage": "dev",
              "kubernetes.io/cluster/barkuni-dev-eks-cluster": "shared",
              "kubernetes.io/role/elb": "1"
            },
            "tags_all": {
              "Attributes": "public",
              "Name": "barkuni-dev-eks-public",
              "Namespace": "barkuni",
              "Stage": "dev",
              "kubernetes.io/cluster/barkuni-dev-eks-cluster": "shared",
              "kubernetes.io/role/elb": "1"
            },
            "timeouts": null,
            "vpc_id": "vpc-00f2c0838b611699e"
          },
          "sensitive_attributes": [],
          "private": "eyJlMmJmYjczMC1lY2FhLTExZTYtOGY4OC0zNDM2M2JjN2M0YzAiOnsiY3JlYXRlIjozMDAwMDAwMDAwMDAsImRlbGV0ZSI6MzAwMDAwMDAwMDAwLCJ1cGRhdGUiOjEyMDAwMDAwMDAwMH19",
          "dependencies": [
            "module.eks_project.module.subnets.data.aws_availability_zones.default",
            "module.eks_project.module.vpc.aws_vpc.default"
          ],
          "create_before_destroy": true
        }
      ]
    },
    {
      "module": "module.eks_project.module.subnets",
      "mode": "managed",
      "type": "aws_route_table_association",
      "name": "private",
      "provider": "module.eks_project.provider[\"registry.terraform.io/hashicorp/aws\"]",
      "instances": [
        {
          "index_key": 0,
          "schema_version": 0,
          "attributes": {
            "gateway_id": "",
            "id": "rtbassoc-06ad65efb1cfe7fda",
            "route_table_id": "rtb-06c0abb9c84fb57d4",
            "subnet_id": "subnet-0be152efce8c8e65f",
            "timeouts": null
          },
          "sensitive_attributes": [],
          "private": "eyJlMmJmYjczMC1lY2FhLTExZTYtOGY4OC0zNDM2M2JjN2M0YzAiOnsiY3JlYXRlIjozMDAwMDAwMDAwMDAsImRlbGV0ZSI6MzAwMDAwMDAwMDAwLCJ1cGRhdGUiOjEyMDAwMDAwMDAwMH19",
          "dependencies": [
            "module.eks_project.module.subnets.aws_route_table.private",
            "module.eks_project.module.subnets.aws_subnet.private",
            "module.eks_project.module.subnets.data.aws_availability_zones.default",
            "module.eks_project.module.subnets.data.aws_vpc.default",
            "module.eks_project.module.vpc.aws_vpc.default"
          ],
          "create_before_destroy": true
        },
        {
          "index_key": 1,
          "schema_version": 0,
          "attributes": {
            "gateway_id": "",
            "id": "rtbassoc-08e8e1c8865c4db73",
            "route_table_id": "rtb-04d31dad9d48f1180",
            "subnet_id": "subnet-0e0464491777b3227",
            "timeouts": null
          },
          "sensitive_attributes": [],
          "private": "eyJlMmJmYjczMC1lY2FhLTExZTYtOGY4OC0zNDM2M2JjN2M0YzAiOnsiY3JlYXRlIjozMDAwMDAwMDAwMDAsImRlbGV0ZSI6MzAwMDAwMDAwMDAwLCJ1cGRhdGUiOjEyMDAwMDAwMDAwMH19",
          "dependencies": [
            "module.eks_project.module.subnets.aws_route_table.private",
            "module.eks_project.module.subnets.aws_subnet.private",
            "module.eks_project.module.subnets.data.aws_availability_zones.default",
            "module.eks_project.module.subnets.data.aws_vpc.default",
            "module.eks_project.module.vpc.aws_vpc.default"
          ],
          "create_before_destroy": true
        }
      ]
    },
    {
      "module": "module.eks_project.module.subnets",
      "mode": "managed",
      "type": "aws_route_table_association",
      "name": "public",
      "provider": "module.eks_project.provider[\"registry.terraform.io/hashicorp/aws\"]",
      "instances": [
        {
          "index_key": 0,
          "schema_version": 0,
          "attributes": {
            "gateway_id": "",
            "id": "rtbassoc-012753a9d8ddaf8b1",
            "route_table_id": "rtb-0216eadf81079f6ab",
            "subnet_id": "subnet-09ca129fa12441fd2",
            "timeouts": null
          },
          "sensitive_attributes": [],
          "private": "eyJlMmJmYjczMC1lY2FhLTExZTYtOGY4OC0zNDM2M2JjN2M0YzAiOnsiY3JlYXRlIjozMDAwMDAwMDAwMDAsImRlbGV0ZSI6MzAwMDAwMDAwMDAwLCJ1cGRhdGUiOjEyMDAwMDAwMDAwMH19",
          "dependencies": [
            "module.eks_project.module.subnets.aws_route_table.public",
            "module.eks_project.module.subnets.aws_subnet.public",
            "module.eks_project.module.subnets.data.aws_availability_zones.default",
            "module.eks_project.module.subnets.data.aws_vpc.default",
            "module.eks_project.module.vpc.aws_vpc.default"
          ],
          "create_before_destroy": true
        },
        {
          "index_key": 1,
          "schema_version": 0,
          "attributes": {
            "gateway_id": "",
            "id": "rtbassoc-0a8570ac965766a25",
            "route_table_id": "rtb-0216eadf81079f6ab",
            "subnet_id": "subnet-0460be9f9a6c47230",
            "timeouts": null
          },
          "sensitive_attributes": [],
          "private": "eyJlMmJmYjczMC1lY2FhLTExZTYtOGY4OC0zNDM2M2JjN2M0YzAiOnsiY3JlYXRlIjozMDAwMDAwMDAwMDAsImRlbGV0ZSI6MzAwMDAwMDAwMDAwLCJ1cGRhdGUiOjEyMDAwMDAwMDAwMH19",
          "dependencies": [
            "module.eks_project.module.subnets.aws_route_table.public",
            "module.eks_project.module.subnets.aws_subnet.public",
            "module.eks_project.module.subnets.data.aws_availability_zones.default",
            "module.eks_project.module.subnets.data.aws_vpc.default",
            "module.eks_project.module.vpc.aws_vpc.default"
          ],
          "create_before_destroy": true
        }
      ]
    },
    {
      "module": "module.eks_project.module.subnets",
      "mode": "managed",
      "type": "aws_subnet",
      "name": "private",
      "provider": "module.eks_project.provider[\"registry.terraform.io/hashicorp/aws\"]",
      "instances": [
        {
          "index_key": 0,
          "schema_version": 1,
          "attributes": {
            "arn": "arn:aws:ec2:us-east-1:058264138725:subnet/subnet-0be152efce8c8e65f",
            "assign_ipv6_address_on_creation": true,
            "availability_zone": "us-east-1a",
            "availability_zone_id": "use1-az2",
            "cidr_block": "172.17.0.0/20",
            "customer_owned_ipv4_pool": "",
            "enable_dns64": true,
            "enable_lni_at_device_index": 0,
            "enable_resource_name_dns_a_record_on_launch": false,
            "enable_resource_name_dns_aaaa_record_on_launch": false,
            "id": "subnet-0be152efce8c8e65f",
            "ipv6_cidr_block": "2600:1f18:2ee5:b00::/64",
            "ipv6_cidr_block_association_id": "subnet-cidr-assoc-081368a81585116e7",
            "ipv6_native": false,
            "map_customer_owned_ip_on_launch": false,
            "map_public_ip_on_launch": false,
            "outpost_arn": "",
            "owner_id": "058264138725",
            "private_dns_hostname_type_on_launch": "ip-name",
            "tags": {
              "Attributes": "private",
              "Name": "barkuni-dev-eks-private-use1a",
              "Namespace": "barkuni",
              "Stage": "dev",
              "kubernetes.io/cluster/barkuni-dev-eks-cluster": "shared",
              "kubernetes.io/role/internal-elb": "1"
            },
            "tags_all": {
              "Attributes": "private",
              "Name": "barkuni-dev-eks-private-use1a",
              "Namespace": "barkuni",
              "Stage": "dev",
              "kubernetes.io/cluster/barkuni-dev-eks-cluster": "shared",
              "kubernetes.io/role/internal-elb": "1"
            },
            "timeouts": {
              "create": null,
              "delete": null
            },
            "vpc_id": "vpc-00f2c0838b611699e"
          },
          "sensitive_attributes": [],
          "private": "eyJlMmJmYjczMC1lY2FhLTExZTYtOGY4OC0zNDM2M2JjN2M0YzAiOnsiY3JlYXRlIjo2MDAwMDAwMDAwMDAsImRlbGV0ZSI6MTIwMDAwMDAwMDAwMH0sInNjaGVtYV92ZXJzaW9uIjoiMSJ9",
          "dependencies": [
            "module.eks_project.module.subnets.data.aws_availability_zones.default",
            "module.eks_project.module.subnets.data.aws_vpc.default",
            "module.eks_project.module.vpc.aws_vpc.default"
          ],
          "create_before_destroy": true
        },
        {
          "index_key": 1,
          "schema_version": 1,
          "attributes": {
            "arn": "arn:aws:ec2:us-east-1:058264138725:subnet/subnet-0e0464491777b3227",
            "assign_ipv6_address_on_creation": true,
            "availability_zone": "us-east-1b",
            "availability_zone_id": "use1-az4",
            "cidr_block": "172.17.16.0/20",
            "customer_owned_ipv4_pool": "",
            "enable_dns64": true,
            "enable_lni_at_device_index": 0,
            "enable_resource_name_dns_a_record_on_launch": false,
            "enable_resource_name_dns_aaaa_record_on_launch": false,
            "id": "subnet-0e0464491777b3227",
            "ipv6_cidr_block": "2600:1f18:2ee5:b01::/64",
            "ipv6_cidr_block_association_id": "subnet-cidr-assoc-06df62cf6e52ba311",
            "ipv6_native": false,
            "map_customer_owned_ip_on_launch": false,
            "map_public_ip_on_launch": false,
            "outpost_arn": "",
            "owner_id": "058264138725",
            "private_dns_hostname_type_on_launch": "ip-name",
            "tags": {
              "Attributes": "private",
              "Name": "barkuni-dev-eks-private-use1b",
              "Namespace": "barkuni",
              "Stage": "dev",
              "kubernetes.io/cluster/barkuni-dev-eks-cluster": "shared",
              "kubernetes.io/role/internal-elb": "1"
            },
            "tags_all": {
              "Attributes": "private",
              "Name": "barkuni-dev-eks-private-use1b",
              "Namespace": "barkuni",
              "Stage": "dev",
              "kubernetes.io/cluster/barkuni-dev-eks-cluster": "shared",
              "kubernetes.io/role/internal-elb": "1"
            },
            "timeouts": {
              "create": null,
              "delete": null
            },
            "vpc_id": "vpc-00f2c0838b611699e"
          },
          "sensitive_attributes": [],
          "private": "eyJlMmJmYjczMC1lY2FhLTExZTYtOGY4OC0zNDM2M2JjN2M0YzAiOnsiY3JlYXRlIjo2MDAwMDAwMDAwMDAsImRlbGV0ZSI6MTIwMDAwMDAwMDAwMH0sInNjaGVtYV92ZXJzaW9uIjoiMSJ9",
          "dependencies": [
            "module.eks_project.module.subnets.data.aws_availability_zones.default",
            "module.eks_project.module.subnets.data.aws_vpc.default",
            "module.eks_project.module.vpc.aws_vpc.default"
          ],
          "create_before_destroy": true
        }
      ]
    },
    {
      "module": "module.eks_project.module.subnets",
      "mode": "managed",
      "type": "aws_subnet",
      "name": "public",
      "provider": "module.eks_project.provider[\"registry.terraform.io/hashicorp/aws\"]",
      "instances": [
        {
          "index_key": 0,
          "schema_version": 1,
          "attributes": {
            "arn": "arn:aws:ec2:us-east-1:058264138725:subnet/subnet-09ca129fa12441fd2",
            "assign_ipv6_address_on_creation": true,
            "availability_zone": "us-east-1a",
            "availability_zone_id": "use1-az2",
            "cidr_block": "172.17.96.0/20",
            "customer_owned_ipv4_pool": "",
            "enable_dns64": false,
            "enable_lni_at_device_index": 0,
            "enable_resource_name_dns_a_record_on_launch": false,
            "enable_resource_name_dns_aaaa_record_on_launch": false,
            "id": "subnet-09ca129fa12441fd2",
            "ipv6_cidr_block": "2600:1f18:2ee5:b06::/64",
            "ipv6_cidr_block_association_id": "subnet-cidr-assoc-09cc55f317110ff81",
            "ipv6_native": false,
            "map_customer_owned_ip_on_launch": false,
            "map_public_ip_on_launch": true,
            "outpost_arn": "",
            "owner_id": "058264138725",
            "private_dns_hostname_type_on_launch": "ip-name",
            "tags": {
              "Attributes": "public",
              "Name": "barkuni-dev-eks-public-use1a",
              "Namespace": "barkuni",
              "Stage": "dev",
              "kubernetes.io/cluster/barkuni-dev-eks-cluster": "shared",
              "kubernetes.io/role/elb": "1"
            },
            "tags_all": {
              "Attributes": "public",
              "Name": "barkuni-dev-eks-public-use1a",
              "Namespace": "barkuni",
              "Stage": "dev",
              "kubernetes.io/cluster/barkuni-dev-eks-cluster": "shared",
              "kubernetes.io/role/elb": "1"
            },
            "timeouts": {
              "create": null,
              "delete": null
            },
            "vpc_id": "vpc-00f2c0838b611699e"
          },
          "sensitive_attributes": [],
          "private": "eyJlMmJmYjczMC1lY2FhLTExZTYtOGY4OC0zNDM2M2JjN2M0YzAiOnsiY3JlYXRlIjo2MDAwMDAwMDAwMDAsImRlbGV0ZSI6MTIwMDAwMDAwMDAwMH0sInNjaGVtYV92ZXJzaW9uIjoiMSJ9",
          "dependencies": [
            "module.eks_project.module.subnets.data.aws_availability_zones.default",
            "module.eks_project.module.subnets.data.aws_vpc.default",
            "module.eks_project.module.vpc.aws_vpc.default"
          ],
          "create_before_destroy": true
        },
        {
          "index_key": 1,
          "schema_version": 1,
          "attributes": {
            "arn": "arn:aws:ec2:us-east-1:058264138725:subnet/subnet-0460be9f9a6c47230",
            "assign_ipv6_address_on_creation": true,
            "availability_zone": "us-east-1b",
            "availability_zone_id": "use1-az4",
            "cidr_block": "172.17.112.0/20",
            "customer_owned_ipv4_pool": "",
            "enable_dns64": false,
            "enable_lni_at_device_index": 0,
            "enable_resource_name_dns_a_record_on_launch": false,
            "enable_resource_name_dns_aaaa_record_on_launch": false,
            "id": "subnet-0460be9f9a6c47230",
            "ipv6_cidr_block": "2600:1f18:2ee5:b07::/64",
            "ipv6_cidr_block_association_id": "subnet-cidr-assoc-06d53ed1ac77e70a2",
            "ipv6_native": false,
            "map_customer_owned_ip_on_launch": false,
            "map_public_ip_on_launch": true,
            "outpost_arn": "",
            "owner_id": "058264138725",
            "private_dns_hostname_type_on_launch": "ip-name",
            "tags": {
              "Attributes": "public",
              "Name": "barkuni-dev-eks-public-use1b",
              "Namespace": "barkuni",
              "Stage": "dev",
              "kubernetes.io/cluster/barkuni-dev-eks-cluster": "shared",
              "kubernetes.io/role/elb": "1"
            },
            "tags_all": {
              "Attributes": "public",
              "Name": "barkuni-dev-eks-public-use1b",
              "Namespace": "barkuni",
              "Stage": "dev",
              "kubernetes.io/cluster/barkuni-dev-eks-cluster": "shared",
              "kubernetes.io/role/elb": "1"
            },
            "timeouts": {
              "create": null,
              "delete": null
            },
            "vpc_id": "vpc-00f2c0838b611699e"
          },
          "sensitive_attributes": [],
          "private": "eyJlMmJmYjczMC1lY2FhLTExZTYtOGY4OC0zNDM2M2JjN2M0YzAiOnsiY3JlYXRlIjo2MDAwMDAwMDAwMDAsImRlbGV0ZSI6MTIwMDAwMDAwMDAwMH0sInNjaGVtYV92ZXJzaW9uIjoiMSJ9",
          "dependencies": [
            "module.eks_project.module.subnets.data.aws_availability_zones.default",
            "module.eks_project.module.subnets.data.aws_vpc.default",
            "module.eks_project.module.vpc.aws_vpc.default"
          ],
          "create_before_destroy": true
        }
      ]
    },
    {
      "module": "module.eks_project.module.subnets.module.utils",
      "mode": "data",
      "type": "aws_regions",
      "name": "complete",
      "provider": "module.eks_project.provider[\"registry.terraform.io/hashicorp/aws\"]",
      "instances": [
        {
          "schema_version": 0,
          "attributes": {
            "all_regions": true,
            "filter": [],
            "id": "aws",
            "names": [
              "af-south-1",
              "ap-east-1",
              "ap-northeast-1",
              "ap-northeast-2",
              "ap-northeast-3",
              "ap-south-1",
              "ap-south-2",
              "ap-southeast-1",
              "ap-southeast-2",
              "ap-southeast-3",
              "ap-southeast-4",
              "ca-central-1",
              "ca-west-1",
              "eu-central-1",
              "eu-central-2",
              "eu-north-1",
              "eu-south-1",
              "eu-south-2",
              "eu-west-1",
              "eu-west-2",
              "eu-west-3",
              "il-central-1",
              "me-central-1",
              "me-south-1",
              "sa-east-1",
              "us-east-1",
              "us-east-2",
              "us-west-1",
              "us-west-2"
            ]
          },
          "sensitive_attributes": []
        }
      ]
    },
    {
      "module": "module.eks_project.module.subnets.module.utils",
      "mode": "data",
      "type": "aws_regions",
      "name": "default",
      "provider": "module.eks_project.provider[\"registry.terraform.io/hashicorp/aws\"]",
      "instances": [
        {
          "schema_version": 0,
          "attributes": {
            "all_regions": true,
            "filter": [
              {
                "name": "opt-in-status",
                "values": [
                  "opt-in-not-required"
                ]
              }
            ],
            "id": "aws",
            "names": [
              "ap-northeast-1",
              "ap-northeast-2",
              "ap-northeast-3",
              "ap-south-1",
              "ap-southeast-1",
              "ap-southeast-2",
              "ca-central-1",
              "eu-central-1",
              "eu-north-1",
              "eu-west-1",
              "eu-west-2",
              "eu-west-3",
              "sa-east-1",
              "us-east-1",
              "us-east-2",
              "us-west-1",
              "us-west-2"
            ]
          },
          "sensitive_attributes": []
        }
      ]
    },
    {
      "module": "module.eks_project.module.subnets.module.utils",
      "mode": "data",
      "type": "aws_regions",
      "name": "not_opted_in",
      "provider": "module.eks_project.provider[\"registry.terraform.io/hashicorp/aws\"]",
      "instances": [
        {
          "schema_version": 0,
          "attributes": {
            "all_regions": true,
            "filter": [
              {
                "name": "opt-in-status",
                "values": [
                  "not-opted-in"
                ]
              }
            ],
            "id": "aws",
            "names": [
              "af-south-1",
              "ap-east-1",
              "ap-south-2",
              "ap-southeast-3",
              "ap-southeast-4",
              "ca-west-1",
              "eu-central-2",
              "eu-south-1",
              "eu-south-2",
              "il-central-1",
              "me-central-1",
              "me-south-1"
            ]
          },
          "sensitive_attributes": []
        }
      ]
    },
    {
      "module": "module.eks_project.module.subnets.module.utils",
      "mode": "data",
      "type": "aws_regions",
      "name": "opted_in",
      "provider": "module.eks_project.provider[\"registry.terraform.io/hashicorp/aws\"]",
      "instances": [
        {
          "schema_version": 0,
          "attributes": {
            "all_regions": true,
            "filter": [
              {
                "name": "opt-in-status",
                "values": [
                  "opted-in"
                ]
              }
            ],
            "id": "aws",
            "names": []
          },
          "sensitive_attributes": []
        }
      ]
    },
    {
      "module": "module.eks_project.module.vpc",
      "mode": "managed",
      "type": "aws_default_security_group",
      "name": "default",
      "provider": "module.eks_project.provider[\"registry.terraform.io/hashicorp/aws\"]",
      "instances": [
        {
          "index_key": 0,
          "schema_version": 1,
          "attributes": {
            "arn": "arn:aws:ec2:us-east-1:058264138725:security-group/sg-0ff6a4846788e5b1b",
            "description": "default VPC security group",
            "egress": [],
            "id": "sg-0ff6a4846788e5b1b",
            "ingress": [],
            "name": "default",
            "name_prefix": "",
            "owner_id": "058264138725",
            "revoke_rules_on_delete": false,
            "tags": {
              "Name": "barkuni-dev-eks-default",
              "Namespace": "barkuni",
              "Stage": "dev",
              "kubernetes.io/cluster/barkuni-dev-eks-cluster": "shared"
            },
            "tags_all": {
              "Name": "barkuni-dev-eks-default",
              "Namespace": "barkuni",
              "Stage": "dev",
              "kubernetes.io/cluster/barkuni-dev-eks-cluster": "shared"
            },
            "vpc_id": "vpc-00f2c0838b611699e"
          },
          "sensitive_attributes": [],
          "private": "eyJzY2hlbWFfdmVyc2lvbiI6IjEifQ==",
          "dependencies": [
            "module.eks_project.module.vpc.aws_vpc.default"
          ]
        }
      ]
    },
    {
      "module": "module.eks_project.module.vpc",
      "mode": "managed",
      "type": "aws_internet_gateway",
      "name": "default",
      "provider": "module.eks_project.provider[\"registry.terraform.io/hashicorp/aws\"]",
      "instances": [
        {
          "index_key": 0,
          "schema_version": 0,
          "attributes": {
            "arn": "arn:aws:ec2:us-east-1:058264138725:internet-gateway/igw-0f5e43463104de236",
            "id": "igw-0f5e43463104de236",
            "owner_id": "058264138725",
            "tags": {
              "Name": "barkuni-dev-eks",
              "Namespace": "barkuni",
              "Stage": "dev",
              "kubernetes.io/cluster/barkuni-dev-eks-cluster": "shared"
            },
            "tags_all": {
              "Name": "barkuni-dev-eks",
              "Namespace": "barkuni",
              "Stage": "dev",
              "kubernetes.io/cluster/barkuni-dev-eks-cluster": "shared"
            },
            "timeouts": null,
            "vpc_id": "vpc-00f2c0838b611699e"
          },
          "sensitive_attributes": [],
          "private": "eyJlMmJmYjczMC1lY2FhLTExZTYtOGY4OC0zNDM2M2JjN2M0YzAiOnsiY3JlYXRlIjoxMjAwMDAwMDAwMDAwLCJkZWxldGUiOjEyMDAwMDAwMDAwMDAsInVwZGF0ZSI6MTIwMDAwMDAwMDAwMH19",
          "dependencies": [
            "module.eks_project.module.vpc.aws_vpc.default"
          ],
          "create_before_destroy": true
        }
      ]
    },
    {
      "module": "module.eks_project.module.vpc",
      "mode": "managed",
      "type": "aws_vpc",
      "name": "default",
      "provider": "module.eks_project.provider[\"registry.terraform.io/hashicorp/aws\"]",
      "instances": [
        {
          "index_key": 0,
          "schema_version": 1,
          "attributes": {
            "arn": "arn:aws:ec2:us-east-1:058264138725:vpc/vpc-00f2c0838b611699e",
            "assign_generated_ipv6_cidr_block": true,
            "cidr_block": "172.17.0.0/16",
            "default_network_acl_id": "acl-014d14b7e5f29f85a",
            "default_route_table_id": "rtb-0c5f347e9b654cf4d",
            "default_security_group_id": "sg-0ff6a4846788e5b1b",
            "dhcp_options_id": "dopt-097d88450c7fc568a",
            "enable_dns_hostnames": true,
            "enable_dns_support": true,
            "enable_network_address_usage_metrics": false,
            "id": "vpc-00f2c0838b611699e",
            "instance_tenancy": "default",
            "ipv4_ipam_pool_id": null,
            "ipv4_netmask_length": null,
            "ipv6_association_id": "vpc-cidr-assoc-0b72274366b0eceeb",
            "ipv6_cidr_block": "2600:1f18:2ee5:b00::/56",
            "ipv6_cidr_block_network_border_group": "us-east-1",
            "ipv6_ipam_pool_id": "",
            "ipv6_netmask_length": 0,
            "main_route_table_id": "rtb-0c5f347e9b654cf4d",
            "owner_id": "058264138725",
            "tags": {
              "Name": "barkuni-dev-eks",
              "Namespace": "barkuni",
              "Stage": "dev",
              "kubernetes.io/cluster/barkuni-dev-eks-cluster": "shared"
            },
            "tags_all": {
              "Name": "barkuni-dev-eks",
              "Namespace": "barkuni",
              "Stage": "dev",
              "kubernetes.io/cluster/barkuni-dev-eks-cluster": "shared"
            }
          },
          "sensitive_attributes": [],
          "private": "eyJzY2hlbWFfdmVyc2lvbiI6IjEifQ==",
          "create_before_destroy": true
        }
      ]
    },
    {
      "module": "module.eks_project.module.vpc_cni_eks_iam_role",
      "mode": "data",
      "type": "aws_caller_identity",
      "name": "current",
      "provider": "module.eks_project.provider[\"registry.terraform.io/hashicorp/aws\"]",
      "instances": [
        {
          "index_key": 0,
          "schema_version": 0,
          "attributes": {
            "account_id": "058264138725",
            "arn": "arn:aws:iam::058264138725:user/devops",
            "id": "058264138725",
            "user_id": "AIDAQ3EGQGPS6BTLYHNA6"
          },
          "sensitive_attributes": []
        }
      ]
    },
    {
      "module": "module.eks_project.module.vpc_cni_eks_iam_role",
      "mode": "data",
      "type": "aws_iam_policy_document",
      "name": "service_account_assume_role",
      "provider": "module.eks_project.provider[\"registry.terraform.io/hashicorp/aws\"]",
      "instances": [
        {
          "index_key": 0,
          "schema_version": 0,
          "attributes": {
            "id": "2163772643",
            "json": "{\n  \"Version\": \"2012-10-17\",\n  \"Statement\": [\n    {\n      \"Effect\": \"Allow\",\n      \"Action\": \"sts:AssumeRoleWithWebIdentity\",\n      \"Principal\": {\n        \"Federated\": \"arn:aws:iam::058264138725:oidc-provider/oidc.eks.us-east-1.amazonaws.com/id/F657A1D9C6EA2F658C1BED01A5E81B49\"\n      },\n      \"Condition\": {\n        \"StringEquals\": {\n          \"oidc.eks.us-east-1.amazonaws.com/id/F657A1D9C6EA2F658C1BED01A5E81B49:aud\": \"sts.amazonaws.com\"\n        },\n        \"StringLike\": {\n          \"oidc.eks.us-east-1.amazonaws.com/id/F657A1D9C6EA2F658C1BED01A5E81B49:sub\": \"system:serviceaccount:kube-system:aws-node\"\n        }\n      }\n    }\n  ]\n}",
            "minified_json": "{\"Version\":\"2012-10-17\",\"Statement\":[{\"Effect\":\"Allow\",\"Action\":\"sts:AssumeRoleWithWebIdentity\",\"Principal\":{\"Federated\":\"arn:aws:iam::058264138725:oidc-provider/oidc.eks.us-east-1.amazonaws.com/id/F657A1D9C6EA2F658C1BED01A5E81B49\"},\"Condition\":{\"StringEquals\":{\"oidc.eks.us-east-1.amazonaws.com/id/F657A1D9C6EA2F658C1BED01A5E81B49:aud\":\"sts.amazonaws.com\"},\"StringLike\":{\"oidc.eks.us-east-1.amazonaws.com/id/F657A1D9C6EA2F658C1BED01A5E81B49:sub\":\"system:serviceaccount:kube-system:aws-node\"}}}]}",
            "override_json": null,
            "override_policy_documents": null,
            "policy_id": null,
            "source_json": null,
            "source_policy_documents": null,
            "statement": [
              {
                "actions": [
                  "sts:AssumeRoleWithWebIdentity"
                ],
                "condition": [
                  {
                    "test": "StringEquals",
                    "values": [
                      "sts.amazonaws.com"
                    ],
                    "variable": "oidc.eks.us-east-1.amazonaws.com/id/F657A1D9C6EA2F658C1BED01A5E81B49:aud"
                  },
                  {
                    "test": "StringLike",
                    "values": [
                      "system:serviceaccount:kube-system:aws-node"
                    ],
                    "variable": "oidc.eks.us-east-1.amazonaws.com/id/F657A1D9C6EA2F658C1BED01A5E81B49:sub"
                  }
                ],
                "effect": "Allow",
                "not_actions": [],
                "not_principals": [],
                "not_resources": [],
                "principals": [
                  {
                    "identifiers": [
                      "arn:aws:iam::058264138725:oidc-provider/oidc.eks.us-east-1.amazonaws.com/id/F657A1D9C6EA2F658C1BED01A5E81B49"
                    ],
                    "type": "Federated"
                  }
                ],
                "resources": [],
                "sid": ""
              }
            ],
            "version": "2012-10-17"
          },
          "sensitive_attributes": []
        }
      ]
    },
    {
      "module": "module.eks_project.module.vpc_cni_eks_iam_role",
      "mode": "managed",
      "type": "aws_iam_policy",
      "name": "service_account",
      "provider": "module.eks_project.provider[\"registry.terraform.io/hashicorp/aws\"]",
      "instances": [
        {
          "index_key": 0,
          "schema_version": 0,
          "attributes": {
            "arn": "arn:aws:iam::058264138725:policy/barkuni-dev-eks-aws-node@kube-system",
            "attachment_count": 0,
            "description": "Grant permissions to EKS ServiceAccount aws-node@kube-system",
            "id": "arn:aws:iam::058264138725:policy/barkuni-dev-eks-aws-node@kube-system",
            "name": "barkuni-dev-eks-aws-node@kube-system",
            "name_prefix": "",
            "path": "/",
            "policy": "{\"Statement\":[{\"Action\":[\"ec2:DescribeTags\",\"ec2:DescribeNetworkInterfaces\",\"ec2:DescribeInstances\",\"ec2:DescribeInstanceTypes\",\"ec2:AssignIpv6Addresses\"],\"Effect\":\"Allow\",\"Resource\":\"*\"},{\"Action\":\"ec2:CreateTags\",\"Effect\":\"Allow\",\"Resource\":\"arn:aws:ec2:*:*:network-interface/*\"}],\"Version\":\"2012-10-17\"}",
            "policy_id": "ANPAQ3EGQGPS4NC4CBENQ",
            "tags": {
              "Attributes": "aws-node@kube-system",
              "Name": "barkuni-dev-eks-aws-node@kube-system",
              "Namespace": "barkuni",
              "Stage": "dev"
            },
            "tags_all": {
              "Attributes": "aws-node@kube-system",
              "Name": "barkuni-dev-eks-aws-node@kube-system",
              "Namespace": "barkuni",
              "Stage": "dev"
            }
          },
          "sensitive_attributes": [],
          "private": "bnVsbA==",
          "dependencies": [
            "module.eks_project.data.aws_iam_policy_document.vpc_cni_ipv6"
          ]
        }
      ]
    },
    {
      "module": "module.eks_project.module.vpc_cni_eks_iam_role",
      "mode": "managed",
      "type": "aws_iam_role",
      "name": "service_account",
      "provider": "module.eks_project.provider[\"registry.terraform.io/hashicorp/aws\"]",
      "instances": [
        {
          "index_key": 0,
          "schema_version": 0,
          "attributes": {
            "arn": "arn:aws:iam::058264138725:role/barkuni-dev-eks-aws-node@kube-system",
            "assume_role_policy": "{\"Statement\":[{\"Action\":\"sts:AssumeRoleWithWebIdentity\",\"Condition\":{\"StringEquals\":{\"oidc.eks.us-east-1.amazonaws.com/id/F657A1D9C6EA2F658C1BED01A5E81B49:aud\":\"sts.amazonaws.com\"},\"StringLike\":{\"oidc.eks.us-east-1.amazonaws.com/id/F657A1D9C6EA2F658C1BED01A5E81B49:sub\":\"system:serviceaccount:kube-system:aws-node\"}},\"Effect\":\"Allow\",\"Principal\":{\"Federated\":\"arn:aws:iam::058264138725:oidc-provider/oidc.eks.us-east-1.amazonaws.com/id/F657A1D9C6EA2F658C1BED01A5E81B49\"}}],\"Version\":\"2012-10-17\"}",
            "create_date": "2024-07-29T15:01:34Z",
            "description": "Role assumed by EKS ServiceAccount aws-node@kube-system",
            "force_detach_policies": false,
            "id": "barkuni-dev-eks-aws-node@kube-system",
            "inline_policy": [],
            "managed_policy_arns": [],
            "max_session_duration": 3600,
            "name": "barkuni-dev-eks-aws-node@kube-system",
            "name_prefix": "",
            "path": "/",
            "permissions_boundary": "",
            "tags": {
              "Attributes": "aws-node@kube-system",
              "Name": "barkuni-dev-eks-aws-node@kube-system",
              "Namespace": "barkuni",
              "Stage": "dev"
            },
            "tags_all": {
              "Attributes": "aws-node@kube-system",
              "Name": "barkuni-dev-eks-aws-node@kube-system",
              "Namespace": "barkuni",
              "Stage": "dev"
            },
            "unique_id": "AROAQ3EGQGPS5KUCMZW46"
          },
          "sensitive_attributes": [],
          "private": "bnVsbA==",
          "dependencies": [
            "module.eks_project.module.eks_cluster.aws_cloudwatch_log_group.default",
            "module.eks_project.module.eks_cluster.aws_eks_cluster.default",
            "module.eks_project.module.eks_cluster.aws_iam_role.default",
            "module.eks_project.module.eks_cluster.aws_iam_role_policy_attachment.amazon_eks_cluster_policy",
            "module.eks_project.module.eks_cluster.aws_iam_role_policy_attachment.amazon_eks_service_policy",
            "module.eks_project.module.eks_cluster.aws_iam_role_policy_attachment.cluster_elb_service_role",
            "module.eks_project.module.eks_cluster.aws_kms_alias.cluster",
            "module.eks_project.module.eks_cluster.aws_kms_key.cluster",
            "module.eks_project.module.subnets.aws_eip.default",
            "module.eks_project.module.subnets.aws_eip_association.nat_instance",
            "module.eks_project.module.subnets.aws_instance.nat_instance",
            "module.eks_project.module.subnets.aws_nat_gateway.default",
            "module.eks_project.module.subnets.aws_network_acl.private",
            "module.eks_project.module.subnets.aws_network_acl.public",
            "module.eks_project.module.subnets.aws_network_acl_rule.private4_egress",
            "module.eks_project.module.subnets.aws_network_acl_rule.private4_ingress",
            "module.eks_project.module.subnets.aws_network_acl_rule.private6_egress",
            "module.eks_project.module.subnets.aws_network_acl_rule.private6_ingress",
            "module.eks_project.module.subnets.aws_network_acl_rule.public4_egress",
            "module.eks_project.module.subnets.aws_network_acl_rule.public4_ingress",
            "module.eks_project.module.subnets.aws_network_acl_rule.public6_egress",
            "module.eks_project.module.subnets.aws_network_acl_rule.public6_ingress",
            "module.eks_project.module.subnets.aws_route.nat4",
            "module.eks_project.module.subnets.aws_route.nat_instance",
            "module.eks_project.module.subnets.aws_route.private6",
            "module.eks_project.module.subnets.aws_route.private_nat64",
            "module.eks_project.module.subnets.aws_route.public",
            "module.eks_project.module.subnets.aws_route.public6",
            "module.eks_project.module.subnets.aws_route.public_nat64",
            "module.eks_project.module.subnets.aws_route_table.private",
            "module.eks_project.module.subnets.aws_route_table.public",
            "module.eks_project.module.subnets.aws_route_table_association.private",
            "module.eks_project.module.subnets.aws_route_table_association.public",
            "module.eks_project.module.subnets.aws_security_group.nat_instance",
            "module.eks_project.module.subnets.aws_security_group_rule.nat_instance_egress",
            "module.eks_project.module.subnets.aws_security_group_rule.nat_instance_ingress",
            "module.eks_project.module.subnets.aws_subnet.private",
            "module.eks_project.module.subnets.aws_subnet.public",
            "module.eks_project.module.subnets.data.aws_ami.nat_instance",
            "module.eks_project.module.subnets.data.aws_availability_zones.default",
            "module.eks_project.module.subnets.data.aws_eip.nat",
            "module.eks_project.module.subnets.data.aws_vpc.default",
            "module.eks_project.module.subnets.module.utils.data.aws_iam_policy_document.by_account",
            "module.eks_project.module.subnets.module.utils.data.aws_iam_policy_document.by_region",
            "module.eks_project.module.subnets.module.utils.data.aws_regions.complete",
            "module.eks_project.module.subnets.module.utils.data.aws_regions.default",
            "module.eks_project.module.subnets.module.utils.data.aws_regions.not_opted_in",
            "module.eks_project.module.subnets.module.utils.data.aws_regions.opted_in",
            "module.eks_project.module.vpc.aws_internet_gateway.default",
            "module.eks_project.module.vpc.aws_vpc.default",
            "module.eks_project.module.vpc_cni_eks_iam_role.data.aws_caller_identity.current",
            "module.eks_project.module.vpc_cni_eks_iam_role.data.aws_iam_policy_document.service_account_assume_role"
          ]
        }
      ]
    },
    {
      "module": "module.eks_project.module.vpc_cni_eks_iam_role",
      "mode": "managed",
      "type": "aws_iam_role_policy_attachment",
      "name": "service_account",
      "provider": "module.eks_project.provider[\"registry.terraform.io/hashicorp/aws\"]",
      "instances": [
        {
          "index_key": 0,
          "schema_version": 0,
          "attributes": {
            "id": "barkuni-dev-eks-aws-node@kube-system-20240729150135894700000005",
            "policy_arn": "arn:aws:iam::058264138725:policy/barkuni-dev-eks-aws-node@kube-system",
            "role": "barkuni-dev-eks-aws-node@kube-system"
          },
          "sensitive_attributes": [],
          "private": "bnVsbA==",
          "dependencies": [
            "module.eks_project.data.aws_iam_policy_document.vpc_cni_ipv6",
            "module.eks_project.module.eks_cluster.aws_cloudwatch_log_group.default",
            "module.eks_project.module.eks_cluster.aws_eks_cluster.default",
            "module.eks_project.module.eks_cluster.aws_iam_role.default",
            "module.eks_project.module.eks_cluster.aws_iam_role_policy_attachment.amazon_eks_cluster_policy",
            "module.eks_project.module.eks_cluster.aws_iam_role_policy_attachment.amazon_eks_service_policy",
            "module.eks_project.module.eks_cluster.aws_iam_role_policy_attachment.cluster_elb_service_role",
            "module.eks_project.module.eks_cluster.aws_kms_alias.cluster",
            "module.eks_project.module.eks_cluster.aws_kms_key.cluster",
            "module.eks_project.module.subnets.aws_eip.default",
            "module.eks_project.module.subnets.aws_eip_association.nat_instance",
            "module.eks_project.module.subnets.aws_instance.nat_instance",
            "module.eks_project.module.subnets.aws_nat_gateway.default",
            "module.eks_project.module.subnets.aws_network_acl.private",
            "module.eks_project.module.subnets.aws_network_acl.public",
            "module.eks_project.module.subnets.aws_network_acl_rule.private4_egress",
            "module.eks_project.module.subnets.aws_network_acl_rule.private4_ingress",
            "module.eks_project.module.subnets.aws_network_acl_rule.private6_egress",
            "module.eks_project.module.subnets.aws_network_acl_rule.private6_ingress",
            "module.eks_project.module.subnets.aws_network_acl_rule.public4_egress",
            "module.eks_project.module.subnets.aws_network_acl_rule.public4_ingress",
            "module.eks_project.module.subnets.aws_network_acl_rule.public6_egress",
            "module.eks_project.module.subnets.aws_network_acl_rule.public6_ingress",
            "module.eks_project.module.subnets.aws_route.nat4",
            "module.eks_project.module.subnets.aws_route.nat_instance",
            "module.eks_project.module.subnets.aws_route.private6",
            "module.eks_project.module.subnets.aws_route.private_nat64",
            "module.eks_project.module.subnets.aws_route.public",
            "module.eks_project.module.subnets.aws_route.public6",
            "module.eks_project.module.subnets.aws_route.public_nat64",
            "module.eks_project.module.subnets.aws_route_table.private",
            "module.eks_project.module.subnets.aws_route_table.public",
            "module.eks_project.module.subnets.aws_route_table_association.private",
            "module.eks_project.module.subnets.aws_route_table_association.public",
            "module.eks_project.module.subnets.aws_security_group.nat_instance",
            "module.eks_project.module.subnets.aws_security_group_rule.nat_instance_egress",
            "module.eks_project.module.subnets.aws_security_group_rule.nat_instance_ingress",
            "module.eks_project.module.subnets.aws_subnet.private",
            "module.eks_project.module.subnets.aws_subnet.public",
            "module.eks_project.module.subnets.data.aws_ami.nat_instance",
            "module.eks_project.module.subnets.data.aws_availability_zones.default",
            "module.eks_project.module.subnets.data.aws_eip.nat",
            "module.eks_project.module.subnets.data.aws_vpc.default",
            "module.eks_project.module.subnets.module.utils.data.aws_iam_policy_document.by_account",
            "module.eks_project.module.subnets.module.utils.data.aws_iam_policy_document.by_region",
            "module.eks_project.module.subnets.module.utils.data.aws_regions.complete",
            "module.eks_project.module.subnets.module.utils.data.aws_regions.default",
            "module.eks_project.module.subnets.module.utils.data.aws_regions.not_opted_in",
            "module.eks_project.module.subnets.module.utils.data.aws_regions.opted_in",
            "module.eks_project.module.vpc.aws_internet_gateway.default",
            "module.eks_project.module.vpc.aws_vpc.default",
            "module.eks_project.module.vpc_cni_eks_iam_role.aws_iam_policy.service_account",
            "module.eks_project.module.vpc_cni_eks_iam_role.aws_iam_role.service_account",
            "module.eks_project.module.vpc_cni_eks_iam_role.data.aws_caller_identity.current",
            "module.eks_project.module.vpc_cni_eks_iam_role.data.aws_iam_policy_document.service_account_assume_role"
          ]
        }
      ]
    }
  ],
  "check_results": [
    {
      "object_kind": "resource",
      "config_addr": "module.eks_project.module.vpc_cni_eks_iam_role.data.aws_iam_policy_document.service_account_assume_role",
      "status": "pass",
      "objects": [
        {
          "object_addr": "module.eks_project.module.vpc_cni_eks_iam_role.data.aws_iam_policy_document.service_account_assume_role[0]",
          "status": "pass"
        }
      ]
    }
  ]
}

